
Microsoft Visual Studio Solution File, Format Version 12.00
# Visual Studio 15
VisualStudioVersion = 15.0.27130.2026
MinimumVisualStudioVersion = 10.0.40219.1
Project("{2150E333-8FDC-42A3-9474-1A3956D46DE8}") = "01.1 Defining Classes - Lab", "01.1 Defining Classes - Lab", "{F0A4B93F-375C-4771-8674-7608E956B19D}"
EndProject
Project("{2150E333-8FDC-42A3-9474-1A3956D46DE8}") = "01.2 Defining Classes - Exercises", "01.2 Defining Classes - Exercises", "{88F2D253-B1DA-4440-9A67-81DE7CEE8FCB}"
EndProject
Project("{FAE04EC0-301F-11D3-BF4B-00C04F79EFBC}") = "01. Bank Account", "01. Defining Classes\Lab\01. Bank Account\01. Bank Account.csproj", "{9C329D46-C462-4652-91CF-48FB41F31830}"
EndProject
Project("{FAE04EC0-301F-11D3-BF4B-00C04F79EFBC}") = "02. Bank Account Methods", "01. Defining Classes\Lab\02. Bank Account Methods\02. Bank Account Methods.csproj", "{AEA7186F-BAFB-44BF-9691-73E99B7CDC0A}"
EndProject
Project("{FAE04EC0-301F-11D3-BF4B-00C04F79EFBC}") = "03. Test Client", "01. Defining Classes\Lab\03. Test Client\03. Test Client.csproj", "{0DC74A0B-4FF7-4E3E-BA69-AC68BB817D97}"
EndProject
Project("{FAE04EC0-301F-11D3-BF4B-00C04F79EFBC}") = "04. Person Class", "01. Defining Classes\Lab\04. Person Class\04. Person Class.csproj", "{EEE5B530-B414-43A9-9144-4487C9D59506}"
EndProject
Project("{FAE04EC0-301F-11D3-BF4B-00C04F79EFBC}") = "Test", "Test\Test.csproj", "{B885FE1E-D242-4C93-8D0E-77B3EC4429CC}"
EndProject
Project("{FAE04EC0-301F-11D3-BF4B-00C04F79EFBC}") = "01. Define a Class Person", "01. Defining Classes\Exercises\01. Define a Class Person\01. Define a Class Person.csproj", "{63B416E2-2FD5-4C72-A4D8-64900B7E59BD}"
EndProject
Project("{FAE04EC0-301F-11D3-BF4B-00C04F79EFBC}") = "02. Creating Constructors", "01. Defining Classes\Exercises\02. Creating Constructors\02. Creating Constructors.csproj", "{32C2696D-6647-4FC4-938F-1A5C40632638}"
EndProject
Project("{FAE04EC0-301F-11D3-BF4B-00C04F79EFBC}") = "03. Oldest Family Member", "01. Defining Classes\Exercises\03. Oldest Family Member\03. Oldest Family Member.csproj", "{0ECDDC7E-2490-4336-8079-0D5D53B63CEA}"
EndProject
Project("{FAE04EC0-301F-11D3-BF4B-00C04F79EFBC}") = "04. Opinion Poll", "01. Defining Classes\Exercises\04. Opinion Poll\04. Opinion Poll.csproj", "{34682113-F18A-4C5F-8A8D-A32BB019F662}"
EndProject
Project("{FAE04EC0-301F-11D3-BF4B-00C04F79EFBC}") = "05. Date Modifier", "01. Defining Classes\Exercises\05. Date Modifier\05. Date Modifier.csproj", "{DF36BD37-1BC4-4A92-83E2-F035F5CB5A81}"
EndProject
Project("{FAE04EC0-301F-11D3-BF4B-00C04F79EFBC}") = "06. Company Roster", "01. Defining Classes\Exercises\06. Company Roster\06. Company Roster.csproj", "{118D8B4C-737B-4CC0-963A-00318C7917C4}"
EndProject
Project("{FAE04EC0-301F-11D3-BF4B-00C04F79EFBC}") = "07. Speed Racing", "01. Defining Classes\Exercises\07. Speed Racing\07. Speed Racing.csproj", "{A105FE37-B982-4635-9FE9-C18BFE84A4CE}"
EndProject
Project("{FAE04EC0-301F-11D3-BF4B-00C04F79EFBC}") = "08. Raw Data", "01. Defining Classes\Exercises\08. Raw Data\08. Raw Data.csproj", "{E6CDBA85-0B96-4217-91D2-92EE8A7BE06F}"
EndProject
Project("{FAE04EC0-301F-11D3-BF4B-00C04F79EFBC}") = "09. Rectangle Intersection", "01. Defining Classes\Exercises\09. Rectangle Intersection\09. Rectangle Intersection.csproj", "{61B691AA-012F-4818-8033-4106E19279E3}"
EndProject
Project("{FAE04EC0-301F-11D3-BF4B-00C04F79EFBC}") = "10. Car Salesman", "01. Defining Classes\Exercises\10. Car Salesman\10. Car Salesman.csproj", "{DCA1EB23-7925-4869-9E83-9FC15AFD57C4}"
EndProject
Project("{FAE04EC0-301F-11D3-BF4B-00C04F79EFBC}") = "11. Pokemon Trainer", "01. Defining Classes\Exercises\11. Pokemon Trainer\11. Pokemon Trainer.csproj", "{0DBFC4A9-71E6-4C5A-8EF2-EDC0136FDE5E}"
EndProject
Project("{FAE04EC0-301F-11D3-BF4B-00C04F79EFBC}") = "12. Google", "01. Defining Classes\Exercises\12. Google\12. Google.csproj", "{FC344BCE-D6E8-4CE6-A9F8-E448A8A387EC}"
EndProject
Project("{FAE04EC0-301F-11D3-BF4B-00C04F79EFBC}") = "13. Family Tree", "01. Defining Classes\Exercises\13. Family Tree\13. Family Tree.csproj", "{19B1944F-A996-4217-A99E-4B27D743D264}"
EndProject
Project("{FAE04EC0-301F-11D3-BF4B-00C04F79EFBC}") = "14. Cat Lady", "01. Defining Classes\Exercises\14. Cat Lady\14. Cat Lady.csproj", "{6B091230-C68A-48E7-A39D-B44D0C86586B}"
EndProject
Project("{FAE04EC0-301F-11D3-BF4B-00C04F79EFBC}") = "15. Drawing Tool", "01. Defining Classes\Exercises\15. Drawing Tool\15. Drawing Tool.csproj", "{949CBE13-5DF2-49C3-AB1D-10041E3B5A4F}"
EndProject
Global
	GlobalSection(SolutionConfigurationPlatforms) = preSolution
		Debug|Any CPU = Debug|Any CPU
		Release|Any CPU = Release|Any CPU
	EndGlobalSection
	GlobalSection(ProjectConfigurationPlatforms) = postSolution
		{9C329D46-C462-4652-91CF-48FB41F31830}.Debug|Any CPU.ActiveCfg = Debug|Any CPU
		{9C329D46-C462-4652-91CF-48FB41F31830}.Debug|Any CPU.Build.0 = Debug|Any CPU
		{9C329D46-C462-4652-91CF-48FB41F31830}.Release|Any CPU.ActiveCfg = Release|Any CPU
		{9C329D46-C462-4652-91CF-48FB41F31830}.Release|Any CPU.Build.0 = Release|Any CPU
		{AEA7186F-BAFB-44BF-9691-73E99B7CDC0A}.Debug|Any CPU.ActiveCfg = Debug|Any CPU
		{AEA7186F-BAFB-44BF-9691-73E99B7CDC0A}.Debug|Any CPU.Build.0 = Debug|Any CPU
		{AEA7186F-BAFB-44BF-9691-73E99B7CDC0A}.Release|Any CPU.ActiveCfg = Release|Any CPU
		{AEA7186F-BAFB-44BF-9691-73E99B7CDC0A}.Release|Any CPU.Build.0 = Release|Any CPU
		{0DC74A0B-4FF7-4E3E-BA69-AC68BB817D97}.Debug|Any CPU.ActiveCfg = Debug|Any CPU
		{0DC74A0B-4FF7-4E3E-BA69-AC68BB817D97}.Debug|Any CPU.Build.0 = Debug|Any CPU
		{0DC74A0B-4FF7-4E3E-BA69-AC68BB817D97}.Release|Any CPU.ActiveCfg = Release|Any CPU
		{0DC74A0B-4FF7-4E3E-BA69-AC68BB817D97}.Release|Any CPU.Build.0 = Release|Any CPU
		{EEE5B530-B414-43A9-9144-4487C9D59506}.Debug|Any CPU.ActiveCfg = Debug|Any CPU
		{EEE5B530-B414-43A9-9144-4487C9D59506}.Debug|Any CPU.Build.0 = Debug|Any CPU
		{EEE5B530-B414-43A9-9144-4487C9D59506}.Release|Any CPU.ActiveCfg = Release|Any CPU
		{EEE5B530-B414-43A9-9144-4487C9D59506}.Release|Any CPU.Build.0 = Release|Any CPU
		{B885FE1E-D242-4C93-8D0E-77B3EC4429CC}.Debug|Any CPU.ActiveCfg = Debug|Any CPU
		{B885FE1E-D242-4C93-8D0E-77B3EC4429CC}.Debug|Any CPU.Build.0 = Debug|Any CPU
		{B885FE1E-D242-4C93-8D0E-77B3EC4429CC}.Release|Any CPU.ActiveCfg = Release|Any CPU
		{B885FE1E-D242-4C93-8D0E-77B3EC4429CC}.Release|Any CPU.Build.0 = Release|Any CPU
		{63B416E2-2FD5-4C72-A4D8-64900B7E59BD}.Debug|Any CPU.ActiveCfg = Debug|Any CPU
		{63B416E2-2FD5-4C72-A4D8-64900B7E59BD}.Debug|Any CPU.Build.0 = Debug|Any CPU
		{63B416E2-2FD5-4C72-A4D8-64900B7E59BD}.Release|Any CPU.ActiveCfg = Release|Any CPU
		{63B416E2-2FD5-4C72-A4D8-64900B7E59BD}.Release|Any CPU.Build.0 = Release|Any CPU
		{32C2696D-6647-4FC4-938F-1A5C40632638}.Debug|Any CPU.ActiveCfg = Debug|Any CPU
		{32C2696D-6647-4FC4-938F-1A5C40632638}.Debug|Any CPU.Build.0 = Debug|Any CPU
		{32C2696D-6647-4FC4-938F-1A5C40632638}.Release|Any CPU.ActiveCfg = Release|Any CPU
		{32C2696D-6647-4FC4-938F-1A5C40632638}.Release|Any CPU.Build.0 = Release|Any CPU
		{0ECDDC7E-2490-4336-8079-0D5D53B63CEA}.Debug|Any CPU.ActiveCfg = Debug|Any CPU
		{0ECDDC7E-2490-4336-8079-0D5D53B63CEA}.Debug|Any CPU.Build.0 = Debug|Any CPU
		{0ECDDC7E-2490-4336-8079-0D5D53B63CEA}.Release|Any CPU.ActiveCfg = Release|Any CPU
		{0ECDDC7E-2490-4336-8079-0D5D53B63CEA}.Release|Any CPU.Build.0 = Release|Any CPU
		{34682113-F18A-4C5F-8A8D-A32BB019F662}.Debug|Any CPU.ActiveCfg = Debug|Any CPU
		{34682113-F18A-4C5F-8A8D-A32BB019F662}.Debug|Any CPU.Build.0 = Debug|Any CPU
		{34682113-F18A-4C5F-8A8D-A32BB019F662}.Release|Any CPU.ActiveCfg = Release|Any CPU
		{34682113-F18A-4C5F-8A8D-A32BB019F662}.Release|Any CPU.Build.0 = Release|Any CPU
		{DF36BD37-1BC4-4A92-83E2-F035F5CB5A81}.Debug|Any CPU.ActiveCfg = Debug|Any CPU
		{DF36BD37-1BC4-4A92-83E2-F035F5CB5A81}.Debug|Any CPU.Build.0 = Debug|Any CPU
		{DF36BD37-1BC4-4A92-83E2-F035F5CB5A81}.Release|Any CPU.ActiveCfg = Release|Any CPU
		{DF36BD37-1BC4-4A92-83E2-F035F5CB5A81}.Release|Any CPU.Build.0 = Release|Any CPU
		{118D8B4C-737B-4CC0-963A-00318C7917C4}.Debug|Any CPU.ActiveCfg = Debug|Any CPU
		{118D8B4C-737B-4CC0-963A-00318C7917C4}.Debug|Any CPU.Build.0 = Debug|Any CPU
		{118D8B4C-737B-4CC0-963A-00318C7917C4}.Release|Any CPU.ActiveCfg = Release|Any CPU
		{118D8B4C-737B-4CC0-963A-00318C7917C4}.Release|Any CPU.Build.0 = Release|Any CPU
		{A105FE37-B982-4635-9FE9-C18BFE84A4CE}.Debug|Any CPU.ActiveCfg = Debug|Any CPU
		{A105FE37-B982-4635-9FE9-C18BFE84A4CE}.Debug|Any CPU.Build.0 = Debug|Any CPU
		{A105FE37-B982-4635-9FE9-C18BFE84A4CE}.Release|Any CPU.ActiveCfg = Release|Any CPU
		{A105FE37-B982-4635-9FE9-C18BFE84A4CE}.Release|Any CPU.Build.0 = Release|Any CPU
		{E6CDBA85-0B96-4217-91D2-92EE8A7BE06F}.Debug|Any CPU.ActiveCfg = Debug|Any CPU
		{E6CDBA85-0B96-4217-91D2-92EE8A7BE06F}.Debug|Any CPU.Build.0 = Debug|Any CPU
		{E6CDBA85-0B96-4217-91D2-92EE8A7BE06F}.Release|Any CPU.ActiveCfg = Release|Any CPU
		{E6CDBA85-0B96-4217-91D2-92EE8A7BE06F}.Release|Any CPU.Build.0 = Release|Any CPU
		{61B691AA-012F-4818-8033-4106E19279E3}.Debug|Any CPU.ActiveCfg = Debug|Any CPU
		{61B691AA-012F-4818-8033-4106E19279E3}.Debug|Any CPU.Build.0 = Debug|Any CPU
		{61B691AA-012F-4818-8033-4106E19279E3}.Release|Any CPU.ActiveCfg = Release|Any CPU
		{61B691AA-012F-4818-8033-4106E19279E3}.Release|Any CPU.Build.0 = Release|Any CPU
		{DCA1EB23-7925-4869-9E83-9FC15AFD57C4}.Debug|Any CPU.ActiveCfg = Debug|Any CPU
		{DCA1EB23-7925-4869-9E83-9FC15AFD57C4}.Debug|Any CPU.Build.0 = Debug|Any CPU
		{DCA1EB23-7925-4869-9E83-9FC15AFD57C4}.Release|Any CPU.ActiveCfg = Release|Any CPU
		{DCA1EB23-7925-4869-9E83-9FC15AFD57C4}.Release|Any CPU.Build.0 = Release|Any CPU
		{0DBFC4A9-71E6-4C5A-8EF2-EDC0136FDE5E}.Debug|Any CPU.ActiveCfg = Debug|Any CPU
		{0DBFC4A9-71E6-4C5A-8EF2-EDC0136FDE5E}.Debug|Any CPU.Build.0 = Debug|Any CPU
		{0DBFC4A9-71E6-4C5A-8EF2-EDC0136FDE5E}.Release|Any CPU.ActiveCfg = Release|Any CPU
		{0DBFC4A9-71E6-4C5A-8EF2-EDC0136FDE5E}.Release|Any CPU.Build.0 = Release|Any CPU
		{FC344BCE-D6E8-4CE6-A9F8-E448A8A387EC}.Debug|Any CPU.ActiveCfg = Debug|Any CPU
		{FC344BCE-D6E8-4CE6-A9F8-E448A8A387EC}.Debug|Any CPU.Build.0 = Debug|Any CPU
		{FC344BCE-D6E8-4CE6-A9F8-E448A8A387EC}.Release|Any CPU.ActiveCfg = Release|Any CPU
		{FC344BCE-D6E8-4CE6-A9F8-E448A8A387EC}.Release|Any CPU.Build.0 = Release|Any CPU
		{19B1944F-A996-4217-A99E-4B27D743D264}.Debug|Any CPU.ActiveCfg = Debug|Any CPU
		{19B1944F-A996-4217-A99E-4B27D743D264}.Debug|Any CPU.Build.0 = Debug|Any CPU
		{19B1944F-A996-4217-A99E-4B27D743D264}.Release|Any CPU.ActiveCfg = Release|Any CPU
		{19B1944F-A996-4217-A99E-4B27D743D264}.Release|Any CPU.Build.0 = Release|Any CPU
		{6B091230-C68A-48E7-A39D-B44D0C86586B}.Debug|Any CPU.ActiveCfg = Debug|Any CPU
		{6B091230-C68A-48E7-A39D-B44D0C86586B}.Debug|Any CPU.Build.0 = Debug|Any CPU
		{6B091230-C68A-48E7-A39D-B44D0C86586B}.Release|Any CPU.ActiveCfg = Release|Any CPU
		{6B091230-C68A-48E7-A39D-B44D0C86586B}.Release|Any CPU.Build.0 = Release|Any CPU
		{949CBE13-5DF2-49C3-AB1D-10041E3B5A4F}.Debug|Any CPU.ActiveCfg = Debug|Any CPU
		{949CBE13-5DF2-49C3-AB1D-10041E3B5A4F}.Debug|Any CPU.Build.0 = Debug|Any CPU
		{949CBE13-5DF2-49C3-AB1D-10041E3B5A4F}.Release|Any CPU.ActiveCfg = Release|Any CPU
		{949CBE13-5DF2-49C3-AB1D-10041E3B5A4F}.Release|Any CPU.Build.0 = Release|Any CPU
	EndGlobalSection
	GlobalSection(SolutionProperties) = preSolution
		HideSolutionNode = FALSE
	EndGlobalSection
	GlobalSection(NestedProjects) = preSolution
		{9C329D46-C462-4652-91CF-48FB41F31830} = {F0A4B93F-375C-4771-8674-7608E956B19D}
		{AEA7186F-BAFB-44BF-9691-73E99B7CDC0A} = {F0A4B93F-375C-4771-8674-7608E956B19D}
		{0DC74A0B-4FF7-4E3E-BA69-AC68BB817D97} = {F0A4B93F-375C-4771-8674-7608E956B19D}
		{EEE5B530-B414-43A9-9144-4487C9D59506} = {F0A4B93F-375C-4771-8674-7608E956B19D}
		{63B416E2-2FD5-4C72-A4D8-64900B7E59BD} = {88F2D253-B1DA-4440-9A67-81DE7CEE8FCB}
		{32C2696D-6647-4FC4-938F-1A5C40632638} = {88F2D253-B1DA-4440-9A67-81DE7CEE8FCB}
		{0ECDDC7E-2490-4336-8079-0D5D53B63CEA} = {88F2D253-B1DA-4440-9A67-81DE7CEE8FCB}
		{34682113-F18A-4C5F-8A8D-A32BB019F662} = {88F2D253-B1DA-4440-9A67-81DE7CEE8FCB}
		{DF36BD37-1BC4-4A92-83E2-F035F5CB5A81} = {88F2D253-B1DA-4440-9A67-81DE7CEE8FCB}
		{118D8B4C-737B-4CC0-963A-00318C7917C4} = {88F2D253-B1DA-4440-9A67-81DE7CEE8FCB}
		{A105FE37-B982-4635-9FE9-C18BFE84A4CE} = {88F2D253-B1DA-4440-9A67-81DE7CEE8FCB}
		{E6CDBA85-0B96-4217-91D2-92EE8A7BE06F} = {88F2D253-B1DA-4440-9A67-81DE7CEE8FCB}
		{61B691AA-012F-4818-8033-4106E19279E3} = {88F2D253-B1DA-4440-9A67-81DE7CEE8FCB}
		{DCA1EB23-7925-4869-9E83-9FC15AFD57C4} = {88F2D253-B1DA-4440-9A67-81DE7CEE8FCB}
		{0DBFC4A9-71E6-4C5A-8EF2-EDC0136FDE5E} = {88F2D253-B1DA-4440-9A67-81DE7CEE8FCB}
		{FC344BCE-D6E8-4CE6-A9F8-E448A8A387EC} = {88F2D253-B1DA-4440-9A67-81DE7CEE8FCB}
		{19B1944F-A996-4217-A99E-4B27D743D264} = {88F2D253-B1DA-4440-9A67-81DE7CEE8FCB}
		{6B091230-C68A-48E7-A39D-B44D0C86586B} = {88F2D253-B1DA-4440-9A67-81DE7CEE8FCB}
		{949CBE13-5DF2-49C3-AB1D-10041E3B5A4F} = {88F2D253-B1DA-4440-9A67-81DE7CEE8FCB}
	EndGlobalSection
	GlobalSection(ExtensibilityGlobals) = postSolution
		SolutionGuid = {E78737CD-8653-40F9-AC22-4A40FFC0196F}
	EndGlobalSection
EndGlobal
