
Microsoft Visual Studio Solution File, Format Version 12.00
# Visual Studio 15
VisualStudioVersion = 15.0.27130.2036
MinimumVisualStudioVersion = 10.0.40219.1
Project("{2150E333-8FDC-42A3-9474-1A3956D46DE8}") = "01.1 Defining Classes - Lab", "01.1 Defining Classes - Lab", "{F0A4B93F-375C-4771-8674-7608E956B19D}"
EndProject
Project("{2150E333-8FDC-42A3-9474-1A3956D46DE8}") = "01.2 Defining Classes - Exercises", "01.2 Defining Classes - Exercises", "{88F2D253-B1DA-4440-9A67-81DE7CEE8FCB}"
EndProject
Project("{FAE04EC0-301F-11D3-BF4B-00C04F79EFBC}") = "01. Bank Account", "01. Defining Classes\Lab\01. Bank Account\01. Bank Account.csproj", "{9C329D46-C462-4652-91CF-48FB41F31830}"
EndProject
Project("{FAE04EC0-301F-11D3-BF4B-00C04F79EFBC}") = "02. Bank Account Methods", "01. Defining Classes\Lab\02. Bank Account Methods\02. Bank Account Methods.csproj", "{AEA7186F-BAFB-44BF-9691-73E99B7CDC0A}"
EndProject
Project("{FAE04EC0-301F-11D3-BF4B-00C04F79EFBC}") = "03. Test Client", "01. Defining Classes\Lab\03. Test Client\03. Test Client.csproj", "{0DC74A0B-4FF7-4E3E-BA69-AC68BB817D97}"
EndProject
Project("{FAE04EC0-301F-11D3-BF4B-00C04F79EFBC}") = "04. Person Class", "01. Defining Classes\Lab\04. Person Class\04. Person Class.csproj", "{EEE5B530-B414-43A9-9144-4487C9D59506}"
EndProject
Project("{FAE04EC0-301F-11D3-BF4B-00C04F79EFBC}") = "Test", "Test\Test.csproj", "{B885FE1E-D242-4C93-8D0E-77B3EC4429CC}"
EndProject
Project("{FAE04EC0-301F-11D3-BF4B-00C04F79EFBC}") = "01. Define a Class Person", "01. Defining Classes\Exercises\01. Define a Class Person\01. Define a Class Person.csproj", "{63B416E2-2FD5-4C72-A4D8-64900B7E59BD}"
EndProject
Project("{FAE04EC0-301F-11D3-BF4B-00C04F79EFBC}") = "02. Creating Constructors", "01. Defining Classes\Exercises\02. Creating Constructors\02. Creating Constructors.csproj", "{32C2696D-6647-4FC4-938F-1A5C40632638}"
EndProject
Project("{FAE04EC0-301F-11D3-BF4B-00C04F79EFBC}") = "03. Oldest Family Member", "01. Defining Classes\Exercises\03. Oldest Family Member\03. Oldest Family Member.csproj", "{0ECDDC7E-2490-4336-8079-0D5D53B63CEA}"
EndProject
Project("{FAE04EC0-301F-11D3-BF4B-00C04F79EFBC}") = "04. Opinion Poll", "01. Defining Classes\Exercises\04. Opinion Poll\04. Opinion Poll.csproj", "{34682113-F18A-4C5F-8A8D-A32BB019F662}"
EndProject
Project("{FAE04EC0-301F-11D3-BF4B-00C04F79EFBC}") = "05. Date Modifier", "01. Defining Classes\Exercises\05. Date Modifier\05. Date Modifier.csproj", "{DF36BD37-1BC4-4A92-83E2-F035F5CB5A81}"
EndProject
Project("{FAE04EC0-301F-11D3-BF4B-00C04F79EFBC}") = "06. Company Roster", "01. Defining Classes\Exercises\06. Company Roster\06. Company Roster.csproj", "{118D8B4C-737B-4CC0-963A-00318C7917C4}"
EndProject
Project("{FAE04EC0-301F-11D3-BF4B-00C04F79EFBC}") = "07. Speed Racing", "01. Defining Classes\Exercises\07. Speed Racing\07. Speed Racing.csproj", "{A105FE37-B982-4635-9FE9-C18BFE84A4CE}"
EndProject
Project("{FAE04EC0-301F-11D3-BF4B-00C04F79EFBC}") = "08. Raw Data", "01. Defining Classes\Exercises\08. Raw Data\08. Raw Data.csproj", "{E6CDBA85-0B96-4217-91D2-92EE8A7BE06F}"
EndProject
Project("{FAE04EC0-301F-11D3-BF4B-00C04F79EFBC}") = "09. Rectangle Intersection", "01. Defining Classes\Exercises\09. Rectangle Intersection\09. Rectangle Intersection.csproj", "{61B691AA-012F-4818-8033-4106E19279E3}"
EndProject
Project("{FAE04EC0-301F-11D3-BF4B-00C04F79EFBC}") = "10. Car Salesman", "01. Defining Classes\Exercises\10. Car Salesman\10. Car Salesman.csproj", "{DCA1EB23-7925-4869-9E83-9FC15AFD57C4}"
EndProject
Project("{FAE04EC0-301F-11D3-BF4B-00C04F79EFBC}") = "11. Pokemon Trainer", "01. Defining Classes\Exercises\11. Pokemon Trainer\11. Pokemon Trainer.csproj", "{0DBFC4A9-71E6-4C5A-8EF2-EDC0136FDE5E}"
EndProject
Project("{FAE04EC0-301F-11D3-BF4B-00C04F79EFBC}") = "12. Google", "01. Defining Classes\Exercises\12. Google\12. Google.csproj", "{FC344BCE-D6E8-4CE6-A9F8-E448A8A387EC}"
EndProject
Project("{FAE04EC0-301F-11D3-BF4B-00C04F79EFBC}") = "14. Cat Lady", "01. Defining Classes\Exercises\14. Cat Lady\14. Cat Lady.csproj", "{6B091230-C68A-48E7-A39D-B44D0C86586B}"
EndProject
Project("{FAE04EC0-301F-11D3-BF4B-00C04F79EFBC}") = "15. Drawing Tool", "01. Defining Classes\Exercises\15. Drawing Tool\15. Drawing Tool.csproj", "{949CBE13-5DF2-49C3-AB1D-10041E3B5A4F}"
EndProject
Project("{FAE04EC0-301F-11D3-BF4B-00C04F79EFBC}") = "13. Family Tree", "01. Defining Classes\Exercises\13. Family Tree\13. Family Tree.csproj", "{6EA899BA-B170-4ABC-873F-AE7FD50ECE66}"
EndProject
Project("{2150E333-8FDC-42A3-9474-1A3956D46DE8}") = "02.1 Working with Abstraction - Lab", "02.1 Working with Abstraction - Lab", "{F377D99A-8095-4ECE-87E6-B32C225BC3E0}"
EndProject
Project("{2150E333-8FDC-42A3-9474-1A3956D46DE8}") = "02.2 Working with Abstraction - Exercises", "02.2 Working with Abstraction - Exercises", "{62F7F8A1-381C-4B9D-8E74-ED8F1699B94A}"
EndProject
Project("{FAE04EC0-301F-11D3-BF4B-00C04F79EFBC}") = "01. Rhombus of Stars", "02. Working with Abstraction\Lab\01. Rhombus of Stars\01. Rhombus of Stars.csproj", "{5299D839-879C-4249-9F9B-25C01260FF96}"
EndProject
Project("{FAE04EC0-301F-11D3-BF4B-00C04F79EFBC}") = "02. Point in Rectangle", "02. Working with Abstraction\Lab\02. Point in Rectangle\02. Point in Rectangle.csproj", "{2F020455-8280-4E82-8541-6384F2CFA352}"
EndProject
Project("{FAE04EC0-301F-11D3-BF4B-00C04F79EFBC}") = "04. Hotel Reservation", "02. Working with Abstraction\Lab\04. Hotel Reservation\04. Hotel Reservation.csproj", "{CA1E838A-2976-4739-8291-F9180975045C}"
EndProject
Project("{FAE04EC0-301F-11D3-BF4B-00C04F79EFBC}") = "03. Student System", "02. Working with Abstraction\Lab\03. Student System\03. Student System.csproj", "{BC820E59-9103-4267-A97C-832D9C5431AB}"
EndProject
Project("{FAE04EC0-301F-11D3-BF4B-00C04F79EFBC}") = "01. Raw Data", "02. Working with Abstraction\Exercises\01. Raw Data\01. Raw Data.csproj", "{2771203E-9891-4AF2-ACC7-BA5A051D807B}"
EndProject
Project("{FAE04EC0-301F-11D3-BF4B-00C04F79EFBC}") = "02. Car Salesman", "02. Working with Abstraction\Exercises\02. Car Salesman\02. Car Salesman.csproj", "{95866EEA-9BF4-4D70-A0FB-7B23AC4A106A}"
EndProject
Project("{FAE04EC0-301F-11D3-BF4B-00C04F79EFBC}") = "03. Jedi Galaxy", "02. Working with Abstraction\Exercises\03. Jedi Galaxy\03. Jedi Galaxy.csproj", "{F84F6F0A-FA39-4A55-9E98-7C845D19ED71}"
EndProject
Project("{FAE04EC0-301F-11D3-BF4B-00C04F79EFBC}") = "04. Hospital", "02. Working with Abstraction\Exercises\04. Hospital\04. Hospital.csproj", "{259B573A-75C4-4620-B248-DBD72C27AB05}"
EndProject
Project("{FAE04EC0-301F-11D3-BF4B-00C04F79EFBC}") = "05. Greedy Times", "02. Working with Abstraction\Exercises\05. Greedy Times\05. Greedy Times.csproj", "{D6710588-2016-4B77-804C-3F4255737749}"
EndProject
Project("{FAE04EC0-301F-11D3-BF4B-00C04F79EFBC}") = "06. Sneaking", "02. Working with Abstraction\Exercises\06. Sneaking\06. Sneaking.csproj", "{87E304C5-ECD5-4F9C-BA26-61683C72D018}"
EndProject
Project("{FAE04EC0-301F-11D3-BF4B-00C04F79EFBC}") = "07. Family Tree", "02. Working with Abstraction\Exercises\07. Family Tree\07. Family Tree.csproj", "{7CD184AE-1034-461A-AD07-AA0CB1590DB1}"
EndProject
Project("{2150E333-8FDC-42A3-9474-1A3956D46DE8}") = "03.1 Encapsulation - Lab", "03.1 Encapsulation - Lab", "{7F084745-CC31-47C1-856D-23568AF2A236}"
EndProject
Project("{2150E333-8FDC-42A3-9474-1A3956D46DE8}") = "03.2 Encapsulation - Exercises", "03.2 Encapsulation - Exercises", "{21EE93B9-B737-4502-B057-EC54D584481B}"
EndProject
Project("{FAE04EC0-301F-11D3-BF4B-00C04F79EFBC}") = "01. Persons", "03. Encapsulation\Lab\01. Persons\01. Persons.csproj", "{C8BE1E8D-FBAC-4FDA-925F-D707AD183DB2}"
EndProject
Project("{FAE04EC0-301F-11D3-BF4B-00C04F79EFBC}") = "02. Salary", "03. Encapsulation\Lab\02. Salary\02. Salary.csproj", "{1042DF70-EB5C-4620-96DF-A29329B81FD7}"
EndProject
Project("{FAE04EC0-301F-11D3-BF4B-00C04F79EFBC}") = "03. Validation", "03. Encapsulation\Lab\03. Validation\03. Validation.csproj", "{DE18CBE1-BFDB-4951-884F-4D7D5A8BC94A}"
EndProject
Project("{FAE04EC0-301F-11D3-BF4B-00C04F79EFBC}") = "04. Team", "03. Encapsulation\Lab\04. Team\04. Team.csproj", "{8A46FFEF-B64F-4CEE-A336-61498B9DB063}"
EndProject
Project("{FAE04EC0-301F-11D3-BF4B-00C04F79EFBC}") = "01. Class Box", "03. Encapsulation\Exercises\01. Class Box\01. Class Box.csproj", "{6DEF6CB4-4B2E-4D5B-962A-6A2021CFAE31}"
EndProject
Project("{FAE04EC0-301F-11D3-BF4B-00C04F79EFBC}") = "02. Class Box Data Validation", "03. Encapsulation\Exercises\02. Class Box Data Validation\02. Class Box Data Validation.csproj", "{6B1C6E1F-B278-4634-B2BF-56C81234C1DB}"
EndProject
Project("{FAE04EC0-301F-11D3-BF4B-00C04F79EFBC}") = "03. Animal Farm", "03. Encapsulation\Exercises\03. Animal Farm\03. Animal Farm.csproj", "{23C917BF-2597-4EA9-B6B5-E9D69AEF66AB}"
EndProject
Project("{FAE04EC0-301F-11D3-BF4B-00C04F79EFBC}") = "04. Shopping Spree", "03. Encapsulation\Exercises\04. Shopping Spree\04. Shopping Spree.csproj", "{54AAFF08-8F12-4DC1-B2FD-3729B04FAB75}"
EndProject
Project("{FAE04EC0-301F-11D3-BF4B-00C04F79EFBC}") = "05. Pizza Calories", "03. Encapsulation\Exercises\05. Pizza Calories\05. Pizza Calories.csproj", "{662E65C9-B8AA-484D-9DAC-671E0F3416D4}"
EndProject
Project("{FAE04EC0-301F-11D3-BF4B-00C04F79EFBC}") = "06. Football Team Generator", "03. Encapsulation\Exercises\06. Football Team Generator\06. Football Team Generator.csproj", "{6F74FAB8-4C68-4F81-B008-B0CCAB831FC7}"
EndProject
Project("{2150E333-8FDC-42A3-9474-1A3956D46DE8}") = "04.1 Inheritance - Lab", "04.1 Inheritance - Lab", "{722030D3-090C-4DF0-90C5-32E7CC74AD53}"
EndProject
Project("{2150E333-8FDC-42A3-9474-1A3956D46DE8}") = "04.2 Inheritance - Exercises", "04.2 Inheritance - Exercises", "{441FCD9C-8A11-4C02-9FF6-A5ADC564E970}"
EndProject
Project("{FAE04EC0-301F-11D3-BF4B-00C04F79EFBC}") = "01. Single Inheritance", "04. Inheritance\Lab\01. Single Inheritance\01. Single Inheritance.csproj", "{7A28EA7D-DA60-4E8F-A525-7F6C360BCCAC}"
EndProject
Project("{FAE04EC0-301F-11D3-BF4B-00C04F79EFBC}") = "02. Multiple Inheritance", "04. Inheritance\Lab\02. Multiple Inheritance\02. Multiple Inheritance.csproj", "{734FF9B3-8375-4A92-BAD4-D4F2170E5E8B}"
EndProject
Project("{FAE04EC0-301F-11D3-BF4B-00C04F79EFBC}") = "03. Hierarchical Inheritance", "04. Inheritance\Lab\03. Hierarchical Inheritance\03. Hierarchical Inheritance.csproj", "{55233092-2E1A-43A2-A987-7A2A979DD8FB}"
EndProject
Project("{FAE04EC0-301F-11D3-BF4B-00C04F79EFBC}") = "04. Random List", "04. Inheritance\Lab\04. Random List\04. Random List.csproj", "{785416ED-90DE-49A0-92C3-8517F495F3D3}"
EndProject
Project("{FAE04EC0-301F-11D3-BF4B-00C04F79EFBC}") = "05. Stack of Strings", "04. Inheritance\Lab\05. Stack of Strings\05. Stack of Strings.csproj", "{E41D1E6A-F0A9-47EE-9A54-24EFF78A095C}"
EndProject
Project("{FAE04EC0-301F-11D3-BF4B-00C04F79EFBC}") = "01. Person", "04. Inheritance\Exercises\01. Person\01. Person.csproj", "{692DB885-D222-44AE-B791-62910B075840}"
EndProject
Project("{FAE04EC0-301F-11D3-BF4B-00C04F79EFBC}") = "02. Book Shop", "04. Inheritance\Exercises\02. Book Shop\02. Book Shop.csproj", "{C85B8350-93AA-4DD0-BBB5-FF4BE69F8C4E}"
EndProject
Project("{FAE04EC0-301F-11D3-BF4B-00C04F79EFBC}") = "03. Mankind", "04. Inheritance\Exercises\03. Mankind\03. Mankind.csproj", "{4E242106-1445-4ECF-B7FD-2893F3D8528E}"
EndProject
Project("{FAE04EC0-301F-11D3-BF4B-00C04F79EFBC}") = "04. Online Radio Database", "04. Inheritance\Exercises\04. Online Radio Database\04. Online Radio Database.csproj", "{C8E3377D-47C4-43F0-A3EF-899DF6FC6536}"
EndProject
Project("{FAE04EC0-301F-11D3-BF4B-00C04F79EFBC}") = "06. Animals", "04. Inheritance\Exercises\06. Animals\06. Animals.csproj", "{7A750C36-C600-4C14-92A2-1F81D9E049EA}"
EndProject
Global
	GlobalSection(SolutionConfigurationPlatforms) = preSolution
		Debug|Any CPU = Debug|Any CPU
		Release|Any CPU = Release|Any CPU
	EndGlobalSection
	GlobalSection(ProjectConfigurationPlatforms) = postSolution
		{9C329D46-C462-4652-91CF-48FB41F31830}.Debug|Any CPU.ActiveCfg = Debug|Any CPU
		{9C329D46-C462-4652-91CF-48FB41F31830}.Debug|Any CPU.Build.0 = Debug|Any CPU
		{9C329D46-C462-4652-91CF-48FB41F31830}.Release|Any CPU.ActiveCfg = Release|Any CPU
		{9C329D46-C462-4652-91CF-48FB41F31830}.Release|Any CPU.Build.0 = Release|Any CPU
		{AEA7186F-BAFB-44BF-9691-73E99B7CDC0A}.Debug|Any CPU.ActiveCfg = Debug|Any CPU
		{AEA7186F-BAFB-44BF-9691-73E99B7CDC0A}.Debug|Any CPU.Build.0 = Debug|Any CPU
		{AEA7186F-BAFB-44BF-9691-73E99B7CDC0A}.Release|Any CPU.ActiveCfg = Release|Any CPU
		{AEA7186F-BAFB-44BF-9691-73E99B7CDC0A}.Release|Any CPU.Build.0 = Release|Any CPU
		{0DC74A0B-4FF7-4E3E-BA69-AC68BB817D97}.Debug|Any CPU.ActiveCfg = Debug|Any CPU
		{0DC74A0B-4FF7-4E3E-BA69-AC68BB817D97}.Debug|Any CPU.Build.0 = Debug|Any CPU
		{0DC74A0B-4FF7-4E3E-BA69-AC68BB817D97}.Release|Any CPU.ActiveCfg = Release|Any CPU
		{0DC74A0B-4FF7-4E3E-BA69-AC68BB817D97}.Release|Any CPU.Build.0 = Release|Any CPU
		{EEE5B530-B414-43A9-9144-4487C9D59506}.Debug|Any CPU.ActiveCfg = Debug|Any CPU
		{EEE5B530-B414-43A9-9144-4487C9D59506}.Debug|Any CPU.Build.0 = Debug|Any CPU
		{EEE5B530-B414-43A9-9144-4487C9D59506}.Release|Any CPU.ActiveCfg = Release|Any CPU
		{EEE5B530-B414-43A9-9144-4487C9D59506}.Release|Any CPU.Build.0 = Release|Any CPU
		{B885FE1E-D242-4C93-8D0E-77B3EC4429CC}.Debug|Any CPU.ActiveCfg = Debug|Any CPU
		{B885FE1E-D242-4C93-8D0E-77B3EC4429CC}.Debug|Any CPU.Build.0 = Debug|Any CPU
		{B885FE1E-D242-4C93-8D0E-77B3EC4429CC}.Release|Any CPU.ActiveCfg = Release|Any CPU
		{B885FE1E-D242-4C93-8D0E-77B3EC4429CC}.Release|Any CPU.Build.0 = Release|Any CPU
		{63B416E2-2FD5-4C72-A4D8-64900B7E59BD}.Debug|Any CPU.ActiveCfg = Debug|Any CPU
		{63B416E2-2FD5-4C72-A4D8-64900B7E59BD}.Debug|Any CPU.Build.0 = Debug|Any CPU
		{63B416E2-2FD5-4C72-A4D8-64900B7E59BD}.Release|Any CPU.ActiveCfg = Release|Any CPU
		{63B416E2-2FD5-4C72-A4D8-64900B7E59BD}.Release|Any CPU.Build.0 = Release|Any CPU
		{32C2696D-6647-4FC4-938F-1A5C40632638}.Debug|Any CPU.ActiveCfg = Debug|Any CPU
		{32C2696D-6647-4FC4-938F-1A5C40632638}.Debug|Any CPU.Build.0 = Debug|Any CPU
		{32C2696D-6647-4FC4-938F-1A5C40632638}.Release|Any CPU.ActiveCfg = Release|Any CPU
		{32C2696D-6647-4FC4-938F-1A5C40632638}.Release|Any CPU.Build.0 = Release|Any CPU
		{0ECDDC7E-2490-4336-8079-0D5D53B63CEA}.Debug|Any CPU.ActiveCfg = Debug|Any CPU
		{0ECDDC7E-2490-4336-8079-0D5D53B63CEA}.Debug|Any CPU.Build.0 = Debug|Any CPU
		{0ECDDC7E-2490-4336-8079-0D5D53B63CEA}.Release|Any CPU.ActiveCfg = Release|Any CPU
		{0ECDDC7E-2490-4336-8079-0D5D53B63CEA}.Release|Any CPU.Build.0 = Release|Any CPU
		{34682113-F18A-4C5F-8A8D-A32BB019F662}.Debug|Any CPU.ActiveCfg = Debug|Any CPU
		{34682113-F18A-4C5F-8A8D-A32BB019F662}.Debug|Any CPU.Build.0 = Debug|Any CPU
		{34682113-F18A-4C5F-8A8D-A32BB019F662}.Release|Any CPU.ActiveCfg = Release|Any CPU
		{34682113-F18A-4C5F-8A8D-A32BB019F662}.Release|Any CPU.Build.0 = Release|Any CPU
		{DF36BD37-1BC4-4A92-83E2-F035F5CB5A81}.Debug|Any CPU.ActiveCfg = Debug|Any CPU
		{DF36BD37-1BC4-4A92-83E2-F035F5CB5A81}.Debug|Any CPU.Build.0 = Debug|Any CPU
		{DF36BD37-1BC4-4A92-83E2-F035F5CB5A81}.Release|Any CPU.ActiveCfg = Release|Any CPU
		{DF36BD37-1BC4-4A92-83E2-F035F5CB5A81}.Release|Any CPU.Build.0 = Release|Any CPU
		{118D8B4C-737B-4CC0-963A-00318C7917C4}.Debug|Any CPU.ActiveCfg = Debug|Any CPU
		{118D8B4C-737B-4CC0-963A-00318C7917C4}.Debug|Any CPU.Build.0 = Debug|Any CPU
		{118D8B4C-737B-4CC0-963A-00318C7917C4}.Release|Any CPU.ActiveCfg = Release|Any CPU
		{118D8B4C-737B-4CC0-963A-00318C7917C4}.Release|Any CPU.Build.0 = Release|Any CPU
		{A105FE37-B982-4635-9FE9-C18BFE84A4CE}.Debug|Any CPU.ActiveCfg = Debug|Any CPU
		{A105FE37-B982-4635-9FE9-C18BFE84A4CE}.Debug|Any CPU.Build.0 = Debug|Any CPU
		{A105FE37-B982-4635-9FE9-C18BFE84A4CE}.Release|Any CPU.ActiveCfg = Release|Any CPU
		{A105FE37-B982-4635-9FE9-C18BFE84A4CE}.Release|Any CPU.Build.0 = Release|Any CPU
		{E6CDBA85-0B96-4217-91D2-92EE8A7BE06F}.Debug|Any CPU.ActiveCfg = Debug|Any CPU
		{E6CDBA85-0B96-4217-91D2-92EE8A7BE06F}.Debug|Any CPU.Build.0 = Debug|Any CPU
		{E6CDBA85-0B96-4217-91D2-92EE8A7BE06F}.Release|Any CPU.ActiveCfg = Release|Any CPU
		{E6CDBA85-0B96-4217-91D2-92EE8A7BE06F}.Release|Any CPU.Build.0 = Release|Any CPU
		{61B691AA-012F-4818-8033-4106E19279E3}.Debug|Any CPU.ActiveCfg = Debug|Any CPU
		{61B691AA-012F-4818-8033-4106E19279E3}.Debug|Any CPU.Build.0 = Debug|Any CPU
		{61B691AA-012F-4818-8033-4106E19279E3}.Release|Any CPU.ActiveCfg = Release|Any CPU
		{61B691AA-012F-4818-8033-4106E19279E3}.Release|Any CPU.Build.0 = Release|Any CPU
		{DCA1EB23-7925-4869-9E83-9FC15AFD57C4}.Debug|Any CPU.ActiveCfg = Debug|Any CPU
		{DCA1EB23-7925-4869-9E83-9FC15AFD57C4}.Debug|Any CPU.Build.0 = Debug|Any CPU
		{DCA1EB23-7925-4869-9E83-9FC15AFD57C4}.Release|Any CPU.ActiveCfg = Release|Any CPU
		{DCA1EB23-7925-4869-9E83-9FC15AFD57C4}.Release|Any CPU.Build.0 = Release|Any CPU
		{0DBFC4A9-71E6-4C5A-8EF2-EDC0136FDE5E}.Debug|Any CPU.ActiveCfg = Debug|Any CPU
		{0DBFC4A9-71E6-4C5A-8EF2-EDC0136FDE5E}.Debug|Any CPU.Build.0 = Debug|Any CPU
		{0DBFC4A9-71E6-4C5A-8EF2-EDC0136FDE5E}.Release|Any CPU.ActiveCfg = Release|Any CPU
		{0DBFC4A9-71E6-4C5A-8EF2-EDC0136FDE5E}.Release|Any CPU.Build.0 = Release|Any CPU
		{FC344BCE-D6E8-4CE6-A9F8-E448A8A387EC}.Debug|Any CPU.ActiveCfg = Debug|Any CPU
		{FC344BCE-D6E8-4CE6-A9F8-E448A8A387EC}.Debug|Any CPU.Build.0 = Debug|Any CPU
		{FC344BCE-D6E8-4CE6-A9F8-E448A8A387EC}.Release|Any CPU.ActiveCfg = Release|Any CPU
		{FC344BCE-D6E8-4CE6-A9F8-E448A8A387EC}.Release|Any CPU.Build.0 = Release|Any CPU
		{6B091230-C68A-48E7-A39D-B44D0C86586B}.Debug|Any CPU.ActiveCfg = Debug|Any CPU
		{6B091230-C68A-48E7-A39D-B44D0C86586B}.Debug|Any CPU.Build.0 = Debug|Any CPU
		{6B091230-C68A-48E7-A39D-B44D0C86586B}.Release|Any CPU.ActiveCfg = Release|Any CPU
		{6B091230-C68A-48E7-A39D-B44D0C86586B}.Release|Any CPU.Build.0 = Release|Any CPU
		{949CBE13-5DF2-49C3-AB1D-10041E3B5A4F}.Debug|Any CPU.ActiveCfg = Debug|Any CPU
		{949CBE13-5DF2-49C3-AB1D-10041E3B5A4F}.Debug|Any CPU.Build.0 = Debug|Any CPU
		{949CBE13-5DF2-49C3-AB1D-10041E3B5A4F}.Release|Any CPU.ActiveCfg = Release|Any CPU
		{949CBE13-5DF2-49C3-AB1D-10041E3B5A4F}.Release|Any CPU.Build.0 = Release|Any CPU
		{6EA899BA-B170-4ABC-873F-AE7FD50ECE66}.Debug|Any CPU.ActiveCfg = Debug|Any CPU
		{6EA899BA-B170-4ABC-873F-AE7FD50ECE66}.Debug|Any CPU.Build.0 = Debug|Any CPU
		{6EA899BA-B170-4ABC-873F-AE7FD50ECE66}.Release|Any CPU.ActiveCfg = Release|Any CPU
		{6EA899BA-B170-4ABC-873F-AE7FD50ECE66}.Release|Any CPU.Build.0 = Release|Any CPU
		{5299D839-879C-4249-9F9B-25C01260FF96}.Debug|Any CPU.ActiveCfg = Debug|Any CPU
		{5299D839-879C-4249-9F9B-25C01260FF96}.Debug|Any CPU.Build.0 = Debug|Any CPU
		{5299D839-879C-4249-9F9B-25C01260FF96}.Release|Any CPU.ActiveCfg = Release|Any CPU
		{5299D839-879C-4249-9F9B-25C01260FF96}.Release|Any CPU.Build.0 = Release|Any CPU
		{2F020455-8280-4E82-8541-6384F2CFA352}.Debug|Any CPU.ActiveCfg = Debug|Any CPU
		{2F020455-8280-4E82-8541-6384F2CFA352}.Debug|Any CPU.Build.0 = Debug|Any CPU
		{2F020455-8280-4E82-8541-6384F2CFA352}.Release|Any CPU.ActiveCfg = Release|Any CPU
		{2F020455-8280-4E82-8541-6384F2CFA352}.Release|Any CPU.Build.0 = Release|Any CPU
		{CA1E838A-2976-4739-8291-F9180975045C}.Debug|Any CPU.ActiveCfg = Debug|Any CPU
		{CA1E838A-2976-4739-8291-F9180975045C}.Debug|Any CPU.Build.0 = Debug|Any CPU
		{CA1E838A-2976-4739-8291-F9180975045C}.Release|Any CPU.ActiveCfg = Release|Any CPU
		{CA1E838A-2976-4739-8291-F9180975045C}.Release|Any CPU.Build.0 = Release|Any CPU
		{BC820E59-9103-4267-A97C-832D9C5431AB}.Debug|Any CPU.ActiveCfg = Debug|Any CPU
		{BC820E59-9103-4267-A97C-832D9C5431AB}.Debug|Any CPU.Build.0 = Debug|Any CPU
		{BC820E59-9103-4267-A97C-832D9C5431AB}.Release|Any CPU.ActiveCfg = Release|Any CPU
		{BC820E59-9103-4267-A97C-832D9C5431AB}.Release|Any CPU.Build.0 = Release|Any CPU
		{2771203E-9891-4AF2-ACC7-BA5A051D807B}.Debug|Any CPU.ActiveCfg = Debug|Any CPU
		{2771203E-9891-4AF2-ACC7-BA5A051D807B}.Debug|Any CPU.Build.0 = Debug|Any CPU
		{2771203E-9891-4AF2-ACC7-BA5A051D807B}.Release|Any CPU.ActiveCfg = Release|Any CPU
		{2771203E-9891-4AF2-ACC7-BA5A051D807B}.Release|Any CPU.Build.0 = Release|Any CPU
		{95866EEA-9BF4-4D70-A0FB-7B23AC4A106A}.Debug|Any CPU.ActiveCfg = Debug|Any CPU
		{95866EEA-9BF4-4D70-A0FB-7B23AC4A106A}.Debug|Any CPU.Build.0 = Debug|Any CPU
		{95866EEA-9BF4-4D70-A0FB-7B23AC4A106A}.Release|Any CPU.ActiveCfg = Release|Any CPU
		{95866EEA-9BF4-4D70-A0FB-7B23AC4A106A}.Release|Any CPU.Build.0 = Release|Any CPU
		{F84F6F0A-FA39-4A55-9E98-7C845D19ED71}.Debug|Any CPU.ActiveCfg = Debug|Any CPU
		{F84F6F0A-FA39-4A55-9E98-7C845D19ED71}.Debug|Any CPU.Build.0 = Debug|Any CPU
		{F84F6F0A-FA39-4A55-9E98-7C845D19ED71}.Release|Any CPU.ActiveCfg = Release|Any CPU
		{F84F6F0A-FA39-4A55-9E98-7C845D19ED71}.Release|Any CPU.Build.0 = Release|Any CPU
		{259B573A-75C4-4620-B248-DBD72C27AB05}.Debug|Any CPU.ActiveCfg = Debug|Any CPU
		{259B573A-75C4-4620-B248-DBD72C27AB05}.Debug|Any CPU.Build.0 = Debug|Any CPU
		{259B573A-75C4-4620-B248-DBD72C27AB05}.Release|Any CPU.ActiveCfg = Release|Any CPU
		{259B573A-75C4-4620-B248-DBD72C27AB05}.Release|Any CPU.Build.0 = Release|Any CPU
		{D6710588-2016-4B77-804C-3F4255737749}.Debug|Any CPU.ActiveCfg = Debug|Any CPU
		{D6710588-2016-4B77-804C-3F4255737749}.Debug|Any CPU.Build.0 = Debug|Any CPU
		{D6710588-2016-4B77-804C-3F4255737749}.Release|Any CPU.ActiveCfg = Release|Any CPU
		{D6710588-2016-4B77-804C-3F4255737749}.Release|Any CPU.Build.0 = Release|Any CPU
		{87E304C5-ECD5-4F9C-BA26-61683C72D018}.Debug|Any CPU.ActiveCfg = Debug|Any CPU
		{87E304C5-ECD5-4F9C-BA26-61683C72D018}.Debug|Any CPU.Build.0 = Debug|Any CPU
		{87E304C5-ECD5-4F9C-BA26-61683C72D018}.Release|Any CPU.ActiveCfg = Release|Any CPU
		{87E304C5-ECD5-4F9C-BA26-61683C72D018}.Release|Any CPU.Build.0 = Release|Any CPU
		{7CD184AE-1034-461A-AD07-AA0CB1590DB1}.Debug|Any CPU.ActiveCfg = Debug|Any CPU
		{7CD184AE-1034-461A-AD07-AA0CB1590DB1}.Debug|Any CPU.Build.0 = Debug|Any CPU
		{7CD184AE-1034-461A-AD07-AA0CB1590DB1}.Release|Any CPU.ActiveCfg = Release|Any CPU
		{7CD184AE-1034-461A-AD07-AA0CB1590DB1}.Release|Any CPU.Build.0 = Release|Any CPU
		{C8BE1E8D-FBAC-4FDA-925F-D707AD183DB2}.Debug|Any CPU.ActiveCfg = Debug|Any CPU
		{C8BE1E8D-FBAC-4FDA-925F-D707AD183DB2}.Debug|Any CPU.Build.0 = Debug|Any CPU
		{C8BE1E8D-FBAC-4FDA-925F-D707AD183DB2}.Release|Any CPU.ActiveCfg = Release|Any CPU
		{C8BE1E8D-FBAC-4FDA-925F-D707AD183DB2}.Release|Any CPU.Build.0 = Release|Any CPU
		{1042DF70-EB5C-4620-96DF-A29329B81FD7}.Debug|Any CPU.ActiveCfg = Debug|Any CPU
		{1042DF70-EB5C-4620-96DF-A29329B81FD7}.Debug|Any CPU.Build.0 = Debug|Any CPU
		{1042DF70-EB5C-4620-96DF-A29329B81FD7}.Release|Any CPU.ActiveCfg = Release|Any CPU
		{1042DF70-EB5C-4620-96DF-A29329B81FD7}.Release|Any CPU.Build.0 = Release|Any CPU
		{DE18CBE1-BFDB-4951-884F-4D7D5A8BC94A}.Debug|Any CPU.ActiveCfg = Debug|Any CPU
		{DE18CBE1-BFDB-4951-884F-4D7D5A8BC94A}.Debug|Any CPU.Build.0 = Debug|Any CPU
		{DE18CBE1-BFDB-4951-884F-4D7D5A8BC94A}.Release|Any CPU.ActiveCfg = Release|Any CPU
		{DE18CBE1-BFDB-4951-884F-4D7D5A8BC94A}.Release|Any CPU.Build.0 = Release|Any CPU
		{8A46FFEF-B64F-4CEE-A336-61498B9DB063}.Debug|Any CPU.ActiveCfg = Debug|Any CPU
		{8A46FFEF-B64F-4CEE-A336-61498B9DB063}.Debug|Any CPU.Build.0 = Debug|Any CPU
		{8A46FFEF-B64F-4CEE-A336-61498B9DB063}.Release|Any CPU.ActiveCfg = Release|Any CPU
		{8A46FFEF-B64F-4CEE-A336-61498B9DB063}.Release|Any CPU.Build.0 = Release|Any CPU
		{6DEF6CB4-4B2E-4D5B-962A-6A2021CFAE31}.Debug|Any CPU.ActiveCfg = Debug|Any CPU
		{6DEF6CB4-4B2E-4D5B-962A-6A2021CFAE31}.Debug|Any CPU.Build.0 = Debug|Any CPU
		{6DEF6CB4-4B2E-4D5B-962A-6A2021CFAE31}.Release|Any CPU.ActiveCfg = Release|Any CPU
		{6DEF6CB4-4B2E-4D5B-962A-6A2021CFAE31}.Release|Any CPU.Build.0 = Release|Any CPU
		{6B1C6E1F-B278-4634-B2BF-56C81234C1DB}.Debug|Any CPU.ActiveCfg = Debug|Any CPU
		{6B1C6E1F-B278-4634-B2BF-56C81234C1DB}.Debug|Any CPU.Build.0 = Debug|Any CPU
		{6B1C6E1F-B278-4634-B2BF-56C81234C1DB}.Release|Any CPU.ActiveCfg = Release|Any CPU
		{6B1C6E1F-B278-4634-B2BF-56C81234C1DB}.Release|Any CPU.Build.0 = Release|Any CPU
		{23C917BF-2597-4EA9-B6B5-E9D69AEF66AB}.Debug|Any CPU.ActiveCfg = Debug|Any CPU
		{23C917BF-2597-4EA9-B6B5-E9D69AEF66AB}.Debug|Any CPU.Build.0 = Debug|Any CPU
		{23C917BF-2597-4EA9-B6B5-E9D69AEF66AB}.Release|Any CPU.ActiveCfg = Release|Any CPU
		{23C917BF-2597-4EA9-B6B5-E9D69AEF66AB}.Release|Any CPU.Build.0 = Release|Any CPU
		{54AAFF08-8F12-4DC1-B2FD-3729B04FAB75}.Debug|Any CPU.ActiveCfg = Debug|Any CPU
		{54AAFF08-8F12-4DC1-B2FD-3729B04FAB75}.Debug|Any CPU.Build.0 = Debug|Any CPU
		{54AAFF08-8F12-4DC1-B2FD-3729B04FAB75}.Release|Any CPU.ActiveCfg = Release|Any CPU
		{54AAFF08-8F12-4DC1-B2FD-3729B04FAB75}.Release|Any CPU.Build.0 = Release|Any CPU
		{662E65C9-B8AA-484D-9DAC-671E0F3416D4}.Debug|Any CPU.ActiveCfg = Debug|Any CPU
		{662E65C9-B8AA-484D-9DAC-671E0F3416D4}.Debug|Any CPU.Build.0 = Debug|Any CPU
		{662E65C9-B8AA-484D-9DAC-671E0F3416D4}.Release|Any CPU.ActiveCfg = Release|Any CPU
		{662E65C9-B8AA-484D-9DAC-671E0F3416D4}.Release|Any CPU.Build.0 = Release|Any CPU
		{6F74FAB8-4C68-4F81-B008-B0CCAB831FC7}.Debug|Any CPU.ActiveCfg = Debug|Any CPU
		{6F74FAB8-4C68-4F81-B008-B0CCAB831FC7}.Debug|Any CPU.Build.0 = Debug|Any CPU
		{6F74FAB8-4C68-4F81-B008-B0CCAB831FC7}.Release|Any CPU.ActiveCfg = Release|Any CPU
		{6F74FAB8-4C68-4F81-B008-B0CCAB831FC7}.Release|Any CPU.Build.0 = Release|Any CPU
		{7A28EA7D-DA60-4E8F-A525-7F6C360BCCAC}.Debug|Any CPU.ActiveCfg = Debug|Any CPU
		{7A28EA7D-DA60-4E8F-A525-7F6C360BCCAC}.Debug|Any CPU.Build.0 = Debug|Any CPU
		{7A28EA7D-DA60-4E8F-A525-7F6C360BCCAC}.Release|Any CPU.ActiveCfg = Release|Any CPU
		{7A28EA7D-DA60-4E8F-A525-7F6C360BCCAC}.Release|Any CPU.Build.0 = Release|Any CPU
		{734FF9B3-8375-4A92-BAD4-D4F2170E5E8B}.Debug|Any CPU.ActiveCfg = Debug|Any CPU
		{734FF9B3-8375-4A92-BAD4-D4F2170E5E8B}.Debug|Any CPU.Build.0 = Debug|Any CPU
		{734FF9B3-8375-4A92-BAD4-D4F2170E5E8B}.Release|Any CPU.ActiveCfg = Release|Any CPU
		{734FF9B3-8375-4A92-BAD4-D4F2170E5E8B}.Release|Any CPU.Build.0 = Release|Any CPU
		{55233092-2E1A-43A2-A987-7A2A979DD8FB}.Debug|Any CPU.ActiveCfg = Debug|Any CPU
		{55233092-2E1A-43A2-A987-7A2A979DD8FB}.Debug|Any CPU.Build.0 = Debug|Any CPU
		{55233092-2E1A-43A2-A987-7A2A979DD8FB}.Release|Any CPU.ActiveCfg = Release|Any CPU
		{55233092-2E1A-43A2-A987-7A2A979DD8FB}.Release|Any CPU.Build.0 = Release|Any CPU
		{785416ED-90DE-49A0-92C3-8517F495F3D3}.Debug|Any CPU.ActiveCfg = Debug|Any CPU
		{785416ED-90DE-49A0-92C3-8517F495F3D3}.Debug|Any CPU.Build.0 = Debug|Any CPU
		{785416ED-90DE-49A0-92C3-8517F495F3D3}.Release|Any CPU.ActiveCfg = Release|Any CPU
		{785416ED-90DE-49A0-92C3-8517F495F3D3}.Release|Any CPU.Build.0 = Release|Any CPU
		{E41D1E6A-F0A9-47EE-9A54-24EFF78A095C}.Debug|Any CPU.ActiveCfg = Debug|Any CPU
		{E41D1E6A-F0A9-47EE-9A54-24EFF78A095C}.Debug|Any CPU.Build.0 = Debug|Any CPU
		{E41D1E6A-F0A9-47EE-9A54-24EFF78A095C}.Release|Any CPU.ActiveCfg = Release|Any CPU
		{E41D1E6A-F0A9-47EE-9A54-24EFF78A095C}.Release|Any CPU.Build.0 = Release|Any CPU
		{692DB885-D222-44AE-B791-62910B075840}.Debug|Any CPU.ActiveCfg = Debug|Any CPU
		{692DB885-D222-44AE-B791-62910B075840}.Debug|Any CPU.Build.0 = Debug|Any CPU
		{692DB885-D222-44AE-B791-62910B075840}.Release|Any CPU.ActiveCfg = Release|Any CPU
		{692DB885-D222-44AE-B791-62910B075840}.Release|Any CPU.Build.0 = Release|Any CPU
		{C85B8350-93AA-4DD0-BBB5-FF4BE69F8C4E}.Debug|Any CPU.ActiveCfg = Debug|Any CPU
		{C85B8350-93AA-4DD0-BBB5-FF4BE69F8C4E}.Debug|Any CPU.Build.0 = Debug|Any CPU
		{C85B8350-93AA-4DD0-BBB5-FF4BE69F8C4E}.Release|Any CPU.ActiveCfg = Release|Any CPU
		{C85B8350-93AA-4DD0-BBB5-FF4BE69F8C4E}.Release|Any CPU.Build.0 = Release|Any CPU
		{4E242106-1445-4ECF-B7FD-2893F3D8528E}.Debug|Any CPU.ActiveCfg = Debug|Any CPU
		{4E242106-1445-4ECF-B7FD-2893F3D8528E}.Debug|Any CPU.Build.0 = Debug|Any CPU
		{4E242106-1445-4ECF-B7FD-2893F3D8528E}.Release|Any CPU.ActiveCfg = Release|Any CPU
		{4E242106-1445-4ECF-B7FD-2893F3D8528E}.Release|Any CPU.Build.0 = Release|Any CPU
		{C8E3377D-47C4-43F0-A3EF-899DF6FC6536}.Debug|Any CPU.ActiveCfg = Debug|Any CPU
		{C8E3377D-47C4-43F0-A3EF-899DF6FC6536}.Debug|Any CPU.Build.0 = Debug|Any CPU
		{C8E3377D-47C4-43F0-A3EF-899DF6FC6536}.Release|Any CPU.ActiveCfg = Release|Any CPU
		{C8E3377D-47C4-43F0-A3EF-899DF6FC6536}.Release|Any CPU.Build.0 = Release|Any CPU
		{7A750C36-C600-4C14-92A2-1F81D9E049EA}.Debug|Any CPU.ActiveCfg = Debug|Any CPU
		{7A750C36-C600-4C14-92A2-1F81D9E049EA}.Debug|Any CPU.Build.0 = Debug|Any CPU
		{7A750C36-C600-4C14-92A2-1F81D9E049EA}.Release|Any CPU.ActiveCfg = Release|Any CPU
		{7A750C36-C600-4C14-92A2-1F81D9E049EA}.Release|Any CPU.Build.0 = Release|Any CPU
	EndGlobalSection
	GlobalSection(SolutionProperties) = preSolution
		HideSolutionNode = FALSE
	EndGlobalSection
	GlobalSection(NestedProjects) = preSolution
		{9C329D46-C462-4652-91CF-48FB41F31830} = {F0A4B93F-375C-4771-8674-7608E956B19D}
		{AEA7186F-BAFB-44BF-9691-73E99B7CDC0A} = {F0A4B93F-375C-4771-8674-7608E956B19D}
		{0DC74A0B-4FF7-4E3E-BA69-AC68BB817D97} = {F0A4B93F-375C-4771-8674-7608E956B19D}
		{EEE5B530-B414-43A9-9144-4487C9D59506} = {F0A4B93F-375C-4771-8674-7608E956B19D}
		{63B416E2-2FD5-4C72-A4D8-64900B7E59BD} = {88F2D253-B1DA-4440-9A67-81DE7CEE8FCB}
		{32C2696D-6647-4FC4-938F-1A5C40632638} = {88F2D253-B1DA-4440-9A67-81DE7CEE8FCB}
		{0ECDDC7E-2490-4336-8079-0D5D53B63CEA} = {88F2D253-B1DA-4440-9A67-81DE7CEE8FCB}
		{34682113-F18A-4C5F-8A8D-A32BB019F662} = {88F2D253-B1DA-4440-9A67-81DE7CEE8FCB}
		{DF36BD37-1BC4-4A92-83E2-F035F5CB5A81} = {88F2D253-B1DA-4440-9A67-81DE7CEE8FCB}
		{118D8B4C-737B-4CC0-963A-00318C7917C4} = {88F2D253-B1DA-4440-9A67-81DE7CEE8FCB}
		{A105FE37-B982-4635-9FE9-C18BFE84A4CE} = {88F2D253-B1DA-4440-9A67-81DE7CEE8FCB}
		{E6CDBA85-0B96-4217-91D2-92EE8A7BE06F} = {88F2D253-B1DA-4440-9A67-81DE7CEE8FCB}
		{61B691AA-012F-4818-8033-4106E19279E3} = {88F2D253-B1DA-4440-9A67-81DE7CEE8FCB}
		{DCA1EB23-7925-4869-9E83-9FC15AFD57C4} = {88F2D253-B1DA-4440-9A67-81DE7CEE8FCB}
		{0DBFC4A9-71E6-4C5A-8EF2-EDC0136FDE5E} = {88F2D253-B1DA-4440-9A67-81DE7CEE8FCB}
		{FC344BCE-D6E8-4CE6-A9F8-E448A8A387EC} = {88F2D253-B1DA-4440-9A67-81DE7CEE8FCB}
		{6B091230-C68A-48E7-A39D-B44D0C86586B} = {88F2D253-B1DA-4440-9A67-81DE7CEE8FCB}
		{949CBE13-5DF2-49C3-AB1D-10041E3B5A4F} = {88F2D253-B1DA-4440-9A67-81DE7CEE8FCB}
		{6EA899BA-B170-4ABC-873F-AE7FD50ECE66} = {88F2D253-B1DA-4440-9A67-81DE7CEE8FCB}
		{5299D839-879C-4249-9F9B-25C01260FF96} = {F377D99A-8095-4ECE-87E6-B32C225BC3E0}
		{2F020455-8280-4E82-8541-6384F2CFA352} = {F377D99A-8095-4ECE-87E6-B32C225BC3E0}
		{CA1E838A-2976-4739-8291-F9180975045C} = {F377D99A-8095-4ECE-87E6-B32C225BC3E0}
		{BC820E59-9103-4267-A97C-832D9C5431AB} = {F377D99A-8095-4ECE-87E6-B32C225BC3E0}
		{2771203E-9891-4AF2-ACC7-BA5A051D807B} = {62F7F8A1-381C-4B9D-8E74-ED8F1699B94A}
		{95866EEA-9BF4-4D70-A0FB-7B23AC4A106A} = {62F7F8A1-381C-4B9D-8E74-ED8F1699B94A}
		{F84F6F0A-FA39-4A55-9E98-7C845D19ED71} = {62F7F8A1-381C-4B9D-8E74-ED8F1699B94A}
		{259B573A-75C4-4620-B248-DBD72C27AB05} = {62F7F8A1-381C-4B9D-8E74-ED8F1699B94A}
		{D6710588-2016-4B77-804C-3F4255737749} = {62F7F8A1-381C-4B9D-8E74-ED8F1699B94A}
		{87E304C5-ECD5-4F9C-BA26-61683C72D018} = {62F7F8A1-381C-4B9D-8E74-ED8F1699B94A}
		{7CD184AE-1034-461A-AD07-AA0CB1590DB1} = {62F7F8A1-381C-4B9D-8E74-ED8F1699B94A}
		{C8BE1E8D-FBAC-4FDA-925F-D707AD183DB2} = {7F084745-CC31-47C1-856D-23568AF2A236}
		{1042DF70-EB5C-4620-96DF-A29329B81FD7} = {7F084745-CC31-47C1-856D-23568AF2A236}
		{DE18CBE1-BFDB-4951-884F-4D7D5A8BC94A} = {7F084745-CC31-47C1-856D-23568AF2A236}
		{8A46FFEF-B64F-4CEE-A336-61498B9DB063} = {7F084745-CC31-47C1-856D-23568AF2A236}
		{6DEF6CB4-4B2E-4D5B-962A-6A2021CFAE31} = {21EE93B9-B737-4502-B057-EC54D584481B}
		{6B1C6E1F-B278-4634-B2BF-56C81234C1DB} = {21EE93B9-B737-4502-B057-EC54D584481B}
		{23C917BF-2597-4EA9-B6B5-E9D69AEF66AB} = {21EE93B9-B737-4502-B057-EC54D584481B}
		{54AAFF08-8F12-4DC1-B2FD-3729B04FAB75} = {21EE93B9-B737-4502-B057-EC54D584481B}
		{662E65C9-B8AA-484D-9DAC-671E0F3416D4} = {21EE93B9-B737-4502-B057-EC54D584481B}
		{6F74FAB8-4C68-4F81-B008-B0CCAB831FC7} = {21EE93B9-B737-4502-B057-EC54D584481B}
		{7A28EA7D-DA60-4E8F-A525-7F6C360BCCAC} = {722030D3-090C-4DF0-90C5-32E7CC74AD53}
		{734FF9B3-8375-4A92-BAD4-D4F2170E5E8B} = {722030D3-090C-4DF0-90C5-32E7CC74AD53}
		{55233092-2E1A-43A2-A987-7A2A979DD8FB} = {722030D3-090C-4DF0-90C5-32E7CC74AD53}
		{785416ED-90DE-49A0-92C3-8517F495F3D3} = {722030D3-090C-4DF0-90C5-32E7CC74AD53}
		{E41D1E6A-F0A9-47EE-9A54-24EFF78A095C} = {722030D3-090C-4DF0-90C5-32E7CC74AD53}
		{692DB885-D222-44AE-B791-62910B075840} = {441FCD9C-8A11-4C02-9FF6-A5ADC564E970}
		{C85B8350-93AA-4DD0-BBB5-FF4BE69F8C4E} = {441FCD9C-8A11-4C02-9FF6-A5ADC564E970}
		{4E242106-1445-4ECF-B7FD-2893F3D8528E} = {441FCD9C-8A11-4C02-9FF6-A5ADC564E970}
		{C8E3377D-47C4-43F0-A3EF-899DF6FC6536} = {441FCD9C-8A11-4C02-9FF6-A5ADC564E970}
		{7A750C36-C600-4C14-92A2-1F81D9E049EA} = {441FCD9C-8A11-4C02-9FF6-A5ADC564E970}
	EndGlobalSection
	GlobalSection(ExtensibilityGlobals) = postSolution
		SolutionGuid = {E78737CD-8653-40F9-AC22-4A40FFC0196F}
	EndGlobalSection
EndGlobal
