
Microsoft Visual Studio Solution File, Format Version 12.00
# Visual Studio 15
VisualStudioVersion = 15.0.26730.16
MinimumVisualStudioVersion = 10.0.40219.1
Project("{2150E333-8FDC-42A3-9474-1A3956D46DE8}") = "01. CSharp Intro and Basic Syntax - Lab", "01. CSharp Intro and Basic Syntax - Lab", "{3DC235F9-0589-45D2-B0AE-3AD205A09928}"
EndProject
Project("{2150E333-8FDC-42A3-9474-1A3956D46DE8}") = "01. CSharp Intro and Basic Syntax - Exercises", "01. CSharp Intro and Basic Syntax - Exercises", "{7EAA4D42-C95C-4A34-B29C-3C50FE02E0DF}"
EndProject
Project("{FAE04EC0-301F-11D3-BF4B-00C04F79EFBC}") = "01. Debit Card Number", "01. C# Intro and Basic Syntax\Exercises\01. Debit Card Number\01. Debit Card Number.csproj", "{AE98C82E-A9AA-4A50-BC81-D14EE1466A7C}"
EndProject
Project("{FAE04EC0-301F-11D3-BF4B-00C04F79EFBC}") = "02. Rectangle Area", "01. C# Intro and Basic Syntax\Exercises\02. Rectangle Area\02. Rectangle Area.csproj", "{162224A6-76C0-466F-9DDB-3D7DBB634B91}"
EndProject
Project("{FAE04EC0-301F-11D3-BF4B-00C04F79EFBC}") = "03. Miles to Kilometers", "01. C# Intro and Basic Syntax\Exercises\03. Miles to Kilometers\03. Miles to Kilometers.csproj", "{EE9343FE-A924-40FD-8036-52279C9F7F6D}"
EndProject
Project("{FAE04EC0-301F-11D3-BF4B-00C04F79EFBC}") = "04. Beverage Labels", "01. C# Intro and Basic Syntax\Exercises\04. Beverage Labels\04. Beverage Labels.csproj", "{6AC98BE4-45CF-4EB9-A5C0-AC796FEEEA10}"
EndProject
Project("{FAE04EC0-301F-11D3-BF4B-00C04F79EFBC}") = "05. Character Stats", "01. C# Intro and Basic Syntax\Exercises\05. Character Stats\05. Character Stats.csproj", "{5183BF9A-5231-4DA6-825E-E497F437DFCB}"
EndProject
Project("{FAE04EC0-301F-11D3-BF4B-00C04F79EFBC}") = "01. Greetings", "01. C# Intro and Basic Syntax\Lab\01. Greetings\01. Greetings.csproj", "{5B25A119-D94A-463E-90B1-348615F9BED6}"
EndProject
Project("{FAE04EC0-301F-11D3-BF4B-00C04F79EFBC}") = "02. Add Two Numbers", "01. C# Intro and Basic Syntax\Lab\02. Add Two Numbers\02. Add Two Numbers.csproj", "{612C2291-BA1B-4643-B87C-28C69F2E3CDD}"
EndProject
Project("{FAE04EC0-301F-11D3-BF4B-00C04F79EFBC}") = "03. Employee Data", "01. C# Intro and Basic Syntax\Lab\03. Employee Data\03. Employee Data.csproj", "{4141F4F0-816A-4D34-AC59-8D45083E4311}"
EndProject
Project("{2150E333-8FDC-42A3-9474-1A3956D46DE8}") = "02. CSharp Conditional Statements and Loops - Lab", "02. CSharp Conditional Statements and Loops - Lab", "{EBC9AE6F-63C2-4A9E-B50B-1647B2BA8FFD}"
EndProject
Project("{FAE04EC0-301F-11D3-BF4B-00C04F79EFBC}") = "01. Passed", "02. C# Conditional Statements and Loops\Lab\01. Passed\01. Passed.csproj", "{88D65B8D-AEA2-4C8A-8AB7-4408AC676779}"
EndProject
Project("{FAE04EC0-301F-11D3-BF4B-00C04F79EFBC}") = "02. Passed or Failed", "02. C# Conditional Statements and Loops\Lab\02. Passed or Failed\02. Passed or Failed.csproj", "{300D32F4-3FCD-434D-891C-42F4C9351A82}"
EndProject
Project("{FAE04EC0-301F-11D3-BF4B-00C04F79EFBC}") = "03. Back in 30 Minutes", "02. C# Conditional Statements and Loops\Lab\03. Back in 30 Minutes\03. Back in 30 Minutes.csproj", "{2B94D838-CA1B-4583-8BE6-239B7735D17B}"
EndProject
Project("{FAE04EC0-301F-11D3-BF4B-00C04F79EFBC}") = "04. Month Printer", "02. C# Conditional Statements and Loops\Lab\04. Month Printer\04. Month Printer.csproj", "{CA824F46-5DC4-453F-A3BC-939242452722}"
EndProject
Project("{FAE04EC0-301F-11D3-BF4B-00C04F79EFBC}") = "05. Foreign Languages", "02. C# Conditional Statements and Loops\Lab\05. Foreign Languages\05. Foreign Languages.csproj", "{D4872299-CFFF-468B-B83E-DCB652B05226}"
EndProject
Project("{FAE04EC0-301F-11D3-BF4B-00C04F79EFBC}") = "06. Theatre Promotion", "02. C# Conditional Statements and Loops\Lab\06. Theatre Promotion\06. Theatre Promotion.csproj", "{C30D79A4-96F8-4BEB-AF89-BEC7132F7189}"
EndProject
Project("{FAE04EC0-301F-11D3-BF4B-00C04F79EFBC}") = "07. Divisible by 3", "02. C# Conditional Statements and Loops\Lab\07. Divisible by 3\07. Divisible by 3.csproj", "{94A586F3-3230-4147-AFD5-73BBF161194E}"
EndProject
Project("{FAE04EC0-301F-11D3-BF4B-00C04F79EFBC}") = "08. Sum of Odd Numbers", "02. C# Conditional Statements and Loops\Lab\08. Sum of Odd Numbers\08. Sum of Odd Numbers.csproj", "{80D85B16-7CF3-480D-860A-DF70C97EC905}"
EndProject
Project("{FAE04EC0-301F-11D3-BF4B-00C04F79EFBC}") = "09. Multiplication Table", "02. C# Conditional Statements and Loops\Lab\09. Multiplication Table\09. Multiplication Table.csproj", "{8ACEB526-A081-48AA-A4F4-694C250BE775}"
EndProject
Project("{FAE04EC0-301F-11D3-BF4B-00C04F79EFBC}") = "10. Multiplication Table 2.0", "02. C# Conditional Statements and Loops\Lab\10. Multiplication Table 2.0\10. Multiplication Table 2.0.csproj", "{E9EE67E7-6667-44ED-966E-98D58A0C25CD}"
EndProject
Project("{FAE04EC0-301F-11D3-BF4B-00C04F79EFBC}") = "11. Odd Number", "02. C# Conditional Statements and Loops\Lab\11. Odd Number\11. Odd Number.csproj", "{E247CC6F-CD45-4674-B7CE-1E778AC14741}"
EndProject
Project("{FAE04EC0-301F-11D3-BF4B-00C04F79EFBC}") = "12. Number Checker", "02. C# Conditional Statements and Loops\Lab\12. Number Checker\12. Number Checker.csproj", "{E484C858-FEF3-41C9-B5D4-1AB7469F38A0}"
EndProject
Project("{2150E333-8FDC-42A3-9474-1A3956D46DE8}") = "02. CSharp Conditional Statements and Loops - Exercises", "02. CSharp Conditional Statements and Loops - Exercises", "{9E8C46A9-93D0-47E0-806E-202E5F6079AC}"
EndProject
Project("{FAE04EC0-301F-11D3-BF4B-00C04F79EFBC}") = "01. Choose a Drink", "02. C# Conditional Statements and Loops\Exercises\01. Choose a Drink\01. Choose a Drink.csproj", "{4A4E871C-8315-40C5-ACD8-2BDA5CD2DF83}"
EndProject
Project("{FAE04EC0-301F-11D3-BF4B-00C04F79EFBC}") = "02. Choose a Drink 2.0", "02. C# Conditional Statements and Loops\Exercises\02. Choose a Drink 2.0\02. Choose a Drink 2.0.csproj", "{481EB42C-BE56-45C7-AA24-72B0AD066BFC}"
EndProject
Project("{FAE04EC0-301F-11D3-BF4B-00C04F79EFBC}") = "03. Restaurant Discount", "02. C# Conditional Statements and Loops\Exercises\03. Restaurant Discount\03. Restaurant Discount.csproj", "{2F704DE4-2053-4DC9-9413-BF8E3C651867}"
EndProject
Project("{FAE04EC0-301F-11D3-BF4B-00C04F79EFBC}") = "04. Hotel", "02. C# Conditional Statements and Loops\Exercises\04. Hotel\04. Hotel.csproj", "{E3BE5183-ADDE-4941-8D77-5D9081A06515}"
EndProject
Project("{FAE04EC0-301F-11D3-BF4B-00C04F79EFBC}") = "05. Word in Plural", "02. C# Conditional Statements and Loops\Exercises\05. Word in Plural\05. Word in Plural.csproj", "{F20C6C7A-AB74-42AA-B74E-03002A795C1F}"
EndProject
Project("{FAE04EC0-301F-11D3-BF4B-00C04F79EFBC}") = "06. Interval of Numbers", "02. C# Conditional Statements and Loops\Exercises\06. Interval of Numbers\06. Interval of Numbers.csproj", "{FC4A94F7-EF81-4EE0-B919-DC3B6956E04C}"
EndProject
Project("{FAE04EC0-301F-11D3-BF4B-00C04F79EFBC}") = "07. Cake Ingredients", "02. C# Conditional Statements and Loops\Exercises\07. Cake Ingredients\07. Cake Ingredients.csproj", "{6844E940-D1DE-4827-AAF8-7000EBC9FDCC}"
EndProject
Project("{FAE04EC0-301F-11D3-BF4B-00C04F79EFBC}") = "08. Calories Counter", "02. C# Conditional Statements and Loops\Exercises\08. Calories Counter\08. Calories Counter.csproj", "{51D3BE9E-4584-44EA-A5E6-814205E38169}"
EndProject
Project("{FAE04EC0-301F-11D3-BF4B-00C04F79EFBC}") = "09. Count the Integers", "02. C# Conditional Statements and Loops\Exercises\09. Count the Integers\09. Count the Integers.csproj", "{5E175505-79EC-4B70-9BB6-6FDD62679CFA}"
EndProject
Project("{FAE04EC0-301F-11D3-BF4B-00C04F79EFBC}") = "11. 5 Different Numbers", "02. C# Conditional Statements and Loops\Exercises\11. 5 Different Numbers\11. 5 Different Numbers.csproj", "{6AB752F2-B522-4B2F-9FF8-032FB4363FAD}"
EndProject
Project("{FAE04EC0-301F-11D3-BF4B-00C04F79EFBC}") = "10. Triangle of Numbers", "02. C# Conditional Statements and Loops\Exercises\10. Triangle of Numbers\10. Triangle of Numbers.csproj", "{B8874144-02C5-4478-A4AD-9B80E7D16B21}"
EndProject
Project("{FAE04EC0-301F-11D3-BF4B-00C04F79EFBC}") = "12. Test Numbers", "02. C# Conditional Statements and Loops\Exercises\12. Test Numbers\12. Test Numbers.csproj", "{1D0639FD-68AA-42E4-9B92-F845CFF04BAD}"
EndProject
Project("{FAE04EC0-301F-11D3-BF4B-00C04F79EFBC}") = "13. Game of Numbers", "02. C# Conditional Statements and Loops\Exercises\13. Game of Numbers\13. Game of Numbers.csproj", "{EF960918-21C8-404F-B56D-4A90F9930B2A}"
EndProject
Project("{FAE04EC0-301F-11D3-BF4B-00C04F79EFBC}") = "14. Magic Letter", "02. C# Conditional Statements and Loops\Exercises\14. Magic Letter\14. Magic Letter.csproj", "{4D113C27-B7FE-44A6-A6D0-38283A439ACB}"
EndProject
Project("{FAE04EC0-301F-11D3-BF4B-00C04F79EFBC}") = "15. Neighbour Wars", "02. C# Conditional Statements and Loops\Exercises\15. Neighbour Wars\15. Neighbour Wars.csproj", "{C3300601-26D7-4667-B251-CDCF2F4812C5}"
EndProject
Project("{2150E333-8FDC-42A3-9474-1A3956D46DE8}") = "03. Data Types and Variables - Lab", "03. Data Types and Variables - Lab", "{A7B26C21-5528-4463-BF08-0060E9AF09D0}"
EndProject
Project("{FAE04EC0-301F-11D3-BF4B-00C04F79EFBC}") = "01. Centuries to Minutes", "03. Data Types and Variables\Lab\01. Centuries to Minutes\01. Centuries to Minutes.csproj", "{28B45D27-E837-40A6-A5E6-726096765F38}"
EndProject
Project("{FAE04EC0-301F-11D3-BF4B-00C04F79EFBC}") = "02. Circle Area (Precision 12)", "03. Data Types and Variables\Lab\02. Circle Area (Precision 12)\02. Circle Area (Precision 12).csproj", "{17CE18A7-5CD4-4454-BD06-09962FF1B376}"
EndProject
Project("{FAE04EC0-301F-11D3-BF4B-00C04F79EFBC}") = "03. Exact Sum of Real Numbers", "03. Data Types and Variables\Lab\03. Exact Sum of Real Numbers\03. Exact Sum of Real Numbers.csproj", "{4D8CE577-5D15-4BC2-A512-6A9A8A3E434F}"
EndProject
Global
	GlobalSection(SolutionConfigurationPlatforms) = preSolution
		Debug|Any CPU = Debug|Any CPU
		Release|Any CPU = Release|Any CPU
	EndGlobalSection
	GlobalSection(ProjectConfigurationPlatforms) = postSolution
		{AE98C82E-A9AA-4A50-BC81-D14EE1466A7C}.Debug|Any CPU.ActiveCfg = Debug|Any CPU
		{AE98C82E-A9AA-4A50-BC81-D14EE1466A7C}.Debug|Any CPU.Build.0 = Debug|Any CPU
		{AE98C82E-A9AA-4A50-BC81-D14EE1466A7C}.Release|Any CPU.ActiveCfg = Release|Any CPU
		{AE98C82E-A9AA-4A50-BC81-D14EE1466A7C}.Release|Any CPU.Build.0 = Release|Any CPU
		{162224A6-76C0-466F-9DDB-3D7DBB634B91}.Debug|Any CPU.ActiveCfg = Debug|Any CPU
		{162224A6-76C0-466F-9DDB-3D7DBB634B91}.Debug|Any CPU.Build.0 = Debug|Any CPU
		{162224A6-76C0-466F-9DDB-3D7DBB634B91}.Release|Any CPU.ActiveCfg = Release|Any CPU
		{162224A6-76C0-466F-9DDB-3D7DBB634B91}.Release|Any CPU.Build.0 = Release|Any CPU
		{EE9343FE-A924-40FD-8036-52279C9F7F6D}.Debug|Any CPU.ActiveCfg = Debug|Any CPU
		{EE9343FE-A924-40FD-8036-52279C9F7F6D}.Debug|Any CPU.Build.0 = Debug|Any CPU
		{EE9343FE-A924-40FD-8036-52279C9F7F6D}.Release|Any CPU.ActiveCfg = Release|Any CPU
		{EE9343FE-A924-40FD-8036-52279C9F7F6D}.Release|Any CPU.Build.0 = Release|Any CPU
		{6AC98BE4-45CF-4EB9-A5C0-AC796FEEEA10}.Debug|Any CPU.ActiveCfg = Debug|Any CPU
		{6AC98BE4-45CF-4EB9-A5C0-AC796FEEEA10}.Debug|Any CPU.Build.0 = Debug|Any CPU
		{6AC98BE4-45CF-4EB9-A5C0-AC796FEEEA10}.Release|Any CPU.ActiveCfg = Release|Any CPU
		{6AC98BE4-45CF-4EB9-A5C0-AC796FEEEA10}.Release|Any CPU.Build.0 = Release|Any CPU
		{5183BF9A-5231-4DA6-825E-E497F437DFCB}.Debug|Any CPU.ActiveCfg = Debug|Any CPU
		{5183BF9A-5231-4DA6-825E-E497F437DFCB}.Debug|Any CPU.Build.0 = Debug|Any CPU
		{5183BF9A-5231-4DA6-825E-E497F437DFCB}.Release|Any CPU.ActiveCfg = Release|Any CPU
		{5183BF9A-5231-4DA6-825E-E497F437DFCB}.Release|Any CPU.Build.0 = Release|Any CPU
		{5B25A119-D94A-463E-90B1-348615F9BED6}.Debug|Any CPU.ActiveCfg = Debug|Any CPU
		{5B25A119-D94A-463E-90B1-348615F9BED6}.Debug|Any CPU.Build.0 = Debug|Any CPU
		{5B25A119-D94A-463E-90B1-348615F9BED6}.Release|Any CPU.ActiveCfg = Release|Any CPU
		{5B25A119-D94A-463E-90B1-348615F9BED6}.Release|Any CPU.Build.0 = Release|Any CPU
		{612C2291-BA1B-4643-B87C-28C69F2E3CDD}.Debug|Any CPU.ActiveCfg = Debug|Any CPU
		{612C2291-BA1B-4643-B87C-28C69F2E3CDD}.Debug|Any CPU.Build.0 = Debug|Any CPU
		{612C2291-BA1B-4643-B87C-28C69F2E3CDD}.Release|Any CPU.ActiveCfg = Release|Any CPU
		{612C2291-BA1B-4643-B87C-28C69F2E3CDD}.Release|Any CPU.Build.0 = Release|Any CPU
		{4141F4F0-816A-4D34-AC59-8D45083E4311}.Debug|Any CPU.ActiveCfg = Debug|Any CPU
		{4141F4F0-816A-4D34-AC59-8D45083E4311}.Debug|Any CPU.Build.0 = Debug|Any CPU
		{4141F4F0-816A-4D34-AC59-8D45083E4311}.Release|Any CPU.ActiveCfg = Release|Any CPU
		{4141F4F0-816A-4D34-AC59-8D45083E4311}.Release|Any CPU.Build.0 = Release|Any CPU
		{88D65B8D-AEA2-4C8A-8AB7-4408AC676779}.Debug|Any CPU.ActiveCfg = Debug|Any CPU
		{88D65B8D-AEA2-4C8A-8AB7-4408AC676779}.Debug|Any CPU.Build.0 = Debug|Any CPU
		{88D65B8D-AEA2-4C8A-8AB7-4408AC676779}.Release|Any CPU.ActiveCfg = Release|Any CPU
		{88D65B8D-AEA2-4C8A-8AB7-4408AC676779}.Release|Any CPU.Build.0 = Release|Any CPU
		{300D32F4-3FCD-434D-891C-42F4C9351A82}.Debug|Any CPU.ActiveCfg = Debug|Any CPU
		{300D32F4-3FCD-434D-891C-42F4C9351A82}.Debug|Any CPU.Build.0 = Debug|Any CPU
		{300D32F4-3FCD-434D-891C-42F4C9351A82}.Release|Any CPU.ActiveCfg = Release|Any CPU
		{300D32F4-3FCD-434D-891C-42F4C9351A82}.Release|Any CPU.Build.0 = Release|Any CPU
		{2B94D838-CA1B-4583-8BE6-239B7735D17B}.Debug|Any CPU.ActiveCfg = Debug|Any CPU
		{2B94D838-CA1B-4583-8BE6-239B7735D17B}.Debug|Any CPU.Build.0 = Debug|Any CPU
		{2B94D838-CA1B-4583-8BE6-239B7735D17B}.Release|Any CPU.ActiveCfg = Release|Any CPU
		{2B94D838-CA1B-4583-8BE6-239B7735D17B}.Release|Any CPU.Build.0 = Release|Any CPU
		{CA824F46-5DC4-453F-A3BC-939242452722}.Debug|Any CPU.ActiveCfg = Debug|Any CPU
		{CA824F46-5DC4-453F-A3BC-939242452722}.Debug|Any CPU.Build.0 = Debug|Any CPU
		{CA824F46-5DC4-453F-A3BC-939242452722}.Release|Any CPU.ActiveCfg = Release|Any CPU
		{CA824F46-5DC4-453F-A3BC-939242452722}.Release|Any CPU.Build.0 = Release|Any CPU
		{D4872299-CFFF-468B-B83E-DCB652B05226}.Debug|Any CPU.ActiveCfg = Debug|Any CPU
		{D4872299-CFFF-468B-B83E-DCB652B05226}.Debug|Any CPU.Build.0 = Debug|Any CPU
		{D4872299-CFFF-468B-B83E-DCB652B05226}.Release|Any CPU.ActiveCfg = Release|Any CPU
		{D4872299-CFFF-468B-B83E-DCB652B05226}.Release|Any CPU.Build.0 = Release|Any CPU
		{C30D79A4-96F8-4BEB-AF89-BEC7132F7189}.Debug|Any CPU.ActiveCfg = Debug|Any CPU
		{C30D79A4-96F8-4BEB-AF89-BEC7132F7189}.Debug|Any CPU.Build.0 = Debug|Any CPU
		{C30D79A4-96F8-4BEB-AF89-BEC7132F7189}.Release|Any CPU.ActiveCfg = Release|Any CPU
		{C30D79A4-96F8-4BEB-AF89-BEC7132F7189}.Release|Any CPU.Build.0 = Release|Any CPU
		{94A586F3-3230-4147-AFD5-73BBF161194E}.Debug|Any CPU.ActiveCfg = Debug|Any CPU
		{94A586F3-3230-4147-AFD5-73BBF161194E}.Debug|Any CPU.Build.0 = Debug|Any CPU
		{94A586F3-3230-4147-AFD5-73BBF161194E}.Release|Any CPU.ActiveCfg = Release|Any CPU
		{94A586F3-3230-4147-AFD5-73BBF161194E}.Release|Any CPU.Build.0 = Release|Any CPU
		{80D85B16-7CF3-480D-860A-DF70C97EC905}.Debug|Any CPU.ActiveCfg = Debug|Any CPU
		{80D85B16-7CF3-480D-860A-DF70C97EC905}.Debug|Any CPU.Build.0 = Debug|Any CPU
		{80D85B16-7CF3-480D-860A-DF70C97EC905}.Release|Any CPU.ActiveCfg = Release|Any CPU
		{80D85B16-7CF3-480D-860A-DF70C97EC905}.Release|Any CPU.Build.0 = Release|Any CPU
		{8ACEB526-A081-48AA-A4F4-694C250BE775}.Debug|Any CPU.ActiveCfg = Debug|Any CPU
		{8ACEB526-A081-48AA-A4F4-694C250BE775}.Debug|Any CPU.Build.0 = Debug|Any CPU
		{8ACEB526-A081-48AA-A4F4-694C250BE775}.Release|Any CPU.ActiveCfg = Release|Any CPU
		{8ACEB526-A081-48AA-A4F4-694C250BE775}.Release|Any CPU.Build.0 = Release|Any CPU
		{E9EE67E7-6667-44ED-966E-98D58A0C25CD}.Debug|Any CPU.ActiveCfg = Debug|Any CPU
		{E9EE67E7-6667-44ED-966E-98D58A0C25CD}.Debug|Any CPU.Build.0 = Debug|Any CPU
		{E9EE67E7-6667-44ED-966E-98D58A0C25CD}.Release|Any CPU.ActiveCfg = Release|Any CPU
		{E9EE67E7-6667-44ED-966E-98D58A0C25CD}.Release|Any CPU.Build.0 = Release|Any CPU
		{E247CC6F-CD45-4674-B7CE-1E778AC14741}.Debug|Any CPU.ActiveCfg = Debug|Any CPU
		{E247CC6F-CD45-4674-B7CE-1E778AC14741}.Debug|Any CPU.Build.0 = Debug|Any CPU
		{E247CC6F-CD45-4674-B7CE-1E778AC14741}.Release|Any CPU.ActiveCfg = Release|Any CPU
		{E247CC6F-CD45-4674-B7CE-1E778AC14741}.Release|Any CPU.Build.0 = Release|Any CPU
		{E484C858-FEF3-41C9-B5D4-1AB7469F38A0}.Debug|Any CPU.ActiveCfg = Debug|Any CPU
		{E484C858-FEF3-41C9-B5D4-1AB7469F38A0}.Debug|Any CPU.Build.0 = Debug|Any CPU
		{E484C858-FEF3-41C9-B5D4-1AB7469F38A0}.Release|Any CPU.ActiveCfg = Release|Any CPU
		{E484C858-FEF3-41C9-B5D4-1AB7469F38A0}.Release|Any CPU.Build.0 = Release|Any CPU
		{4A4E871C-8315-40C5-ACD8-2BDA5CD2DF83}.Debug|Any CPU.ActiveCfg = Debug|Any CPU
		{4A4E871C-8315-40C5-ACD8-2BDA5CD2DF83}.Debug|Any CPU.Build.0 = Debug|Any CPU
		{4A4E871C-8315-40C5-ACD8-2BDA5CD2DF83}.Release|Any CPU.ActiveCfg = Release|Any CPU
		{4A4E871C-8315-40C5-ACD8-2BDA5CD2DF83}.Release|Any CPU.Build.0 = Release|Any CPU
		{481EB42C-BE56-45C7-AA24-72B0AD066BFC}.Debug|Any CPU.ActiveCfg = Debug|Any CPU
		{481EB42C-BE56-45C7-AA24-72B0AD066BFC}.Debug|Any CPU.Build.0 = Debug|Any CPU
		{481EB42C-BE56-45C7-AA24-72B0AD066BFC}.Release|Any CPU.ActiveCfg = Release|Any CPU
		{481EB42C-BE56-45C7-AA24-72B0AD066BFC}.Release|Any CPU.Build.0 = Release|Any CPU
		{2F704DE4-2053-4DC9-9413-BF8E3C651867}.Debug|Any CPU.ActiveCfg = Debug|Any CPU
		{2F704DE4-2053-4DC9-9413-BF8E3C651867}.Debug|Any CPU.Build.0 = Debug|Any CPU
		{2F704DE4-2053-4DC9-9413-BF8E3C651867}.Release|Any CPU.ActiveCfg = Release|Any CPU
		{2F704DE4-2053-4DC9-9413-BF8E3C651867}.Release|Any CPU.Build.0 = Release|Any CPU
		{E3BE5183-ADDE-4941-8D77-5D9081A06515}.Debug|Any CPU.ActiveCfg = Debug|Any CPU
		{E3BE5183-ADDE-4941-8D77-5D9081A06515}.Debug|Any CPU.Build.0 = Debug|Any CPU
		{E3BE5183-ADDE-4941-8D77-5D9081A06515}.Release|Any CPU.ActiveCfg = Release|Any CPU
		{E3BE5183-ADDE-4941-8D77-5D9081A06515}.Release|Any CPU.Build.0 = Release|Any CPU
		{F20C6C7A-AB74-42AA-B74E-03002A795C1F}.Debug|Any CPU.ActiveCfg = Debug|Any CPU
		{F20C6C7A-AB74-42AA-B74E-03002A795C1F}.Debug|Any CPU.Build.0 = Debug|Any CPU
		{F20C6C7A-AB74-42AA-B74E-03002A795C1F}.Release|Any CPU.ActiveCfg = Release|Any CPU
		{F20C6C7A-AB74-42AA-B74E-03002A795C1F}.Release|Any CPU.Build.0 = Release|Any CPU
		{FC4A94F7-EF81-4EE0-B919-DC3B6956E04C}.Debug|Any CPU.ActiveCfg = Debug|Any CPU
		{FC4A94F7-EF81-4EE0-B919-DC3B6956E04C}.Debug|Any CPU.Build.0 = Debug|Any CPU
		{FC4A94F7-EF81-4EE0-B919-DC3B6956E04C}.Release|Any CPU.ActiveCfg = Release|Any CPU
		{FC4A94F7-EF81-4EE0-B919-DC3B6956E04C}.Release|Any CPU.Build.0 = Release|Any CPU
		{6844E940-D1DE-4827-AAF8-7000EBC9FDCC}.Debug|Any CPU.ActiveCfg = Debug|Any CPU
		{6844E940-D1DE-4827-AAF8-7000EBC9FDCC}.Debug|Any CPU.Build.0 = Debug|Any CPU
		{6844E940-D1DE-4827-AAF8-7000EBC9FDCC}.Release|Any CPU.ActiveCfg = Release|Any CPU
		{6844E940-D1DE-4827-AAF8-7000EBC9FDCC}.Release|Any CPU.Build.0 = Release|Any CPU
		{51D3BE9E-4584-44EA-A5E6-814205E38169}.Debug|Any CPU.ActiveCfg = Debug|Any CPU
		{51D3BE9E-4584-44EA-A5E6-814205E38169}.Debug|Any CPU.Build.0 = Debug|Any CPU
		{51D3BE9E-4584-44EA-A5E6-814205E38169}.Release|Any CPU.ActiveCfg = Release|Any CPU
		{51D3BE9E-4584-44EA-A5E6-814205E38169}.Release|Any CPU.Build.0 = Release|Any CPU
		{5E175505-79EC-4B70-9BB6-6FDD62679CFA}.Debug|Any CPU.ActiveCfg = Debug|Any CPU
		{5E175505-79EC-4B70-9BB6-6FDD62679CFA}.Debug|Any CPU.Build.0 = Debug|Any CPU
		{5E175505-79EC-4B70-9BB6-6FDD62679CFA}.Release|Any CPU.ActiveCfg = Release|Any CPU
		{5E175505-79EC-4B70-9BB6-6FDD62679CFA}.Release|Any CPU.Build.0 = Release|Any CPU
		{6AB752F2-B522-4B2F-9FF8-032FB4363FAD}.Debug|Any CPU.ActiveCfg = Debug|Any CPU
		{6AB752F2-B522-4B2F-9FF8-032FB4363FAD}.Debug|Any CPU.Build.0 = Debug|Any CPU
		{6AB752F2-B522-4B2F-9FF8-032FB4363FAD}.Release|Any CPU.ActiveCfg = Release|Any CPU
		{6AB752F2-B522-4B2F-9FF8-032FB4363FAD}.Release|Any CPU.Build.0 = Release|Any CPU
		{B8874144-02C5-4478-A4AD-9B80E7D16B21}.Debug|Any CPU.ActiveCfg = Debug|Any CPU
		{B8874144-02C5-4478-A4AD-9B80E7D16B21}.Debug|Any CPU.Build.0 = Debug|Any CPU
		{B8874144-02C5-4478-A4AD-9B80E7D16B21}.Release|Any CPU.ActiveCfg = Release|Any CPU
		{B8874144-02C5-4478-A4AD-9B80E7D16B21}.Release|Any CPU.Build.0 = Release|Any CPU
		{1D0639FD-68AA-42E4-9B92-F845CFF04BAD}.Debug|Any CPU.ActiveCfg = Debug|Any CPU
		{1D0639FD-68AA-42E4-9B92-F845CFF04BAD}.Debug|Any CPU.Build.0 = Debug|Any CPU
		{1D0639FD-68AA-42E4-9B92-F845CFF04BAD}.Release|Any CPU.ActiveCfg = Release|Any CPU
		{1D0639FD-68AA-42E4-9B92-F845CFF04BAD}.Release|Any CPU.Build.0 = Release|Any CPU
		{EF960918-21C8-404F-B56D-4A90F9930B2A}.Debug|Any CPU.ActiveCfg = Debug|Any CPU
		{EF960918-21C8-404F-B56D-4A90F9930B2A}.Debug|Any CPU.Build.0 = Debug|Any CPU
		{EF960918-21C8-404F-B56D-4A90F9930B2A}.Release|Any CPU.ActiveCfg = Release|Any CPU
		{EF960918-21C8-404F-B56D-4A90F9930B2A}.Release|Any CPU.Build.0 = Release|Any CPU
		{4D113C27-B7FE-44A6-A6D0-38283A439ACB}.Debug|Any CPU.ActiveCfg = Debug|Any CPU
		{4D113C27-B7FE-44A6-A6D0-38283A439ACB}.Debug|Any CPU.Build.0 = Debug|Any CPU
		{4D113C27-B7FE-44A6-A6D0-38283A439ACB}.Release|Any CPU.ActiveCfg = Release|Any CPU
		{4D113C27-B7FE-44A6-A6D0-38283A439ACB}.Release|Any CPU.Build.0 = Release|Any CPU
		{C3300601-26D7-4667-B251-CDCF2F4812C5}.Debug|Any CPU.ActiveCfg = Debug|Any CPU
		{C3300601-26D7-4667-B251-CDCF2F4812C5}.Debug|Any CPU.Build.0 = Debug|Any CPU
		{C3300601-26D7-4667-B251-CDCF2F4812C5}.Release|Any CPU.ActiveCfg = Release|Any CPU
		{C3300601-26D7-4667-B251-CDCF2F4812C5}.Release|Any CPU.Build.0 = Release|Any CPU
		{28B45D27-E837-40A6-A5E6-726096765F38}.Debug|Any CPU.ActiveCfg = Debug|Any CPU
		{28B45D27-E837-40A6-A5E6-726096765F38}.Debug|Any CPU.Build.0 = Debug|Any CPU
		{28B45D27-E837-40A6-A5E6-726096765F38}.Release|Any CPU.ActiveCfg = Release|Any CPU
		{28B45D27-E837-40A6-A5E6-726096765F38}.Release|Any CPU.Build.0 = Release|Any CPU
		{17CE18A7-5CD4-4454-BD06-09962FF1B376}.Debug|Any CPU.ActiveCfg = Debug|Any CPU
		{17CE18A7-5CD4-4454-BD06-09962FF1B376}.Debug|Any CPU.Build.0 = Debug|Any CPU
		{17CE18A7-5CD4-4454-BD06-09962FF1B376}.Release|Any CPU.ActiveCfg = Release|Any CPU
		{17CE18A7-5CD4-4454-BD06-09962FF1B376}.Release|Any CPU.Build.0 = Release|Any CPU
		{4D8CE577-5D15-4BC2-A512-6A9A8A3E434F}.Debug|Any CPU.ActiveCfg = Debug|Any CPU
		{4D8CE577-5D15-4BC2-A512-6A9A8A3E434F}.Debug|Any CPU.Build.0 = Debug|Any CPU
		{4D8CE577-5D15-4BC2-A512-6A9A8A3E434F}.Release|Any CPU.ActiveCfg = Release|Any CPU
		{4D8CE577-5D15-4BC2-A512-6A9A8A3E434F}.Release|Any CPU.Build.0 = Release|Any CPU
	EndGlobalSection
	GlobalSection(SolutionProperties) = preSolution
		HideSolutionNode = FALSE
	EndGlobalSection
	GlobalSection(NestedProjects) = preSolution
		{AE98C82E-A9AA-4A50-BC81-D14EE1466A7C} = {7EAA4D42-C95C-4A34-B29C-3C50FE02E0DF}
		{162224A6-76C0-466F-9DDB-3D7DBB634B91} = {7EAA4D42-C95C-4A34-B29C-3C50FE02E0DF}
		{EE9343FE-A924-40FD-8036-52279C9F7F6D} = {7EAA4D42-C95C-4A34-B29C-3C50FE02E0DF}
		{6AC98BE4-45CF-4EB9-A5C0-AC796FEEEA10} = {7EAA4D42-C95C-4A34-B29C-3C50FE02E0DF}
		{5183BF9A-5231-4DA6-825E-E497F437DFCB} = {7EAA4D42-C95C-4A34-B29C-3C50FE02E0DF}
		{5B25A119-D94A-463E-90B1-348615F9BED6} = {3DC235F9-0589-45D2-B0AE-3AD205A09928}
		{612C2291-BA1B-4643-B87C-28C69F2E3CDD} = {3DC235F9-0589-45D2-B0AE-3AD205A09928}
		{4141F4F0-816A-4D34-AC59-8D45083E4311} = {3DC235F9-0589-45D2-B0AE-3AD205A09928}
		{88D65B8D-AEA2-4C8A-8AB7-4408AC676779} = {EBC9AE6F-63C2-4A9E-B50B-1647B2BA8FFD}
		{300D32F4-3FCD-434D-891C-42F4C9351A82} = {EBC9AE6F-63C2-4A9E-B50B-1647B2BA8FFD}
		{2B94D838-CA1B-4583-8BE6-239B7735D17B} = {EBC9AE6F-63C2-4A9E-B50B-1647B2BA8FFD}
		{CA824F46-5DC4-453F-A3BC-939242452722} = {EBC9AE6F-63C2-4A9E-B50B-1647B2BA8FFD}
		{D4872299-CFFF-468B-B83E-DCB652B05226} = {EBC9AE6F-63C2-4A9E-B50B-1647B2BA8FFD}
		{C30D79A4-96F8-4BEB-AF89-BEC7132F7189} = {EBC9AE6F-63C2-4A9E-B50B-1647B2BA8FFD}
		{94A586F3-3230-4147-AFD5-73BBF161194E} = {EBC9AE6F-63C2-4A9E-B50B-1647B2BA8FFD}
		{80D85B16-7CF3-480D-860A-DF70C97EC905} = {EBC9AE6F-63C2-4A9E-B50B-1647B2BA8FFD}
		{8ACEB526-A081-48AA-A4F4-694C250BE775} = {EBC9AE6F-63C2-4A9E-B50B-1647B2BA8FFD}
		{E9EE67E7-6667-44ED-966E-98D58A0C25CD} = {EBC9AE6F-63C2-4A9E-B50B-1647B2BA8FFD}
		{E247CC6F-CD45-4674-B7CE-1E778AC14741} = {EBC9AE6F-63C2-4A9E-B50B-1647B2BA8FFD}
		{E484C858-FEF3-41C9-B5D4-1AB7469F38A0} = {EBC9AE6F-63C2-4A9E-B50B-1647B2BA8FFD}
		{4A4E871C-8315-40C5-ACD8-2BDA5CD2DF83} = {9E8C46A9-93D0-47E0-806E-202E5F6079AC}
		{481EB42C-BE56-45C7-AA24-72B0AD066BFC} = {9E8C46A9-93D0-47E0-806E-202E5F6079AC}
		{2F704DE4-2053-4DC9-9413-BF8E3C651867} = {9E8C46A9-93D0-47E0-806E-202E5F6079AC}
		{E3BE5183-ADDE-4941-8D77-5D9081A06515} = {9E8C46A9-93D0-47E0-806E-202E5F6079AC}
		{F20C6C7A-AB74-42AA-B74E-03002A795C1F} = {9E8C46A9-93D0-47E0-806E-202E5F6079AC}
		{FC4A94F7-EF81-4EE0-B919-DC3B6956E04C} = {9E8C46A9-93D0-47E0-806E-202E5F6079AC}
		{6844E940-D1DE-4827-AAF8-7000EBC9FDCC} = {9E8C46A9-93D0-47E0-806E-202E5F6079AC}
		{51D3BE9E-4584-44EA-A5E6-814205E38169} = {9E8C46A9-93D0-47E0-806E-202E5F6079AC}
		{5E175505-79EC-4B70-9BB6-6FDD62679CFA} = {9E8C46A9-93D0-47E0-806E-202E5F6079AC}
		{6AB752F2-B522-4B2F-9FF8-032FB4363FAD} = {9E8C46A9-93D0-47E0-806E-202E5F6079AC}
		{B8874144-02C5-4478-A4AD-9B80E7D16B21} = {9E8C46A9-93D0-47E0-806E-202E5F6079AC}
		{1D0639FD-68AA-42E4-9B92-F845CFF04BAD} = {9E8C46A9-93D0-47E0-806E-202E5F6079AC}
		{EF960918-21C8-404F-B56D-4A90F9930B2A} = {9E8C46A9-93D0-47E0-806E-202E5F6079AC}
		{4D113C27-B7FE-44A6-A6D0-38283A439ACB} = {9E8C46A9-93D0-47E0-806E-202E5F6079AC}
		{C3300601-26D7-4667-B251-CDCF2F4812C5} = {9E8C46A9-93D0-47E0-806E-202E5F6079AC}
		{28B45D27-E837-40A6-A5E6-726096765F38} = {A7B26C21-5528-4463-BF08-0060E9AF09D0}
		{17CE18A7-5CD4-4454-BD06-09962FF1B376} = {A7B26C21-5528-4463-BF08-0060E9AF09D0}
		{4D8CE577-5D15-4BC2-A512-6A9A8A3E434F} = {A7B26C21-5528-4463-BF08-0060E9AF09D0}
	EndGlobalSection
	GlobalSection(ExtensibilityGlobals) = postSolution
		SolutionGuid = {6F96CFDD-AC87-463C-8A86-BB7F86437910}
	EndGlobalSection
EndGlobal
