
Microsoft Visual Studio Solution File, Format Version 12.00
# Visual Studio 15
VisualStudioVersion = 15.0.26730.16
MinimumVisualStudioVersion = 10.0.40219.1
Project("{FAE04EC0-301F-11D3-BF4B-00C04F79EFBC}") = "Example", "Example\Example.csproj", "{CDCB14CE-BB6C-4860-AD5E-B399454A9755}"
EndProject
Global
	GlobalSection(SolutionConfigurationPlatforms) = preSolution
		Debug|Any CPU = Debug|Any CPU
		Release|Any CPU = Release|Any CPU
	EndGlobalSection
	GlobalSection(ProjectConfigurationPlatforms) = postSolution
		{CDCB14CE-BB6C-4860-AD5E-B399454A9755}.Debug|Any CPU.ActiveCfg = Debug|Any CPU
		{CDCB14CE-BB6C-4860-AD5E-B399454A9755}.Debug|Any CPU.Build.0 = Debug|Any CPU
		{CDCB14CE-BB6C-4860-AD5E-B399454A9755}.Release|Any CPU.ActiveCfg = Release|Any CPU
		{CDCB14CE-BB6C-4860-AD5E-B399454A9755}.Release|Any CPU.Build.0 = Release|Any CPU
	EndGlobalSection
	GlobalSection(SolutionProperties) = preSolution
		HideSolutionNode = FALSE
	EndGlobalSection
	GlobalSection(ExtensibilityGlobals) = postSolution
		SolutionGuid = {656C23EF-1704-4C63-B9E8-953178A385C7}
	EndGlobalSection
EndGlobal
