
Microsoft Visual Studio Solution File, Format Version 12.00
# Visual Studio 15
VisualStudioVersion = 15.0.27428.2002
MinimumVisualStudioVersion = 10.0.40219.1
Project("{9A19103F-16F7-4668-BE54-9A1E7A4F7556}") = "Forum.App", "Forum.App\Forum.App.csproj", "{FC540DFA-C0EE-4000-8966-A8DAFA15FECF}"
EndProject
Project("{FAE04EC0-301F-11D3-BF4B-00C04F79EFBC}") = "Forum.Models", "Forum.Models\Forum.Models.csproj", "{C3433864-2A0C-4AB1-82EC-F5C77222A454}"
EndProject
Project("{FAE04EC0-301F-11D3-BF4B-00C04F79EFBC}") = "Forum.Data", "Forum.Data\Forum.Data.csproj", "{9677A16F-4A63-4895-B687-7C2107383DC3}"
EndProject
Global
	GlobalSection(SolutionConfigurationPlatforms) = preSolution
		Debug|Any CPU = Debug|Any CPU
		Release|Any CPU = Release|Any CPU
	EndGlobalSection
	GlobalSection(ProjectConfigurationPlatforms) = postSolution
		{FC540DFA-C0EE-4000-8966-A8DAFA15FECF}.Debug|Any CPU.ActiveCfg = Debug|Any CPU
		{FC540DFA-C0EE-4000-8966-A8DAFA15FECF}.Debug|Any CPU.Build.0 = Debug|Any CPU
		{FC540DFA-C0EE-4000-8966-A8DAFA15FECF}.Release|Any CPU.ActiveCfg = Release|Any CPU
		{FC540DFA-C0EE-4000-8966-A8DAFA15FECF}.Release|Any CPU.Build.0 = Release|Any CPU
		{C3433864-2A0C-4AB1-82EC-F5C77222A454}.Debug|Any CPU.ActiveCfg = Debug|Any CPU
		{C3433864-2A0C-4AB1-82EC-F5C77222A454}.Debug|Any CPU.Build.0 = Debug|Any CPU
		{C3433864-2A0C-4AB1-82EC-F5C77222A454}.Release|Any CPU.ActiveCfg = Release|Any CPU
		{C3433864-2A0C-4AB1-82EC-F5C77222A454}.Release|Any CPU.Build.0 = Release|Any CPU
		{9677A16F-4A63-4895-B687-7C2107383DC3}.Debug|Any CPU.ActiveCfg = Debug|Any CPU
		{9677A16F-4A63-4895-B687-7C2107383DC3}.Debug|Any CPU.Build.0 = Debug|Any CPU
		{9677A16F-4A63-4895-B687-7C2107383DC3}.Release|Any CPU.ActiveCfg = Release|Any CPU
		{9677A16F-4A63-4895-B687-7C2107383DC3}.Release|Any CPU.Build.0 = Release|Any CPU
	EndGlobalSection
	GlobalSection(SolutionProperties) = preSolution
		HideSolutionNode = FALSE
	EndGlobalSection
	GlobalSection(ExtensibilityGlobals) = postSolution
		SolutionGuid = {0B622BA3-DED0-4601-A672-7A4F2CA8EA8D}
	EndGlobalSection
EndGlobal
