
Microsoft Visual Studio Solution File, Format Version 12.00
# Visual Studio 15
VisualStudioVersion = 15.0.27428.2005
MinimumVisualStudioVersion = 10.0.40219.1
Project("{2150E333-8FDC-42A3-9474-1A3956D46DE8}") = "01 Solid - Lab", "01 Solid - Lab", "{EE2A7047-FDFF-471C-9E1D-0CE5FB0390E8}"
EndProject
Project("{9A19103F-16F7-4668-BE54-9A1E7A4F7556}") = "01. Stream Progress", "01. SOLID\Lab\01. Stream Progress\01. Stream Progress.csproj", "{7AE1BF07-53B7-48B6-8544-E391C249C44E}"
EndProject
Project("{9A19103F-16F7-4668-BE54-9A1E7A4F7556}") = "02. Graphic Editor", "01. SOLID\Lab\02. Graphic Editor\02. Graphic Editor.csproj", "{CFB750C2-A402-45B0-B96E-09A779D48F97}"
EndProject
Project("{9A19103F-16F7-4668-BE54-9A1E7A4F7556}") = "03. Detail Printer", "01. SOLID\Lab\03. Detail Printer\03. Detail Printer.csproj", "{00D3406F-A437-42E8-937C-B9CBDC7375CD}"
EndProject
Project("{9A19103F-16F7-4668-BE54-9A1E7A4F7556}") = "04. Recharge", "01. SOLID\Lab\04. Recharge\04. Recharge.csproj", "{CCE7999B-D9DC-498C-998F-8E02EA46B432}"
EndProject
Project("{2150E333-8FDC-42A3-9474-1A3956D46DE8}") = "02.1 Generics - Lab", "02.1 Generics - Lab", "{B0FF0215-121C-415B-A1FB-3CB9696067AD}"
EndProject
Project("{2150E333-8FDC-42A3-9474-1A3956D46DE8}") = "02.2 Generics - Exercises", "02.2 Generics - Exercises", "{F132BCE9-CFAF-4BEC-AE5E-16008F25DFFC}"
EndProject
Project("{9A19103F-16F7-4668-BE54-9A1E7A4F7556}") = "01. Box", "02. Generics\Lab\01. Box\01. Box.csproj", "{FDCE6844-E809-449A-AFD7-E66177AD538D}"
EndProject
Project("{9A19103F-16F7-4668-BE54-9A1E7A4F7556}") = "02. Array Creator", "02. Generics\Lab\02. Array Creator\02. Array Creator.csproj", "{C0A17B5C-8D89-4FE5-80D9-F9662435E91E}"
EndProject
Project("{9A19103F-16F7-4668-BE54-9A1E7A4F7556}") = "03. Scale", "02. Generics\Lab\03. Scale\03. Scale.csproj", "{FCCB91D5-CE9B-474C-B1E3-02608483BA67}"
EndProject
Project("{FAE04EC0-301F-11D3-BF4B-00C04F79EFBC}") = "01._Generic_Box_of_String", "02. Generics\Exercises\01._Generic_Box_of_String\01._Generic_Box_of_String.csproj", "{7F388199-FE32-4E38-8B22-E4816B88C7C6}"
EndProject
Project("{FAE04EC0-301F-11D3-BF4B-00C04F79EFBC}") = "00._Generic_Box", "02. Generics\Exercises\00._Generic_Box\00._Generic_Box.csproj", "{5CE2FE5D-CA42-467F-8172-6789C0D11F30}"
EndProject
Project("{FAE04EC0-301F-11D3-BF4B-00C04F79EFBC}") = "02._Generic_Box_of_Integer", "02. Generics\Exercises\02._Generic_Box_of_Integer\02._Generic_Box_of_Integer.csproj", "{8CC1AE95-A37A-48C3-95A8-49169C999CC6}"
EndProject
Project("{FAE04EC0-301F-11D3-BF4B-00C04F79EFBC}") = "03._Generic_Swap_Method_String", "02. Generics\Exercises\03._Generic_Swap_Method_String\03._Generic_Swap_Method_String.csproj", "{22D91873-0831-45F6-A971-DDCBEDA06A24}"
EndProject
Project("{FAE04EC0-301F-11D3-BF4B-00C04F79EFBC}") = "04._Generic_Swap_Method_Integer", "02. Generics\Exercises\04._Generic_Swap_Method_Integer\04._Generic_Swap_Method_Integer.csproj", "{DC0224CC-8411-4DBD-88B3-0474B3D668C4}"
EndProject
Project("{FAE04EC0-301F-11D3-BF4B-00C04F79EFBC}") = "05._Generic_Count_Method_String", "02. Generics\Exercises\05._Generic_Count_Method_String\05._Generic_Count_Method_String.csproj", "{A90E80D8-7FCF-4A04-89CA-379C495066B9}"
EndProject
Project("{FAE04EC0-301F-11D3-BF4B-00C04F79EFBC}") = "06._Generic_Count_Method_Double", "02. Generics\Exercises\06._Generic_Count_Method_Double\06._Generic_Count_Method_Double.csproj", "{AAE1C069-D99F-47C8-AA39-33BA9139D1CD}"
EndProject
Project("{FAE04EC0-301F-11D3-BF4B-00C04F79EFBC}") = "07._Custom_List", "02. Generics\Exercises\07._Custom_List\07._Custom_List.csproj", "{238A9B73-B668-4D9E-A250-B1A17F81EAD6}"
EndProject
Project("{FAE04EC0-301F-11D3-BF4B-00C04F79EFBC}") = "08._Custom_List_Sorter", "02. Generics\Exercises\08._Custom_List_Sorter\08._Custom_List_Sorter.csproj", "{13E67A51-6C80-4B88-BACB-B29644F9FB9A}"
EndProject
Project("{FAE04EC0-301F-11D3-BF4B-00C04F79EFBC}") = "09._Custom_List_Iterator", "02. Generics\Exercises\09._Custom_List_Iterator\09._Custom_List_Iterator.csproj", "{4B378A20-B195-4660-8C16-A9AE4C1E2464}"
EndProject
Project("{FAE04EC0-301F-11D3-BF4B-00C04F79EFBC}") = "10._Tuple", "02. Generics\Exercises\10._Tuple\10._Tuple.csproj", "{502BC63B-587D-4223-AFF5-05146C376098}"
EndProject
Project("{FAE04EC0-301F-11D3-BF4B-00C04F79EFBC}") = "11._Threeuple", "02. Generics\Exercises\11._Threeuple\11._Threeuple.csproj", "{F5BE1A70-565E-48D8-BDE2-FFDBB23C079A}"
EndProject
Global
	GlobalSection(SolutionConfigurationPlatforms) = preSolution
		Debug|Any CPU = Debug|Any CPU
		Release|Any CPU = Release|Any CPU
	EndGlobalSection
	GlobalSection(ProjectConfigurationPlatforms) = postSolution
		{7AE1BF07-53B7-48B6-8544-E391C249C44E}.Debug|Any CPU.ActiveCfg = Debug|Any CPU
		{7AE1BF07-53B7-48B6-8544-E391C249C44E}.Debug|Any CPU.Build.0 = Debug|Any CPU
		{7AE1BF07-53B7-48B6-8544-E391C249C44E}.Release|Any CPU.ActiveCfg = Release|Any CPU
		{7AE1BF07-53B7-48B6-8544-E391C249C44E}.Release|Any CPU.Build.0 = Release|Any CPU
		{CFB750C2-A402-45B0-B96E-09A779D48F97}.Debug|Any CPU.ActiveCfg = Debug|Any CPU
		{CFB750C2-A402-45B0-B96E-09A779D48F97}.Debug|Any CPU.Build.0 = Debug|Any CPU
		{CFB750C2-A402-45B0-B96E-09A779D48F97}.Release|Any CPU.ActiveCfg = Release|Any CPU
		{CFB750C2-A402-45B0-B96E-09A779D48F97}.Release|Any CPU.Build.0 = Release|Any CPU
		{00D3406F-A437-42E8-937C-B9CBDC7375CD}.Debug|Any CPU.ActiveCfg = Debug|Any CPU
		{00D3406F-A437-42E8-937C-B9CBDC7375CD}.Debug|Any CPU.Build.0 = Debug|Any CPU
		{00D3406F-A437-42E8-937C-B9CBDC7375CD}.Release|Any CPU.ActiveCfg = Release|Any CPU
		{00D3406F-A437-42E8-937C-B9CBDC7375CD}.Release|Any CPU.Build.0 = Release|Any CPU
		{CCE7999B-D9DC-498C-998F-8E02EA46B432}.Debug|Any CPU.ActiveCfg = Debug|Any CPU
		{CCE7999B-D9DC-498C-998F-8E02EA46B432}.Debug|Any CPU.Build.0 = Debug|Any CPU
		{CCE7999B-D9DC-498C-998F-8E02EA46B432}.Release|Any CPU.ActiveCfg = Release|Any CPU
		{CCE7999B-D9DC-498C-998F-8E02EA46B432}.Release|Any CPU.Build.0 = Release|Any CPU
		{FDCE6844-E809-449A-AFD7-E66177AD538D}.Debug|Any CPU.ActiveCfg = Debug|Any CPU
		{FDCE6844-E809-449A-AFD7-E66177AD538D}.Debug|Any CPU.Build.0 = Debug|Any CPU
		{FDCE6844-E809-449A-AFD7-E66177AD538D}.Release|Any CPU.ActiveCfg = Release|Any CPU
		{FDCE6844-E809-449A-AFD7-E66177AD538D}.Release|Any CPU.Build.0 = Release|Any CPU
		{C0A17B5C-8D89-4FE5-80D9-F9662435E91E}.Debug|Any CPU.ActiveCfg = Debug|Any CPU
		{C0A17B5C-8D89-4FE5-80D9-F9662435E91E}.Debug|Any CPU.Build.0 = Debug|Any CPU
		{C0A17B5C-8D89-4FE5-80D9-F9662435E91E}.Release|Any CPU.ActiveCfg = Release|Any CPU
		{C0A17B5C-8D89-4FE5-80D9-F9662435E91E}.Release|Any CPU.Build.0 = Release|Any CPU
		{FCCB91D5-CE9B-474C-B1E3-02608483BA67}.Debug|Any CPU.ActiveCfg = Debug|Any CPU
		{FCCB91D5-CE9B-474C-B1E3-02608483BA67}.Debug|Any CPU.Build.0 = Debug|Any CPU
		{FCCB91D5-CE9B-474C-B1E3-02608483BA67}.Release|Any CPU.ActiveCfg = Release|Any CPU
		{FCCB91D5-CE9B-474C-B1E3-02608483BA67}.Release|Any CPU.Build.0 = Release|Any CPU
		{7F388199-FE32-4E38-8B22-E4816B88C7C6}.Debug|Any CPU.ActiveCfg = Debug|Any CPU
		{7F388199-FE32-4E38-8B22-E4816B88C7C6}.Debug|Any CPU.Build.0 = Debug|Any CPU
		{7F388199-FE32-4E38-8B22-E4816B88C7C6}.Release|Any CPU.ActiveCfg = Release|Any CPU
		{7F388199-FE32-4E38-8B22-E4816B88C7C6}.Release|Any CPU.Build.0 = Release|Any CPU
		{5CE2FE5D-CA42-467F-8172-6789C0D11F30}.Debug|Any CPU.ActiveCfg = Debug|Any CPU
		{5CE2FE5D-CA42-467F-8172-6789C0D11F30}.Debug|Any CPU.Build.0 = Debug|Any CPU
		{5CE2FE5D-CA42-467F-8172-6789C0D11F30}.Release|Any CPU.ActiveCfg = Release|Any CPU
		{5CE2FE5D-CA42-467F-8172-6789C0D11F30}.Release|Any CPU.Build.0 = Release|Any CPU
		{8CC1AE95-A37A-48C3-95A8-49169C999CC6}.Debug|Any CPU.ActiveCfg = Debug|Any CPU
		{8CC1AE95-A37A-48C3-95A8-49169C999CC6}.Debug|Any CPU.Build.0 = Debug|Any CPU
		{8CC1AE95-A37A-48C3-95A8-49169C999CC6}.Release|Any CPU.ActiveCfg = Release|Any CPU
		{8CC1AE95-A37A-48C3-95A8-49169C999CC6}.Release|Any CPU.Build.0 = Release|Any CPU
		{22D91873-0831-45F6-A971-DDCBEDA06A24}.Debug|Any CPU.ActiveCfg = Debug|Any CPU
		{22D91873-0831-45F6-A971-DDCBEDA06A24}.Debug|Any CPU.Build.0 = Debug|Any CPU
		{22D91873-0831-45F6-A971-DDCBEDA06A24}.Release|Any CPU.ActiveCfg = Release|Any CPU
		{22D91873-0831-45F6-A971-DDCBEDA06A24}.Release|Any CPU.Build.0 = Release|Any CPU
		{DC0224CC-8411-4DBD-88B3-0474B3D668C4}.Debug|Any CPU.ActiveCfg = Debug|Any CPU
		{DC0224CC-8411-4DBD-88B3-0474B3D668C4}.Debug|Any CPU.Build.0 = Debug|Any CPU
		{DC0224CC-8411-4DBD-88B3-0474B3D668C4}.Release|Any CPU.ActiveCfg = Release|Any CPU
		{DC0224CC-8411-4DBD-88B3-0474B3D668C4}.Release|Any CPU.Build.0 = Release|Any CPU
		{A90E80D8-7FCF-4A04-89CA-379C495066B9}.Debug|Any CPU.ActiveCfg = Debug|Any CPU
		{A90E80D8-7FCF-4A04-89CA-379C495066B9}.Debug|Any CPU.Build.0 = Debug|Any CPU
		{A90E80D8-7FCF-4A04-89CA-379C495066B9}.Release|Any CPU.ActiveCfg = Release|Any CPU
		{A90E80D8-7FCF-4A04-89CA-379C495066B9}.Release|Any CPU.Build.0 = Release|Any CPU
		{AAE1C069-D99F-47C8-AA39-33BA9139D1CD}.Debug|Any CPU.ActiveCfg = Debug|Any CPU
		{AAE1C069-D99F-47C8-AA39-33BA9139D1CD}.Debug|Any CPU.Build.0 = Debug|Any CPU
		{AAE1C069-D99F-47C8-AA39-33BA9139D1CD}.Release|Any CPU.ActiveCfg = Release|Any CPU
		{AAE1C069-D99F-47C8-AA39-33BA9139D1CD}.Release|Any CPU.Build.0 = Release|Any CPU
		{238A9B73-B668-4D9E-A250-B1A17F81EAD6}.Debug|Any CPU.ActiveCfg = Debug|Any CPU
		{238A9B73-B668-4D9E-A250-B1A17F81EAD6}.Debug|Any CPU.Build.0 = Debug|Any CPU
		{238A9B73-B668-4D9E-A250-B1A17F81EAD6}.Release|Any CPU.ActiveCfg = Release|Any CPU
		{238A9B73-B668-4D9E-A250-B1A17F81EAD6}.Release|Any CPU.Build.0 = Release|Any CPU
		{13E67A51-6C80-4B88-BACB-B29644F9FB9A}.Debug|Any CPU.ActiveCfg = Debug|Any CPU
		{13E67A51-6C80-4B88-BACB-B29644F9FB9A}.Debug|Any CPU.Build.0 = Debug|Any CPU
		{13E67A51-6C80-4B88-BACB-B29644F9FB9A}.Release|Any CPU.ActiveCfg = Release|Any CPU
		{13E67A51-6C80-4B88-BACB-B29644F9FB9A}.Release|Any CPU.Build.0 = Release|Any CPU
		{4B378A20-B195-4660-8C16-A9AE4C1E2464}.Debug|Any CPU.ActiveCfg = Debug|Any CPU
		{4B378A20-B195-4660-8C16-A9AE4C1E2464}.Debug|Any CPU.Build.0 = Debug|Any CPU
		{4B378A20-B195-4660-8C16-A9AE4C1E2464}.Release|Any CPU.ActiveCfg = Release|Any CPU
		{4B378A20-B195-4660-8C16-A9AE4C1E2464}.Release|Any CPU.Build.0 = Release|Any CPU
		{502BC63B-587D-4223-AFF5-05146C376098}.Debug|Any CPU.ActiveCfg = Debug|Any CPU
		{502BC63B-587D-4223-AFF5-05146C376098}.Debug|Any CPU.Build.0 = Debug|Any CPU
		{502BC63B-587D-4223-AFF5-05146C376098}.Release|Any CPU.ActiveCfg = Release|Any CPU
		{502BC63B-587D-4223-AFF5-05146C376098}.Release|Any CPU.Build.0 = Release|Any CPU
		{F5BE1A70-565E-48D8-BDE2-FFDBB23C079A}.Debug|Any CPU.ActiveCfg = Debug|Any CPU
		{F5BE1A70-565E-48D8-BDE2-FFDBB23C079A}.Debug|Any CPU.Build.0 = Debug|Any CPU
		{F5BE1A70-565E-48D8-BDE2-FFDBB23C079A}.Release|Any CPU.ActiveCfg = Release|Any CPU
		{F5BE1A70-565E-48D8-BDE2-FFDBB23C079A}.Release|Any CPU.Build.0 = Release|Any CPU
	EndGlobalSection
	GlobalSection(SolutionProperties) = preSolution
		HideSolutionNode = FALSE
	EndGlobalSection
	GlobalSection(NestedProjects) = preSolution
		{7AE1BF07-53B7-48B6-8544-E391C249C44E} = {EE2A7047-FDFF-471C-9E1D-0CE5FB0390E8}
		{CFB750C2-A402-45B0-B96E-09A779D48F97} = {EE2A7047-FDFF-471C-9E1D-0CE5FB0390E8}
		{00D3406F-A437-42E8-937C-B9CBDC7375CD} = {EE2A7047-FDFF-471C-9E1D-0CE5FB0390E8}
		{CCE7999B-D9DC-498C-998F-8E02EA46B432} = {EE2A7047-FDFF-471C-9E1D-0CE5FB0390E8}
		{FDCE6844-E809-449A-AFD7-E66177AD538D} = {B0FF0215-121C-415B-A1FB-3CB9696067AD}
		{C0A17B5C-8D89-4FE5-80D9-F9662435E91E} = {B0FF0215-121C-415B-A1FB-3CB9696067AD}
		{FCCB91D5-CE9B-474C-B1E3-02608483BA67} = {B0FF0215-121C-415B-A1FB-3CB9696067AD}
		{7F388199-FE32-4E38-8B22-E4816B88C7C6} = {F132BCE9-CFAF-4BEC-AE5E-16008F25DFFC}
		{5CE2FE5D-CA42-467F-8172-6789C0D11F30} = {F132BCE9-CFAF-4BEC-AE5E-16008F25DFFC}
		{8CC1AE95-A37A-48C3-95A8-49169C999CC6} = {F132BCE9-CFAF-4BEC-AE5E-16008F25DFFC}
		{22D91873-0831-45F6-A971-DDCBEDA06A24} = {F132BCE9-CFAF-4BEC-AE5E-16008F25DFFC}
		{DC0224CC-8411-4DBD-88B3-0474B3D668C4} = {F132BCE9-CFAF-4BEC-AE5E-16008F25DFFC}
		{A90E80D8-7FCF-4A04-89CA-379C495066B9} = {F132BCE9-CFAF-4BEC-AE5E-16008F25DFFC}
		{AAE1C069-D99F-47C8-AA39-33BA9139D1CD} = {F132BCE9-CFAF-4BEC-AE5E-16008F25DFFC}
		{238A9B73-B668-4D9E-A250-B1A17F81EAD6} = {F132BCE9-CFAF-4BEC-AE5E-16008F25DFFC}
		{13E67A51-6C80-4B88-BACB-B29644F9FB9A} = {F132BCE9-CFAF-4BEC-AE5E-16008F25DFFC}
		{4B378A20-B195-4660-8C16-A9AE4C1E2464} = {F132BCE9-CFAF-4BEC-AE5E-16008F25DFFC}
		{502BC63B-587D-4223-AFF5-05146C376098} = {F132BCE9-CFAF-4BEC-AE5E-16008F25DFFC}
		{F5BE1A70-565E-48D8-BDE2-FFDBB23C079A} = {F132BCE9-CFAF-4BEC-AE5E-16008F25DFFC}
	EndGlobalSection
	GlobalSection(ExtensibilityGlobals) = postSolution
		SolutionGuid = {CACF42DF-E92B-42EF-B94E-8910549C1705}
	EndGlobalSection
EndGlobal
