
Microsoft Visual Studio Solution File, Format Version 12.00
# Visual Studio 15
VisualStudioVersion = 15.0.27428.2005
MinimumVisualStudioVersion = 10.0.40219.1
Project("{2150E333-8FDC-42A3-9474-1A3956D46DE8}") = "01 Solid - Lab", "01 Solid - Lab", "{EE2A7047-FDFF-471C-9E1D-0CE5FB0390E8}"
EndProject
Project("{9A19103F-16F7-4668-BE54-9A1E7A4F7556}") = "01. Stream Progress", "01. SOLID\Lab\01. Stream Progress\01. Stream Progress.csproj", "{7AE1BF07-53B7-48B6-8544-E391C249C44E}"
EndProject
Project("{9A19103F-16F7-4668-BE54-9A1E7A4F7556}") = "02. Graphic Editor", "01. SOLID\Lab\02. Graphic Editor\02. Graphic Editor.csproj", "{CFB750C2-A402-45B0-B96E-09A779D48F97}"
EndProject
Project("{9A19103F-16F7-4668-BE54-9A1E7A4F7556}") = "03. Detail Printer", "01. SOLID\Lab\03. Detail Printer\03. Detail Printer.csproj", "{00D3406F-A437-42E8-937C-B9CBDC7375CD}"
EndProject
Project("{9A19103F-16F7-4668-BE54-9A1E7A4F7556}") = "04. Recharge", "01. SOLID\Lab\04. Recharge\04. Recharge.csproj", "{CCE7999B-D9DC-498C-998F-8E02EA46B432}"
EndProject
Project("{2150E333-8FDC-42A3-9474-1A3956D46DE8}") = "02.1 Generics - Lab", "02.1 Generics - Lab", "{B0FF0215-121C-415B-A1FB-3CB9696067AD}"
EndProject
Project("{2150E333-8FDC-42A3-9474-1A3956D46DE8}") = "02.2 Generics - Exercises", "02.2 Generics - Exercises", "{F132BCE9-CFAF-4BEC-AE5E-16008F25DFFC}"
EndProject
Project("{9A19103F-16F7-4668-BE54-9A1E7A4F7556}") = "01. Box", "02. Generics\Lab\01. Box\01. Box.csproj", "{FDCE6844-E809-449A-AFD7-E66177AD538D}"
EndProject
Project("{9A19103F-16F7-4668-BE54-9A1E7A4F7556}") = "02. Array Creator", "02. Generics\Lab\02. Array Creator\02. Array Creator.csproj", "{C0A17B5C-8D89-4FE5-80D9-F9662435E91E}"
EndProject
Project("{9A19103F-16F7-4668-BE54-9A1E7A4F7556}") = "03. Scale", "02. Generics\Lab\03. Scale\03. Scale.csproj", "{FCCB91D5-CE9B-474C-B1E3-02608483BA67}"
EndProject
Project("{FAE04EC0-301F-11D3-BF4B-00C04F79EFBC}") = "01. Generic Box of String", "02. Generics\Exercises\01. Generic Box of String\01. Generic Box of String.csproj", "{92058BD3-7674-4500-B5AE-713F8BF4E5F1}"
EndProject
Project("{FAE04EC0-301F-11D3-BF4B-00C04F79EFBC}") = "02. Generic Box of Integer", "02. Generics\Exercises\02. Generic Box of Integer\02. Generic Box of Integer.csproj", "{F435DE00-D410-4BAC-AC9C-CADDCC55393D}"
EndProject
Project("{FAE04EC0-301F-11D3-BF4B-00C04F79EFBC}") = "03. Generic Swap Method String", "02. Generics\Exercises\03. Generic Swap Method String\03. Generic Swap Method String.csproj", "{182548CE-501D-42BA-8249-613AE91E229B}"
EndProject
Project("{FAE04EC0-301F-11D3-BF4B-00C04F79EFBC}") = "04. Generic Swap Method Integer", "02. Generics\Exercises\04. Generic Swap Method Integer\04. Generic Swap Method Integer.csproj", "{C1847FAF-A519-42DA-B2F6-2B6325B65F91}"
EndProject
Project("{FAE04EC0-301F-11D3-BF4B-00C04F79EFBC}") = "05. Generic Count Method String", "02. Generics\Exercises\05. Generic Count Method String\05. Generic Count Method String.csproj", "{7DD3884E-83FA-4A7F-8AD1-7E23967D8535}"
EndProject
Project("{FAE04EC0-301F-11D3-BF4B-00C04F79EFBC}") = "06. Generic Count Method Double", "02. Generics\Exercises\06. Generic Count Method Double\06. Generic Count Method Double.csproj", "{011E0E3B-6F53-4195-92C9-0E2E8A4170E3}"
EndProject
Project("{FAE04EC0-301F-11D3-BF4B-00C04F79EFBC}") = "07. Custom List", "02. Generics\Exercises\07. Custom List\07. Custom List.csproj", "{4B725916-C033-4B72-9FD9-826EEA546D84}"
EndProject
Project("{FAE04EC0-301F-11D3-BF4B-00C04F79EFBC}") = "08. Custom List Sorter", "02. Generics\Exercises\08. Custom List Sorter\08. Custom List Sorter.csproj", "{B2D6EA8E-64B5-44D9-B395-912BF0BB8395}"
EndProject
Project("{FAE04EC0-301F-11D3-BF4B-00C04F79EFBC}") = "09. Custom List Iterator", "02. Generics\Exercises\09. Custom List Iterator\09. Custom List Iterator.csproj", "{C5B3CF7D-3FFE-49F9-A93E-C6CC7436FD4A}"
EndProject
Project("{FAE04EC0-301F-11D3-BF4B-00C04F79EFBC}") = "10. Tuple", "02. Generics\Exercises\10. Tuple\10. Tuple.csproj", "{7CF7A488-828B-4F40-8BEC-39F35B9C7A46}"
EndProject
Project("{FAE04EC0-301F-11D3-BF4B-00C04F79EFBC}") = "11. Threeuple", "02. Generics\Exercises\11. Threeuple\11. Threeuple.csproj", "{8083AE46-F938-4F52-8BBE-B2C24EF8870C}"
EndProject
Global
	GlobalSection(SolutionConfigurationPlatforms) = preSolution
		Debug|Any CPU = Debug|Any CPU
		Release|Any CPU = Release|Any CPU
	EndGlobalSection
	GlobalSection(ProjectConfigurationPlatforms) = postSolution
		{7AE1BF07-53B7-48B6-8544-E391C249C44E}.Debug|Any CPU.ActiveCfg = Debug|Any CPU
		{7AE1BF07-53B7-48B6-8544-E391C249C44E}.Debug|Any CPU.Build.0 = Debug|Any CPU
		{7AE1BF07-53B7-48B6-8544-E391C249C44E}.Release|Any CPU.ActiveCfg = Release|Any CPU
		{7AE1BF07-53B7-48B6-8544-E391C249C44E}.Release|Any CPU.Build.0 = Release|Any CPU
		{CFB750C2-A402-45B0-B96E-09A779D48F97}.Debug|Any CPU.ActiveCfg = Debug|Any CPU
		{CFB750C2-A402-45B0-B96E-09A779D48F97}.Debug|Any CPU.Build.0 = Debug|Any CPU
		{CFB750C2-A402-45B0-B96E-09A779D48F97}.Release|Any CPU.ActiveCfg = Release|Any CPU
		{CFB750C2-A402-45B0-B96E-09A779D48F97}.Release|Any CPU.Build.0 = Release|Any CPU
		{00D3406F-A437-42E8-937C-B9CBDC7375CD}.Debug|Any CPU.ActiveCfg = Debug|Any CPU
		{00D3406F-A437-42E8-937C-B9CBDC7375CD}.Debug|Any CPU.Build.0 = Debug|Any CPU
		{00D3406F-A437-42E8-937C-B9CBDC7375CD}.Release|Any CPU.ActiveCfg = Release|Any CPU
		{00D3406F-A437-42E8-937C-B9CBDC7375CD}.Release|Any CPU.Build.0 = Release|Any CPU
		{CCE7999B-D9DC-498C-998F-8E02EA46B432}.Debug|Any CPU.ActiveCfg = Debug|Any CPU
		{CCE7999B-D9DC-498C-998F-8E02EA46B432}.Debug|Any CPU.Build.0 = Debug|Any CPU
		{CCE7999B-D9DC-498C-998F-8E02EA46B432}.Release|Any CPU.ActiveCfg = Release|Any CPU
		{CCE7999B-D9DC-498C-998F-8E02EA46B432}.Release|Any CPU.Build.0 = Release|Any CPU
		{FDCE6844-E809-449A-AFD7-E66177AD538D}.Debug|Any CPU.ActiveCfg = Debug|Any CPU
		{FDCE6844-E809-449A-AFD7-E66177AD538D}.Debug|Any CPU.Build.0 = Debug|Any CPU
		{FDCE6844-E809-449A-AFD7-E66177AD538D}.Release|Any CPU.ActiveCfg = Release|Any CPU
		{FDCE6844-E809-449A-AFD7-E66177AD538D}.Release|Any CPU.Build.0 = Release|Any CPU
		{C0A17B5C-8D89-4FE5-80D9-F9662435E91E}.Debug|Any CPU.ActiveCfg = Debug|Any CPU
		{C0A17B5C-8D89-4FE5-80D9-F9662435E91E}.Debug|Any CPU.Build.0 = Debug|Any CPU
		{C0A17B5C-8D89-4FE5-80D9-F9662435E91E}.Release|Any CPU.ActiveCfg = Release|Any CPU
		{C0A17B5C-8D89-4FE5-80D9-F9662435E91E}.Release|Any CPU.Build.0 = Release|Any CPU
		{FCCB91D5-CE9B-474C-B1E3-02608483BA67}.Debug|Any CPU.ActiveCfg = Debug|Any CPU
		{FCCB91D5-CE9B-474C-B1E3-02608483BA67}.Debug|Any CPU.Build.0 = Debug|Any CPU
		{FCCB91D5-CE9B-474C-B1E3-02608483BA67}.Release|Any CPU.ActiveCfg = Release|Any CPU
		{FCCB91D5-CE9B-474C-B1E3-02608483BA67}.Release|Any CPU.Build.0 = Release|Any CPU
		{92058BD3-7674-4500-B5AE-713F8BF4E5F1}.Debug|Any CPU.ActiveCfg = Debug|Any CPU
		{92058BD3-7674-4500-B5AE-713F8BF4E5F1}.Debug|Any CPU.Build.0 = Debug|Any CPU
		{92058BD3-7674-4500-B5AE-713F8BF4E5F1}.Release|Any CPU.ActiveCfg = Release|Any CPU
		{92058BD3-7674-4500-B5AE-713F8BF4E5F1}.Release|Any CPU.Build.0 = Release|Any CPU
		{F435DE00-D410-4BAC-AC9C-CADDCC55393D}.Debug|Any CPU.ActiveCfg = Debug|Any CPU
		{F435DE00-D410-4BAC-AC9C-CADDCC55393D}.Debug|Any CPU.Build.0 = Debug|Any CPU
		{F435DE00-D410-4BAC-AC9C-CADDCC55393D}.Release|Any CPU.ActiveCfg = Release|Any CPU
		{F435DE00-D410-4BAC-AC9C-CADDCC55393D}.Release|Any CPU.Build.0 = Release|Any CPU
		{182548CE-501D-42BA-8249-613AE91E229B}.Debug|Any CPU.ActiveCfg = Debug|Any CPU
		{182548CE-501D-42BA-8249-613AE91E229B}.Debug|Any CPU.Build.0 = Debug|Any CPU
		{182548CE-501D-42BA-8249-613AE91E229B}.Release|Any CPU.ActiveCfg = Release|Any CPU
		{182548CE-501D-42BA-8249-613AE91E229B}.Release|Any CPU.Build.0 = Release|Any CPU
		{C1847FAF-A519-42DA-B2F6-2B6325B65F91}.Debug|Any CPU.ActiveCfg = Debug|Any CPU
		{C1847FAF-A519-42DA-B2F6-2B6325B65F91}.Debug|Any CPU.Build.0 = Debug|Any CPU
		{C1847FAF-A519-42DA-B2F6-2B6325B65F91}.Release|Any CPU.ActiveCfg = Release|Any CPU
		{C1847FAF-A519-42DA-B2F6-2B6325B65F91}.Release|Any CPU.Build.0 = Release|Any CPU
		{7DD3884E-83FA-4A7F-8AD1-7E23967D8535}.Debug|Any CPU.ActiveCfg = Debug|Any CPU
		{7DD3884E-83FA-4A7F-8AD1-7E23967D8535}.Debug|Any CPU.Build.0 = Debug|Any CPU
		{7DD3884E-83FA-4A7F-8AD1-7E23967D8535}.Release|Any CPU.ActiveCfg = Release|Any CPU
		{7DD3884E-83FA-4A7F-8AD1-7E23967D8535}.Release|Any CPU.Build.0 = Release|Any CPU
		{011E0E3B-6F53-4195-92C9-0E2E8A4170E3}.Debug|Any CPU.ActiveCfg = Debug|Any CPU
		{011E0E3B-6F53-4195-92C9-0E2E8A4170E3}.Debug|Any CPU.Build.0 = Debug|Any CPU
		{011E0E3B-6F53-4195-92C9-0E2E8A4170E3}.Release|Any CPU.ActiveCfg = Release|Any CPU
		{011E0E3B-6F53-4195-92C9-0E2E8A4170E3}.Release|Any CPU.Build.0 = Release|Any CPU
		{4B725916-C033-4B72-9FD9-826EEA546D84}.Debug|Any CPU.ActiveCfg = Debug|Any CPU
		{4B725916-C033-4B72-9FD9-826EEA546D84}.Debug|Any CPU.Build.0 = Debug|Any CPU
		{4B725916-C033-4B72-9FD9-826EEA546D84}.Release|Any CPU.ActiveCfg = Release|Any CPU
		{4B725916-C033-4B72-9FD9-826EEA546D84}.Release|Any CPU.Build.0 = Release|Any CPU
		{B2D6EA8E-64B5-44D9-B395-912BF0BB8395}.Debug|Any CPU.ActiveCfg = Debug|Any CPU
		{B2D6EA8E-64B5-44D9-B395-912BF0BB8395}.Debug|Any CPU.Build.0 = Debug|Any CPU
		{B2D6EA8E-64B5-44D9-B395-912BF0BB8395}.Release|Any CPU.ActiveCfg = Release|Any CPU
		{B2D6EA8E-64B5-44D9-B395-912BF0BB8395}.Release|Any CPU.Build.0 = Release|Any CPU
		{C5B3CF7D-3FFE-49F9-A93E-C6CC7436FD4A}.Debug|Any CPU.ActiveCfg = Debug|Any CPU
		{C5B3CF7D-3FFE-49F9-A93E-C6CC7436FD4A}.Debug|Any CPU.Build.0 = Debug|Any CPU
		{C5B3CF7D-3FFE-49F9-A93E-C6CC7436FD4A}.Release|Any CPU.ActiveCfg = Release|Any CPU
		{C5B3CF7D-3FFE-49F9-A93E-C6CC7436FD4A}.Release|Any CPU.Build.0 = Release|Any CPU
		{7CF7A488-828B-4F40-8BEC-39F35B9C7A46}.Debug|Any CPU.ActiveCfg = Debug|Any CPU
		{7CF7A488-828B-4F40-8BEC-39F35B9C7A46}.Debug|Any CPU.Build.0 = Debug|Any CPU
		{7CF7A488-828B-4F40-8BEC-39F35B9C7A46}.Release|Any CPU.ActiveCfg = Release|Any CPU
		{7CF7A488-828B-4F40-8BEC-39F35B9C7A46}.Release|Any CPU.Build.0 = Release|Any CPU
		{8083AE46-F938-4F52-8BBE-B2C24EF8870C}.Debug|Any CPU.ActiveCfg = Debug|Any CPU
		{8083AE46-F938-4F52-8BBE-B2C24EF8870C}.Debug|Any CPU.Build.0 = Debug|Any CPU
		{8083AE46-F938-4F52-8BBE-B2C24EF8870C}.Release|Any CPU.ActiveCfg = Release|Any CPU
		{8083AE46-F938-4F52-8BBE-B2C24EF8870C}.Release|Any CPU.Build.0 = Release|Any CPU
	EndGlobalSection
	GlobalSection(SolutionProperties) = preSolution
		HideSolutionNode = FALSE
	EndGlobalSection
	GlobalSection(NestedProjects) = preSolution
		{7AE1BF07-53B7-48B6-8544-E391C249C44E} = {EE2A7047-FDFF-471C-9E1D-0CE5FB0390E8}
		{CFB750C2-A402-45B0-B96E-09A779D48F97} = {EE2A7047-FDFF-471C-9E1D-0CE5FB0390E8}
		{00D3406F-A437-42E8-937C-B9CBDC7375CD} = {EE2A7047-FDFF-471C-9E1D-0CE5FB0390E8}
		{CCE7999B-D9DC-498C-998F-8E02EA46B432} = {EE2A7047-FDFF-471C-9E1D-0CE5FB0390E8}
		{FDCE6844-E809-449A-AFD7-E66177AD538D} = {B0FF0215-121C-415B-A1FB-3CB9696067AD}
		{C0A17B5C-8D89-4FE5-80D9-F9662435E91E} = {B0FF0215-121C-415B-A1FB-3CB9696067AD}
		{FCCB91D5-CE9B-474C-B1E3-02608483BA67} = {B0FF0215-121C-415B-A1FB-3CB9696067AD}
		{92058BD3-7674-4500-B5AE-713F8BF4E5F1} = {F132BCE9-CFAF-4BEC-AE5E-16008F25DFFC}
		{F435DE00-D410-4BAC-AC9C-CADDCC55393D} = {F132BCE9-CFAF-4BEC-AE5E-16008F25DFFC}
		{182548CE-501D-42BA-8249-613AE91E229B} = {F132BCE9-CFAF-4BEC-AE5E-16008F25DFFC}
		{C1847FAF-A519-42DA-B2F6-2B6325B65F91} = {F132BCE9-CFAF-4BEC-AE5E-16008F25DFFC}
		{7DD3884E-83FA-4A7F-8AD1-7E23967D8535} = {F132BCE9-CFAF-4BEC-AE5E-16008F25DFFC}
		{011E0E3B-6F53-4195-92C9-0E2E8A4170E3} = {F132BCE9-CFAF-4BEC-AE5E-16008F25DFFC}
		{4B725916-C033-4B72-9FD9-826EEA546D84} = {F132BCE9-CFAF-4BEC-AE5E-16008F25DFFC}
		{B2D6EA8E-64B5-44D9-B395-912BF0BB8395} = {F132BCE9-CFAF-4BEC-AE5E-16008F25DFFC}
		{C5B3CF7D-3FFE-49F9-A93E-C6CC7436FD4A} = {F132BCE9-CFAF-4BEC-AE5E-16008F25DFFC}
		{7CF7A488-828B-4F40-8BEC-39F35B9C7A46} = {F132BCE9-CFAF-4BEC-AE5E-16008F25DFFC}
		{8083AE46-F938-4F52-8BBE-B2C24EF8870C} = {F132BCE9-CFAF-4BEC-AE5E-16008F25DFFC}
	EndGlobalSection
	GlobalSection(ExtensibilityGlobals) = postSolution
		SolutionGuid = {CACF42DF-E92B-42EF-B94E-8910549C1705}
	EndGlobalSection
EndGlobal
