
Microsoft Visual Studio Solution File, Format Version 12.00
# Visual Studio 15
VisualStudioVersion = 15.0.27004.2010
MinimumVisualStudioVersion = 10.0.40219.1
Project("{2150E333-8FDC-42A3-9474-1A3956D46DE8}") = "01.1 Data Types, Variables and Methods - Lab", "01.1 Data Types, Variables and Methods - Lab", "{A021DD29-9BD2-4129-96F8-C3F42914F5CB}"
EndProject
Project("{2150E333-8FDC-42A3-9474-1A3956D46DE8}") = "01.2 Data Types, Variables and Methods - Exercises", "01.2 Data Types, Variables and Methods - Exercises", "{EAFA211F-2576-4635-A897-9A45A2371578}"
EndProject
Project("{2150E333-8FDC-42A3-9474-1A3956D46DE8}") = "02.1 Arrays, Lists, Array and List Algorithms - Lab", "02.1 Arrays, Lists, Array and List Algorithms - Lab", "{D0F9B806-3C1F-4A4D-93D3-D90A47EA72DA}"
EndProject
Project("{2150E333-8FDC-42A3-9474-1A3956D46DE8}") = "02.2 Arrays, Lists, Array and List Algorithms - Exercises", "02.2 Arrays, Lists, Array and List Algorithms - Exercises", "{83B91F5D-1AC0-4DBB-A0DF-5A72DFE41203}"
EndProject
Project("{2150E333-8FDC-42A3-9474-1A3956D46DE8}") = "03.1 Strings, Regular Expressions and Text Processing - Lab", "03.1 Strings, Regular Expressions and Text Processing - Lab", "{5BFFD0BB-BB4C-4B1D-AAB4-5644DEF508E1}"
EndProject
Project("{2150E333-8FDC-42A3-9474-1A3956D46DE8}") = "03.2 Strings, Regular Expressions and Text Processing - Exercises", "03.2 Strings, Regular Expressions and Text Processing - Exercises", "{D93401E7-5B8D-4DA9-AD13-9BC4963C6680}"
EndProject
Project("{2150E333-8FDC-42A3-9474-1A3956D46DE8}") = "04.1 Dictionaries, Nested Collections, LINQ and Lambda Expressions - Lab", "04.1 Dictionaries, Nested Collections, LINQ and Lambda Expressions - Lab", "{28F2E365-8F89-4A96-90DE-5D97EFE64132}"
EndProject
Project("{2150E333-8FDC-42A3-9474-1A3956D46DE8}") = "04.2 Dictionaries, Nested Collections, LINQ and Lambda Expressions - Exercises", "04.2 Dictionaries, Nested Collections, LINQ and Lambda Expressions - Exercises", "{110D34BB-6D1E-4613-ADB6-1750003033C0}"
EndProject
Project("{FAE04EC0-301F-11D3-BF4B-00C04F79EFBC}") = "Test", "Test\Test.csproj", "{6C0FFB6C-8FD0-4DBC-AFD1-971CD6DBD31F}"
EndProject
Project("{FAE04EC0-301F-11D3-BF4B-00C04F79EFBC}") = "01. Anonymous Threat", "02. Arrays, Lists, Array and List Algorithms\Exercises\01. Anonymous Threat\01. Anonymous Threat.csproj", "{D6F98C38-8F66-4247-83E3-9E75F6F771F6}"
EndProject
Project("{FAE04EC0-301F-11D3-BF4B-00C04F79EFBC}") = "02. Icarus", "02. Arrays, Lists, Array and List Algorithms\Exercises\02. Icarus\02. Icarus.csproj", "{9E8C1D12-DABF-408B-B7D5-45986F93653D}"
EndProject
Project("{FAE04EC0-301F-11D3-BF4B-00C04F79EFBC}") = "03. Pokemon Don't Go", "02. Arrays, Lists, Array and List Algorithms\Exercises\03. Pokemon Don't Go\03. Pokemon Don't Go.csproj", "{08A30DAC-9153-4F14-B29F-86A99A5EE6EC}"
EndProject
Project("{FAE04EC0-301F-11D3-BF4B-00C04F79EFBC}") = "04. Hornet Assault", "02. Arrays, Lists, Array and List Algorithms\Exercises\04. Hornet Assault\04. Hornet Assault.csproj", "{74639CF1-CD0F-44A9-9D04-8B793101A80E}"
EndProject
Project("{FAE04EC0-301F-11D3-BF4B-00C04F79EFBC}") = "01. Integer Types", "01. Data Types, Variables and Methods\Lab\01. Integer Types\01. Integer Types.csproj", "{16DB0691-C0C0-480A-9C49-3C9269377607}"
EndProject
Project("{FAE04EC0-301F-11D3-BF4B-00C04F79EFBC}") = "02. Real Number Types", "01. Data Types, Variables and Methods\Lab\02. Real Number Types\02. Real Number Types.csproj", "{935D8AE4-0BB9-4872-80C5-CA9328A58FB6}"
EndProject
Project("{FAE04EC0-301F-11D3-BF4B-00C04F79EFBC}") = "03. Big Power", "01. Data Types, Variables and Methods\Lab\03. Big Power\03. Big Power.csproj", "{3DEAB0C4-849B-4720-B740-7BC5390B28C1}"
EndProject
Project("{FAE04EC0-301F-11D3-BF4B-00C04F79EFBC}") = "01. Anonymous Downsite", "01. Data Types, Variables and Methods\Exericses\01. Anonymous Downsite\01. Anonymous Downsite.csproj", "{EF83D651-FD2D-41A0-ABE8-46FEA83E9A2A}"
EndProject
Project("{FAE04EC0-301F-11D3-BF4B-00C04F79EFBC}") = "02. Hornet Wings", "01. Data Types, Variables and Methods\Exericses\02. Hornet Wings\02. Hornet Wings.csproj", "{98286963-02AB-46DC-90D9-EAC6B8B87C23}"
EndProject
Project("{FAE04EC0-301F-11D3-BF4B-00C04F79EFBC}") = "03. Poke Mon", "01. Data Types, Variables and Methods\Exericses\03. Poke Mon\03. Poke Mon.csproj", "{8D4F3ED0-722B-46FA-9DAF-D022A91AF117}"
EndProject
Project("{FAE04EC0-301F-11D3-BF4B-00C04F79EFBC}") = "04. Resurrection", "01. Data Types, Variables and Methods\Exericses\04. Resurrection\04. Resurrection.csproj", "{9A18C50C-0E5D-4B10-9FA2-FA04B1782448}"
EndProject
Project("{FAE04EC0-301F-11D3-BF4B-00C04F79EFBC}") = "05. Wormtest", "01. Data Types, Variables and Methods\Exericses\05. Wormtest\05. Wormtest.csproj", "{3C9B9AB3-0B3F-4E61-B739-EA733AAA91E4}"
EndProject
Project("{FAE04EC0-301F-11D3-BF4B-00C04F79EFBC}") = "01.RotateArrayOfStrings", "02. Arrays, Lists, Array and List Algorithms\Lab\01.RotateArrayOfStrings\01.RotateArrayOfStrings.csproj", "{E9958BEC-7FA3-47A4-B9D7-7E360722B1F6}"
EndProject
Project("{FAE04EC0-301F-11D3-BF4B-00C04F79EFBC}") = "02. Odd Numbers", "02. Arrays, Lists, Array and List Algorithms\Lab\02. Odd Numbers\02. Odd Numbers.csproj", "{337877A2-23EB-481C-86B4-EF2DE215A65C}"
EndProject
Project("{FAE04EC0-301F-11D3-BF4B-00C04F79EFBC}") = "03. Array Contains Element", "02. Arrays, Lists, Array and List Algorithms\Lab\03. Array Contains Element\03. Array Contains Element.csproj", "{7D534871-9AF4-4AE6-B067-BEBDB696AACB}"
EndProject
Project("{FAE04EC0-301F-11D3-BF4B-00C04F79EFBC}") = "04. Sort Numbers", "02. Arrays, Lists, Array and List Algorithms\Lab\04. Sort Numbers\04. Sort Numbers.csproj", "{1E3FD86C-C68A-4F81-B1D5-8B414189C3BD}"
EndProject
Project("{FAE04EC0-301F-11D3-BF4B-00C04F79EFBC}") = "05. Largest N Numbers", "02. Arrays, Lists, Array and List Algorithms\Lab\05. Largest N Numbers\05. Largest N Numbers.csproj", "{9BAD79D7-9AD9-426C-9D16-E50F0EE84F6A}"
EndProject
Project("{FAE04EC0-301F-11D3-BF4B-00C04F79EFBC}") = "01.2.RotateArrayOfStrings", "02. Arrays, Lists, Array and List Algorithms\Lab\01.2.RotateArrayOfStrings\01.2.RotateArrayOfStrings.csproj", "{DA8BCA16-FB70-4972-85F6-23F0B271D35C}"
EndProject
Project("{FAE04EC0-301F-11D3-BF4B-00C04F79EFBC}") = "01.5.Rotate N TimesToRight", "02. Arrays, Lists, Array and List Algorithms\Lab\01.5.Rotate N TimesToRight\01.5.Rotate N TimesToRight.csproj", "{3F978CCD-D336-4605-92D2-AAAD6924E7F4}"
EndProject
Project("{FAE04EC0-301F-11D3-BF4B-00C04F79EFBC}") = "03.2. Pokemon Don't Go", "02. Arrays, Lists, Array and List Algorithms\Exercises\03.2. Pokemon Don't Go\03.2. Pokemon Don't Go.csproj", "{E8C68D13-445C-4C86-9673-2CEF05E4EB23}"
EndProject
Project("{FAE04EC0-301F-11D3-BF4B-00C04F79EFBC}") = "01. Reverse String", "03. Strings, Regular Expressions and Text Processing\Lab\01. Reverse String\01. Reverse String.csproj", "{E0498107-11AE-462B-91B1-B1A1FB0100E7}"
EndProject
Project("{FAE04EC0-301F-11D3-BF4B-00C04F79EFBC}") = "02. Count Substring", "03. Strings, Regular Expressions and Text Processing\Lab\02. Count Substring\02. Count Substring.csproj", "{D1D0A411-84C2-4C9C-B90E-94CE460A6FBC}"
EndProject
Project("{FAE04EC0-301F-11D3-BF4B-00C04F79EFBC}") = "03. Text Filter", "03. Strings, Regular Expressions and Text Processing\Lab\03. Text Filter\03. Text Filter.csproj", "{8A7E7587-87A7-4A10-B6C3-B8C49D1ECB8C}"
EndProject
Project("{FAE04EC0-301F-11D3-BF4B-00C04F79EFBC}") = "04. Palindromes", "03. Strings, Regular Expressions and Text Processing\Lab\04. Palindromes\04. Palindromes.csproj", "{9FF23300-BE69-4803-87D0-6126BA65C065}"
EndProject
Project("{FAE04EC0-301F-11D3-BF4B-00C04F79EFBC}") = "05. Match Full Name", "03. Strings, Regular Expressions and Text Processing\Lab\05. Match Full Name\05. Match Full Name.csproj", "{715DBD8E-44CA-4F03-8413-291C1E91D19A}"
EndProject
Project("{FAE04EC0-301F-11D3-BF4B-00C04F79EFBC}") = "06. Match Phone Number", "03. Strings, Regular Expressions and Text Processing\Lab\06. Match Phone Number\06. Match Phone Number.csproj", "{4658EFBB-EEF5-49B4-BE65-0815C208716E}"
EndProject
Project("{FAE04EC0-301F-11D3-BF4B-00C04F79EFBC}") = "07. Match Hex Numbers", "03. Strings, Regular Expressions and Text Processing\Lab\07. Match Hex Numbers\07. Match Hex Numbers.csproj", "{DFD55F39-D14D-497D-933A-956130F820AC}"
EndProject
Project("{FAE04EC0-301F-11D3-BF4B-00C04F79EFBC}") = "08. Match Dates", "03. Strings, Regular Expressions and Text Processing\Lab\08. Match Dates\08. Match Dates.csproj", "{EFF5684F-7F91-4648-ACE8-8F1E4DD22E1F}"
EndProject
Project("{FAE04EC0-301F-11D3-BF4B-00C04F79EFBC}") = "09. Match Numbers", "03. Strings, Regular Expressions and Text Processing\Lab\09. Match Numbers\09. Match Numbers.csproj", "{D1842DBE-AA51-4950-9C9F-FC33B5887CBB}"
EndProject
Project("{FAE04EC0-301F-11D3-BF4B-00C04F79EFBC}") = "10. Replace a tag", "03. Strings, Regular Expressions and Text Processing\Lab\10. Replace a tag\10. Replace a tag.csproj", "{39DDC72D-A7E2-4D1C-AEA0-A1C411E68FFE}"
EndProject
Project("{FAE04EC0-301F-11D3-BF4B-00C04F79EFBC}") = "02.1. Count Substring", "03. Strings, Regular Expressions and Text Processing\Lab\02.1. Count Substring\02.1. Count Substring.csproj", "{3F67199C-393E-4D74-8790-4DA14758DC3F}"
EndProject
Project("{FAE04EC0-301F-11D3-BF4B-00C04F79EFBC}") = "01. Trainegram", "03. Strings, Regular Expressions and Text Processing\Exercises\01. Trainegram\01. Trainegram.csproj", "{DFFF0AE9-B855-4EEC-A35D-36D001D592D3}"
EndProject
Project("{FAE04EC0-301F-11D3-BF4B-00C04F79EFBC}") = "02. Anonymous Vox", "03. Strings, Regular Expressions and Text Processing\Exercises\02. Anonymous Vox\02. Anonymous Vox.csproj", "{C55C8494-B743-490F-A0BD-2C421D192864}"
EndProject
Project("{FAE04EC0-301F-11D3-BF4B-00C04F79EFBC}") = "03. Hornet Comm", "03. Strings, Regular Expressions and Text Processing\Exercises\03. Hornet Comm\03. Hornet Comm.csproj", "{E01F605A-AF12-481E-A2BE-7E530CF4DB8F}"
EndProject
Project("{FAE04EC0-301F-11D3-BF4B-00C04F79EFBC}") = "X. Phoenix Grid", "03. Strings, Regular Expressions and Text Processing\Exercises\X. Phoenix Grid\X. Phoenix Grid.csproj", "{5D88875D-94E7-46F4-99FF-6D10A6B86293}"
EndProject
Project("{FAE04EC0-301F-11D3-BF4B-00C04F79EFBC}") = "X. Regexmon", "03. Strings, Regular Expressions and Text Processing\Exercises\X. Regexmon\X. Regexmon.csproj", "{79CEAA48-5152-4FA7-B5DD-7BE2F87312E7}"
EndProject
Project("{FAE04EC0-301F-11D3-BF4B-00C04F79EFBC}") = "01. Odd Occurences", "04. Dictionaries, LINQ and Lambda\Lab\01. Odd Occurences\01. Odd Occurences.csproj", "{03F77081-83F6-4BFB-8917-416FB7E7AE2E}"
EndProject
Project("{FAE04EC0-301F-11D3-BF4B-00C04F79EFBC}") = "02. Average Student Grades", "04. Dictionaries, LINQ and Lambda\Lab\02. Average Student Grades\02. Average Student Grades.csproj", "{686D47CA-34BA-4CFE-9AE0-2CAF66570C06}"
EndProject
Project("{FAE04EC0-301F-11D3-BF4B-00C04F79EFBC}") = "03.Cities by Continent - Country", "04. Dictionaries, LINQ and Lambda\Lab\03.Cities by Continent - Country\03.Cities by Continent - Country.csproj", "{A1395661-552E-4C25-B648-7D5E240DC506}"
EndProject
Project("{FAE04EC0-301F-11D3-BF4B-00C04F79EFBC}") = "04. Sum, Min, Max, Average", "04. Dictionaries, LINQ and Lambda\Lab\04. Sum, Min, Max, Average\04. Sum, Min, Max, Average.csproj", "{1D05CEC0-AC67-4E9F-BD62-B4089F925CE8}"
EndProject
Project("{FAE04EC0-301F-11D3-BF4B-00C04F79EFBC}") = "05. Largest 3 Nums", "04. Dictionaries, LINQ and Lambda\Lab\05. Largest 3 Nums\05. Largest 3 Nums.csproj", "{E51BE6F8-2146-4DAF-92F3-F8F9A6CCD88C}"
EndProject
Project("{FAE04EC0-301F-11D3-BF4B-00C04F79EFBC}") = "06. Fold and Sum", "04. Dictionaries, LINQ and Lambda\Lab\06. Fold and Sum\06. Fold and Sum.csproj", "{F2364324-0405-42CA-98BE-19A809A28B6C}"
EndProject
Global
	GlobalSection(SolutionConfigurationPlatforms) = preSolution
		Debug|Any CPU = Debug|Any CPU
		Release|Any CPU = Release|Any CPU
	EndGlobalSection
	GlobalSection(ProjectConfigurationPlatforms) = postSolution
		{6C0FFB6C-8FD0-4DBC-AFD1-971CD6DBD31F}.Debug|Any CPU.ActiveCfg = Debug|Any CPU
		{6C0FFB6C-8FD0-4DBC-AFD1-971CD6DBD31F}.Debug|Any CPU.Build.0 = Debug|Any CPU
		{6C0FFB6C-8FD0-4DBC-AFD1-971CD6DBD31F}.Release|Any CPU.ActiveCfg = Release|Any CPU
		{6C0FFB6C-8FD0-4DBC-AFD1-971CD6DBD31F}.Release|Any CPU.Build.0 = Release|Any CPU
		{D6F98C38-8F66-4247-83E3-9E75F6F771F6}.Debug|Any CPU.ActiveCfg = Debug|Any CPU
		{D6F98C38-8F66-4247-83E3-9E75F6F771F6}.Debug|Any CPU.Build.0 = Debug|Any CPU
		{D6F98C38-8F66-4247-83E3-9E75F6F771F6}.Release|Any CPU.ActiveCfg = Release|Any CPU
		{D6F98C38-8F66-4247-83E3-9E75F6F771F6}.Release|Any CPU.Build.0 = Release|Any CPU
		{9E8C1D12-DABF-408B-B7D5-45986F93653D}.Debug|Any CPU.ActiveCfg = Debug|Any CPU
		{9E8C1D12-DABF-408B-B7D5-45986F93653D}.Debug|Any CPU.Build.0 = Debug|Any CPU
		{9E8C1D12-DABF-408B-B7D5-45986F93653D}.Release|Any CPU.ActiveCfg = Release|Any CPU
		{9E8C1D12-DABF-408B-B7D5-45986F93653D}.Release|Any CPU.Build.0 = Release|Any CPU
		{08A30DAC-9153-4F14-B29F-86A99A5EE6EC}.Debug|Any CPU.ActiveCfg = Debug|Any CPU
		{08A30DAC-9153-4F14-B29F-86A99A5EE6EC}.Debug|Any CPU.Build.0 = Debug|Any CPU
		{08A30DAC-9153-4F14-B29F-86A99A5EE6EC}.Release|Any CPU.ActiveCfg = Release|Any CPU
		{08A30DAC-9153-4F14-B29F-86A99A5EE6EC}.Release|Any CPU.Build.0 = Release|Any CPU
		{74639CF1-CD0F-44A9-9D04-8B793101A80E}.Debug|Any CPU.ActiveCfg = Debug|Any CPU
		{74639CF1-CD0F-44A9-9D04-8B793101A80E}.Debug|Any CPU.Build.0 = Debug|Any CPU
		{74639CF1-CD0F-44A9-9D04-8B793101A80E}.Release|Any CPU.ActiveCfg = Release|Any CPU
		{74639CF1-CD0F-44A9-9D04-8B793101A80E}.Release|Any CPU.Build.0 = Release|Any CPU
		{16DB0691-C0C0-480A-9C49-3C9269377607}.Debug|Any CPU.ActiveCfg = Debug|Any CPU
		{16DB0691-C0C0-480A-9C49-3C9269377607}.Debug|Any CPU.Build.0 = Debug|Any CPU
		{16DB0691-C0C0-480A-9C49-3C9269377607}.Release|Any CPU.ActiveCfg = Release|Any CPU
		{16DB0691-C0C0-480A-9C49-3C9269377607}.Release|Any CPU.Build.0 = Release|Any CPU
		{935D8AE4-0BB9-4872-80C5-CA9328A58FB6}.Debug|Any CPU.ActiveCfg = Debug|Any CPU
		{935D8AE4-0BB9-4872-80C5-CA9328A58FB6}.Debug|Any CPU.Build.0 = Debug|Any CPU
		{935D8AE4-0BB9-4872-80C5-CA9328A58FB6}.Release|Any CPU.ActiveCfg = Release|Any CPU
		{935D8AE4-0BB9-4872-80C5-CA9328A58FB6}.Release|Any CPU.Build.0 = Release|Any CPU
		{3DEAB0C4-849B-4720-B740-7BC5390B28C1}.Debug|Any CPU.ActiveCfg = Debug|Any CPU
		{3DEAB0C4-849B-4720-B740-7BC5390B28C1}.Debug|Any CPU.Build.0 = Debug|Any CPU
		{3DEAB0C4-849B-4720-B740-7BC5390B28C1}.Release|Any CPU.ActiveCfg = Release|Any CPU
		{3DEAB0C4-849B-4720-B740-7BC5390B28C1}.Release|Any CPU.Build.0 = Release|Any CPU
		{EF83D651-FD2D-41A0-ABE8-46FEA83E9A2A}.Debug|Any CPU.ActiveCfg = Debug|Any CPU
		{EF83D651-FD2D-41A0-ABE8-46FEA83E9A2A}.Debug|Any CPU.Build.0 = Debug|Any CPU
		{EF83D651-FD2D-41A0-ABE8-46FEA83E9A2A}.Release|Any CPU.ActiveCfg = Release|Any CPU
		{EF83D651-FD2D-41A0-ABE8-46FEA83E9A2A}.Release|Any CPU.Build.0 = Release|Any CPU
		{98286963-02AB-46DC-90D9-EAC6B8B87C23}.Debug|Any CPU.ActiveCfg = Debug|Any CPU
		{98286963-02AB-46DC-90D9-EAC6B8B87C23}.Debug|Any CPU.Build.0 = Debug|Any CPU
		{98286963-02AB-46DC-90D9-EAC6B8B87C23}.Release|Any CPU.ActiveCfg = Release|Any CPU
		{98286963-02AB-46DC-90D9-EAC6B8B87C23}.Release|Any CPU.Build.0 = Release|Any CPU
		{8D4F3ED0-722B-46FA-9DAF-D022A91AF117}.Debug|Any CPU.ActiveCfg = Debug|Any CPU
		{8D4F3ED0-722B-46FA-9DAF-D022A91AF117}.Debug|Any CPU.Build.0 = Debug|Any CPU
		{8D4F3ED0-722B-46FA-9DAF-D022A91AF117}.Release|Any CPU.ActiveCfg = Release|Any CPU
		{8D4F3ED0-722B-46FA-9DAF-D022A91AF117}.Release|Any CPU.Build.0 = Release|Any CPU
		{9A18C50C-0E5D-4B10-9FA2-FA04B1782448}.Debug|Any CPU.ActiveCfg = Debug|Any CPU
		{9A18C50C-0E5D-4B10-9FA2-FA04B1782448}.Debug|Any CPU.Build.0 = Debug|Any CPU
		{9A18C50C-0E5D-4B10-9FA2-FA04B1782448}.Release|Any CPU.ActiveCfg = Release|Any CPU
		{9A18C50C-0E5D-4B10-9FA2-FA04B1782448}.Release|Any CPU.Build.0 = Release|Any CPU
		{3C9B9AB3-0B3F-4E61-B739-EA733AAA91E4}.Debug|Any CPU.ActiveCfg = Debug|Any CPU
		{3C9B9AB3-0B3F-4E61-B739-EA733AAA91E4}.Debug|Any CPU.Build.0 = Debug|Any CPU
		{3C9B9AB3-0B3F-4E61-B739-EA733AAA91E4}.Release|Any CPU.ActiveCfg = Release|Any CPU
		{3C9B9AB3-0B3F-4E61-B739-EA733AAA91E4}.Release|Any CPU.Build.0 = Release|Any CPU
		{E9958BEC-7FA3-47A4-B9D7-7E360722B1F6}.Debug|Any CPU.ActiveCfg = Debug|Any CPU
		{E9958BEC-7FA3-47A4-B9D7-7E360722B1F6}.Debug|Any CPU.Build.0 = Debug|Any CPU
		{E9958BEC-7FA3-47A4-B9D7-7E360722B1F6}.Release|Any CPU.ActiveCfg = Release|Any CPU
		{E9958BEC-7FA3-47A4-B9D7-7E360722B1F6}.Release|Any CPU.Build.0 = Release|Any CPU
		{337877A2-23EB-481C-86B4-EF2DE215A65C}.Debug|Any CPU.ActiveCfg = Debug|Any CPU
		{337877A2-23EB-481C-86B4-EF2DE215A65C}.Debug|Any CPU.Build.0 = Debug|Any CPU
		{337877A2-23EB-481C-86B4-EF2DE215A65C}.Release|Any CPU.ActiveCfg = Release|Any CPU
		{337877A2-23EB-481C-86B4-EF2DE215A65C}.Release|Any CPU.Build.0 = Release|Any CPU
		{7D534871-9AF4-4AE6-B067-BEBDB696AACB}.Debug|Any CPU.ActiveCfg = Debug|Any CPU
		{7D534871-9AF4-4AE6-B067-BEBDB696AACB}.Debug|Any CPU.Build.0 = Debug|Any CPU
		{7D534871-9AF4-4AE6-B067-BEBDB696AACB}.Release|Any CPU.ActiveCfg = Release|Any CPU
		{7D534871-9AF4-4AE6-B067-BEBDB696AACB}.Release|Any CPU.Build.0 = Release|Any CPU
		{1E3FD86C-C68A-4F81-B1D5-8B414189C3BD}.Debug|Any CPU.ActiveCfg = Debug|Any CPU
		{1E3FD86C-C68A-4F81-B1D5-8B414189C3BD}.Debug|Any CPU.Build.0 = Debug|Any CPU
		{1E3FD86C-C68A-4F81-B1D5-8B414189C3BD}.Release|Any CPU.ActiveCfg = Release|Any CPU
		{1E3FD86C-C68A-4F81-B1D5-8B414189C3BD}.Release|Any CPU.Build.0 = Release|Any CPU
		{9BAD79D7-9AD9-426C-9D16-E50F0EE84F6A}.Debug|Any CPU.ActiveCfg = Debug|Any CPU
		{9BAD79D7-9AD9-426C-9D16-E50F0EE84F6A}.Debug|Any CPU.Build.0 = Debug|Any CPU
		{9BAD79D7-9AD9-426C-9D16-E50F0EE84F6A}.Release|Any CPU.ActiveCfg = Release|Any CPU
		{9BAD79D7-9AD9-426C-9D16-E50F0EE84F6A}.Release|Any CPU.Build.0 = Release|Any CPU
		{DA8BCA16-FB70-4972-85F6-23F0B271D35C}.Debug|Any CPU.ActiveCfg = Debug|Any CPU
		{DA8BCA16-FB70-4972-85F6-23F0B271D35C}.Debug|Any CPU.Build.0 = Debug|Any CPU
		{DA8BCA16-FB70-4972-85F6-23F0B271D35C}.Release|Any CPU.ActiveCfg = Release|Any CPU
		{DA8BCA16-FB70-4972-85F6-23F0B271D35C}.Release|Any CPU.Build.0 = Release|Any CPU
		{3F978CCD-D336-4605-92D2-AAAD6924E7F4}.Debug|Any CPU.ActiveCfg = Debug|Any CPU
		{3F978CCD-D336-4605-92D2-AAAD6924E7F4}.Debug|Any CPU.Build.0 = Debug|Any CPU
		{3F978CCD-D336-4605-92D2-AAAD6924E7F4}.Release|Any CPU.ActiveCfg = Release|Any CPU
		{3F978CCD-D336-4605-92D2-AAAD6924E7F4}.Release|Any CPU.Build.0 = Release|Any CPU
		{E8C68D13-445C-4C86-9673-2CEF05E4EB23}.Debug|Any CPU.ActiveCfg = Debug|Any CPU
		{E8C68D13-445C-4C86-9673-2CEF05E4EB23}.Debug|Any CPU.Build.0 = Debug|Any CPU
		{E8C68D13-445C-4C86-9673-2CEF05E4EB23}.Release|Any CPU.ActiveCfg = Release|Any CPU
		{E8C68D13-445C-4C86-9673-2CEF05E4EB23}.Release|Any CPU.Build.0 = Release|Any CPU
		{E0498107-11AE-462B-91B1-B1A1FB0100E7}.Debug|Any CPU.ActiveCfg = Debug|Any CPU
		{E0498107-11AE-462B-91B1-B1A1FB0100E7}.Debug|Any CPU.Build.0 = Debug|Any CPU
		{E0498107-11AE-462B-91B1-B1A1FB0100E7}.Release|Any CPU.ActiveCfg = Release|Any CPU
		{E0498107-11AE-462B-91B1-B1A1FB0100E7}.Release|Any CPU.Build.0 = Release|Any CPU
		{D1D0A411-84C2-4C9C-B90E-94CE460A6FBC}.Debug|Any CPU.ActiveCfg = Debug|Any CPU
		{D1D0A411-84C2-4C9C-B90E-94CE460A6FBC}.Debug|Any CPU.Build.0 = Debug|Any CPU
		{D1D0A411-84C2-4C9C-B90E-94CE460A6FBC}.Release|Any CPU.ActiveCfg = Release|Any CPU
		{D1D0A411-84C2-4C9C-B90E-94CE460A6FBC}.Release|Any CPU.Build.0 = Release|Any CPU
		{8A7E7587-87A7-4A10-B6C3-B8C49D1ECB8C}.Debug|Any CPU.ActiveCfg = Debug|Any CPU
		{8A7E7587-87A7-4A10-B6C3-B8C49D1ECB8C}.Debug|Any CPU.Build.0 = Debug|Any CPU
		{8A7E7587-87A7-4A10-B6C3-B8C49D1ECB8C}.Release|Any CPU.ActiveCfg = Release|Any CPU
		{8A7E7587-87A7-4A10-B6C3-B8C49D1ECB8C}.Release|Any CPU.Build.0 = Release|Any CPU
		{9FF23300-BE69-4803-87D0-6126BA65C065}.Debug|Any CPU.ActiveCfg = Debug|Any CPU
		{9FF23300-BE69-4803-87D0-6126BA65C065}.Debug|Any CPU.Build.0 = Debug|Any CPU
		{9FF23300-BE69-4803-87D0-6126BA65C065}.Release|Any CPU.ActiveCfg = Release|Any CPU
		{9FF23300-BE69-4803-87D0-6126BA65C065}.Release|Any CPU.Build.0 = Release|Any CPU
		{715DBD8E-44CA-4F03-8413-291C1E91D19A}.Debug|Any CPU.ActiveCfg = Debug|Any CPU
		{715DBD8E-44CA-4F03-8413-291C1E91D19A}.Debug|Any CPU.Build.0 = Debug|Any CPU
		{715DBD8E-44CA-4F03-8413-291C1E91D19A}.Release|Any CPU.ActiveCfg = Release|Any CPU
		{715DBD8E-44CA-4F03-8413-291C1E91D19A}.Release|Any CPU.Build.0 = Release|Any CPU
		{4658EFBB-EEF5-49B4-BE65-0815C208716E}.Debug|Any CPU.ActiveCfg = Debug|Any CPU
		{4658EFBB-EEF5-49B4-BE65-0815C208716E}.Debug|Any CPU.Build.0 = Debug|Any CPU
		{4658EFBB-EEF5-49B4-BE65-0815C208716E}.Release|Any CPU.ActiveCfg = Release|Any CPU
		{4658EFBB-EEF5-49B4-BE65-0815C208716E}.Release|Any CPU.Build.0 = Release|Any CPU
		{DFD55F39-D14D-497D-933A-956130F820AC}.Debug|Any CPU.ActiveCfg = Debug|Any CPU
		{DFD55F39-D14D-497D-933A-956130F820AC}.Debug|Any CPU.Build.0 = Debug|Any CPU
		{DFD55F39-D14D-497D-933A-956130F820AC}.Release|Any CPU.ActiveCfg = Release|Any CPU
		{DFD55F39-D14D-497D-933A-956130F820AC}.Release|Any CPU.Build.0 = Release|Any CPU
		{EFF5684F-7F91-4648-ACE8-8F1E4DD22E1F}.Debug|Any CPU.ActiveCfg = Debug|Any CPU
		{EFF5684F-7F91-4648-ACE8-8F1E4DD22E1F}.Debug|Any CPU.Build.0 = Debug|Any CPU
		{EFF5684F-7F91-4648-ACE8-8F1E4DD22E1F}.Release|Any CPU.ActiveCfg = Release|Any CPU
		{EFF5684F-7F91-4648-ACE8-8F1E4DD22E1F}.Release|Any CPU.Build.0 = Release|Any CPU
		{D1842DBE-AA51-4950-9C9F-FC33B5887CBB}.Debug|Any CPU.ActiveCfg = Debug|Any CPU
		{D1842DBE-AA51-4950-9C9F-FC33B5887CBB}.Debug|Any CPU.Build.0 = Debug|Any CPU
		{D1842DBE-AA51-4950-9C9F-FC33B5887CBB}.Release|Any CPU.ActiveCfg = Release|Any CPU
		{D1842DBE-AA51-4950-9C9F-FC33B5887CBB}.Release|Any CPU.Build.0 = Release|Any CPU
		{39DDC72D-A7E2-4D1C-AEA0-A1C411E68FFE}.Debug|Any CPU.ActiveCfg = Debug|Any CPU
		{39DDC72D-A7E2-4D1C-AEA0-A1C411E68FFE}.Debug|Any CPU.Build.0 = Debug|Any CPU
		{39DDC72D-A7E2-4D1C-AEA0-A1C411E68FFE}.Release|Any CPU.ActiveCfg = Release|Any CPU
		{39DDC72D-A7E2-4D1C-AEA0-A1C411E68FFE}.Release|Any CPU.Build.0 = Release|Any CPU
		{3F67199C-393E-4D74-8790-4DA14758DC3F}.Debug|Any CPU.ActiveCfg = Debug|Any CPU
		{3F67199C-393E-4D74-8790-4DA14758DC3F}.Debug|Any CPU.Build.0 = Debug|Any CPU
		{3F67199C-393E-4D74-8790-4DA14758DC3F}.Release|Any CPU.ActiveCfg = Release|Any CPU
		{3F67199C-393E-4D74-8790-4DA14758DC3F}.Release|Any CPU.Build.0 = Release|Any CPU
		{DFFF0AE9-B855-4EEC-A35D-36D001D592D3}.Debug|Any CPU.ActiveCfg = Debug|Any CPU
		{DFFF0AE9-B855-4EEC-A35D-36D001D592D3}.Debug|Any CPU.Build.0 = Debug|Any CPU
		{DFFF0AE9-B855-4EEC-A35D-36D001D592D3}.Release|Any CPU.ActiveCfg = Release|Any CPU
		{DFFF0AE9-B855-4EEC-A35D-36D001D592D3}.Release|Any CPU.Build.0 = Release|Any CPU
		{C55C8494-B743-490F-A0BD-2C421D192864}.Debug|Any CPU.ActiveCfg = Debug|Any CPU
		{C55C8494-B743-490F-A0BD-2C421D192864}.Debug|Any CPU.Build.0 = Debug|Any CPU
		{C55C8494-B743-490F-A0BD-2C421D192864}.Release|Any CPU.ActiveCfg = Release|Any CPU
		{C55C8494-B743-490F-A0BD-2C421D192864}.Release|Any CPU.Build.0 = Release|Any CPU
		{E01F605A-AF12-481E-A2BE-7E530CF4DB8F}.Debug|Any CPU.ActiveCfg = Debug|Any CPU
		{E01F605A-AF12-481E-A2BE-7E530CF4DB8F}.Debug|Any CPU.Build.0 = Debug|Any CPU
		{E01F605A-AF12-481E-A2BE-7E530CF4DB8F}.Release|Any CPU.ActiveCfg = Release|Any CPU
		{E01F605A-AF12-481E-A2BE-7E530CF4DB8F}.Release|Any CPU.Build.0 = Release|Any CPU
		{5D88875D-94E7-46F4-99FF-6D10A6B86293}.Debug|Any CPU.ActiveCfg = Debug|Any CPU
		{5D88875D-94E7-46F4-99FF-6D10A6B86293}.Debug|Any CPU.Build.0 = Debug|Any CPU
		{5D88875D-94E7-46F4-99FF-6D10A6B86293}.Release|Any CPU.ActiveCfg = Release|Any CPU
		{5D88875D-94E7-46F4-99FF-6D10A6B86293}.Release|Any CPU.Build.0 = Release|Any CPU
		{79CEAA48-5152-4FA7-B5DD-7BE2F87312E7}.Debug|Any CPU.ActiveCfg = Debug|Any CPU
		{79CEAA48-5152-4FA7-B5DD-7BE2F87312E7}.Debug|Any CPU.Build.0 = Debug|Any CPU
		{79CEAA48-5152-4FA7-B5DD-7BE2F87312E7}.Release|Any CPU.ActiveCfg = Release|Any CPU
		{79CEAA48-5152-4FA7-B5DD-7BE2F87312E7}.Release|Any CPU.Build.0 = Release|Any CPU
		{03F77081-83F6-4BFB-8917-416FB7E7AE2E}.Debug|Any CPU.ActiveCfg = Debug|Any CPU
		{03F77081-83F6-4BFB-8917-416FB7E7AE2E}.Debug|Any CPU.Build.0 = Debug|Any CPU
		{03F77081-83F6-4BFB-8917-416FB7E7AE2E}.Release|Any CPU.ActiveCfg = Release|Any CPU
		{03F77081-83F6-4BFB-8917-416FB7E7AE2E}.Release|Any CPU.Build.0 = Release|Any CPU
		{686D47CA-34BA-4CFE-9AE0-2CAF66570C06}.Debug|Any CPU.ActiveCfg = Debug|Any CPU
		{686D47CA-34BA-4CFE-9AE0-2CAF66570C06}.Debug|Any CPU.Build.0 = Debug|Any CPU
		{686D47CA-34BA-4CFE-9AE0-2CAF66570C06}.Release|Any CPU.ActiveCfg = Release|Any CPU
		{686D47CA-34BA-4CFE-9AE0-2CAF66570C06}.Release|Any CPU.Build.0 = Release|Any CPU
		{A1395661-552E-4C25-B648-7D5E240DC506}.Debug|Any CPU.ActiveCfg = Debug|Any CPU
		{A1395661-552E-4C25-B648-7D5E240DC506}.Debug|Any CPU.Build.0 = Debug|Any CPU
		{A1395661-552E-4C25-B648-7D5E240DC506}.Release|Any CPU.ActiveCfg = Release|Any CPU
		{A1395661-552E-4C25-B648-7D5E240DC506}.Release|Any CPU.Build.0 = Release|Any CPU
		{1D05CEC0-AC67-4E9F-BD62-B4089F925CE8}.Debug|Any CPU.ActiveCfg = Debug|Any CPU
		{1D05CEC0-AC67-4E9F-BD62-B4089F925CE8}.Debug|Any CPU.Build.0 = Debug|Any CPU
		{1D05CEC0-AC67-4E9F-BD62-B4089F925CE8}.Release|Any CPU.ActiveCfg = Release|Any CPU
		{1D05CEC0-AC67-4E9F-BD62-B4089F925CE8}.Release|Any CPU.Build.0 = Release|Any CPU
		{E51BE6F8-2146-4DAF-92F3-F8F9A6CCD88C}.Debug|Any CPU.ActiveCfg = Debug|Any CPU
		{E51BE6F8-2146-4DAF-92F3-F8F9A6CCD88C}.Debug|Any CPU.Build.0 = Debug|Any CPU
		{E51BE6F8-2146-4DAF-92F3-F8F9A6CCD88C}.Release|Any CPU.ActiveCfg = Release|Any CPU
		{E51BE6F8-2146-4DAF-92F3-F8F9A6CCD88C}.Release|Any CPU.Build.0 = Release|Any CPU
		{F2364324-0405-42CA-98BE-19A809A28B6C}.Debug|Any CPU.ActiveCfg = Debug|Any CPU
		{F2364324-0405-42CA-98BE-19A809A28B6C}.Debug|Any CPU.Build.0 = Debug|Any CPU
		{F2364324-0405-42CA-98BE-19A809A28B6C}.Release|Any CPU.ActiveCfg = Release|Any CPU
		{F2364324-0405-42CA-98BE-19A809A28B6C}.Release|Any CPU.Build.0 = Release|Any CPU
	EndGlobalSection
	GlobalSection(SolutionProperties) = preSolution
		HideSolutionNode = FALSE
	EndGlobalSection
	GlobalSection(NestedProjects) = preSolution
		{D6F98C38-8F66-4247-83E3-9E75F6F771F6} = {83B91F5D-1AC0-4DBB-A0DF-5A72DFE41203}
		{9E8C1D12-DABF-408B-B7D5-45986F93653D} = {83B91F5D-1AC0-4DBB-A0DF-5A72DFE41203}
		{08A30DAC-9153-4F14-B29F-86A99A5EE6EC} = {83B91F5D-1AC0-4DBB-A0DF-5A72DFE41203}
		{74639CF1-CD0F-44A9-9D04-8B793101A80E} = {83B91F5D-1AC0-4DBB-A0DF-5A72DFE41203}
		{16DB0691-C0C0-480A-9C49-3C9269377607} = {A021DD29-9BD2-4129-96F8-C3F42914F5CB}
		{935D8AE4-0BB9-4872-80C5-CA9328A58FB6} = {A021DD29-9BD2-4129-96F8-C3F42914F5CB}
		{3DEAB0C4-849B-4720-B740-7BC5390B28C1} = {A021DD29-9BD2-4129-96F8-C3F42914F5CB}
		{EF83D651-FD2D-41A0-ABE8-46FEA83E9A2A} = {EAFA211F-2576-4635-A897-9A45A2371578}
		{98286963-02AB-46DC-90D9-EAC6B8B87C23} = {EAFA211F-2576-4635-A897-9A45A2371578}
		{8D4F3ED0-722B-46FA-9DAF-D022A91AF117} = {EAFA211F-2576-4635-A897-9A45A2371578}
		{9A18C50C-0E5D-4B10-9FA2-FA04B1782448} = {EAFA211F-2576-4635-A897-9A45A2371578}
		{3C9B9AB3-0B3F-4E61-B739-EA733AAA91E4} = {EAFA211F-2576-4635-A897-9A45A2371578}
		{E9958BEC-7FA3-47A4-B9D7-7E360722B1F6} = {D0F9B806-3C1F-4A4D-93D3-D90A47EA72DA}
		{337877A2-23EB-481C-86B4-EF2DE215A65C} = {D0F9B806-3C1F-4A4D-93D3-D90A47EA72DA}
		{7D534871-9AF4-4AE6-B067-BEBDB696AACB} = {D0F9B806-3C1F-4A4D-93D3-D90A47EA72DA}
		{1E3FD86C-C68A-4F81-B1D5-8B414189C3BD} = {D0F9B806-3C1F-4A4D-93D3-D90A47EA72DA}
		{9BAD79D7-9AD9-426C-9D16-E50F0EE84F6A} = {D0F9B806-3C1F-4A4D-93D3-D90A47EA72DA}
		{DA8BCA16-FB70-4972-85F6-23F0B271D35C} = {D0F9B806-3C1F-4A4D-93D3-D90A47EA72DA}
		{3F978CCD-D336-4605-92D2-AAAD6924E7F4} = {D0F9B806-3C1F-4A4D-93D3-D90A47EA72DA}
		{E8C68D13-445C-4C86-9673-2CEF05E4EB23} = {83B91F5D-1AC0-4DBB-A0DF-5A72DFE41203}
		{E0498107-11AE-462B-91B1-B1A1FB0100E7} = {5BFFD0BB-BB4C-4B1D-AAB4-5644DEF508E1}
		{D1D0A411-84C2-4C9C-B90E-94CE460A6FBC} = {5BFFD0BB-BB4C-4B1D-AAB4-5644DEF508E1}
		{8A7E7587-87A7-4A10-B6C3-B8C49D1ECB8C} = {5BFFD0BB-BB4C-4B1D-AAB4-5644DEF508E1}
		{9FF23300-BE69-4803-87D0-6126BA65C065} = {5BFFD0BB-BB4C-4B1D-AAB4-5644DEF508E1}
		{715DBD8E-44CA-4F03-8413-291C1E91D19A} = {5BFFD0BB-BB4C-4B1D-AAB4-5644DEF508E1}
		{4658EFBB-EEF5-49B4-BE65-0815C208716E} = {5BFFD0BB-BB4C-4B1D-AAB4-5644DEF508E1}
		{DFD55F39-D14D-497D-933A-956130F820AC} = {5BFFD0BB-BB4C-4B1D-AAB4-5644DEF508E1}
		{EFF5684F-7F91-4648-ACE8-8F1E4DD22E1F} = {5BFFD0BB-BB4C-4B1D-AAB4-5644DEF508E1}
		{D1842DBE-AA51-4950-9C9F-FC33B5887CBB} = {5BFFD0BB-BB4C-4B1D-AAB4-5644DEF508E1}
		{39DDC72D-A7E2-4D1C-AEA0-A1C411E68FFE} = {5BFFD0BB-BB4C-4B1D-AAB4-5644DEF508E1}
		{3F67199C-393E-4D74-8790-4DA14758DC3F} = {5BFFD0BB-BB4C-4B1D-AAB4-5644DEF508E1}
		{DFFF0AE9-B855-4EEC-A35D-36D001D592D3} = {D93401E7-5B8D-4DA9-AD13-9BC4963C6680}
		{C55C8494-B743-490F-A0BD-2C421D192864} = {D93401E7-5B8D-4DA9-AD13-9BC4963C6680}
		{E01F605A-AF12-481E-A2BE-7E530CF4DB8F} = {D93401E7-5B8D-4DA9-AD13-9BC4963C6680}
		{5D88875D-94E7-46F4-99FF-6D10A6B86293} = {D93401E7-5B8D-4DA9-AD13-9BC4963C6680}
		{79CEAA48-5152-4FA7-B5DD-7BE2F87312E7} = {D93401E7-5B8D-4DA9-AD13-9BC4963C6680}
		{03F77081-83F6-4BFB-8917-416FB7E7AE2E} = {28F2E365-8F89-4A96-90DE-5D97EFE64132}
		{686D47CA-34BA-4CFE-9AE0-2CAF66570C06} = {28F2E365-8F89-4A96-90DE-5D97EFE64132}
		{A1395661-552E-4C25-B648-7D5E240DC506} = {28F2E365-8F89-4A96-90DE-5D97EFE64132}
		{1D05CEC0-AC67-4E9F-BD62-B4089F925CE8} = {28F2E365-8F89-4A96-90DE-5D97EFE64132}
		{E51BE6F8-2146-4DAF-92F3-F8F9A6CCD88C} = {28F2E365-8F89-4A96-90DE-5D97EFE64132}
		{F2364324-0405-42CA-98BE-19A809A28B6C} = {28F2E365-8F89-4A96-90DE-5D97EFE64132}
	EndGlobalSection
	GlobalSection(ExtensibilityGlobals) = postSolution
		SolutionGuid = {AF5833CB-80F8-46B9-80BE-DFA66121F7B4}
	EndGlobalSection
EndGlobal
