
Microsoft Visual Studio Solution File, Format Version 12.00
# Visual Studio 15
VisualStudioVersion = 15.0.27004.2009
MinimumVisualStudioVersion = 10.0.40219.1
Project("{2150E333-8FDC-42A3-9474-1A3956D46DE8}") = "01.1 Data Types, Variables and Methods - Lab", "01.1 Data Types, Variables and Methods - Lab", "{A021DD29-9BD2-4129-96F8-C3F42914F5CB}"
EndProject
Project("{2150E333-8FDC-42A3-9474-1A3956D46DE8}") = "01.2 Data Types, Variables and Methods - Exercises", "01.2 Data Types, Variables and Methods - Exercises", "{EAFA211F-2576-4635-A897-9A45A2371578}"
EndProject
Project("{2150E333-8FDC-42A3-9474-1A3956D46DE8}") = "02.1 Arrays, Lists, Array and List Algorithms - Lab", "02.1 Arrays, Lists, Array and List Algorithms - Lab", "{D0F9B806-3C1F-4A4D-93D3-D90A47EA72DA}"
EndProject
Project("{2150E333-8FDC-42A3-9474-1A3956D46DE8}") = "02.2 Arrays, Lists, Array and List Algorithms - Exercises", "02.2 Arrays, Lists, Array and List Algorithms - Exercises", "{83B91F5D-1AC0-4DBB-A0DF-5A72DFE41203}"
EndProject
Project("{2150E333-8FDC-42A3-9474-1A3956D46DE8}") = "03.1 Strings, Regular Expressions and Text Processing - Lab", "03.1 Strings, Regular Expressions and Text Processing - Lab", "{5BFFD0BB-BB4C-4B1D-AAB4-5644DEF508E1}"
EndProject
Project("{2150E333-8FDC-42A3-9474-1A3956D46DE8}") = "03.2 Strings, Regular Expressions and Text Processing - Exercises", "03.2 Strings, Regular Expressions and Text Processing - Exercises", "{D93401E7-5B8D-4DA9-AD13-9BC4963C6680}"
EndProject
Project("{2150E333-8FDC-42A3-9474-1A3956D46DE8}") = "04.1 Dictionaries, Nested Collections, LINQ and Lambda Expressions - Lab", "04.1 Dictionaries, Nested Collections, LINQ and Lambda Expressions - Lab", "{28F2E365-8F89-4A96-90DE-5D97EFE64132}"
EndProject
Project("{2150E333-8FDC-42A3-9474-1A3956D46DE8}") = "04.2 Dictionaries, Nested Collections, LINQ and Lambda Expressions - Exercises", "04.2 Dictionaries, Nested Collections, LINQ and Lambda Expressions - Exercises", "{110D34BB-6D1E-4613-ADB6-1750003033C0}"
EndProject
Project("{FAE04EC0-301F-11D3-BF4B-00C04F79EFBC}") = "Test", "Test\Test.csproj", "{6C0FFB6C-8FD0-4DBC-AFD1-971CD6DBD31F}"
EndProject
Project("{FAE04EC0-301F-11D3-BF4B-00C04F79EFBC}") = "01. Anonymous Threat", "02. Arrays, Lists, Array and List Algorithms\Exercises\01. Anonymous Threat\01. Anonymous Threat.csproj", "{D6F98C38-8F66-4247-83E3-9E75F6F771F6}"
EndProject
Project("{FAE04EC0-301F-11D3-BF4B-00C04F79EFBC}") = "02. Icarus", "02. Arrays, Lists, Array and List Algorithms\Exercises\02. Icarus\02. Icarus.csproj", "{9E8C1D12-DABF-408B-B7D5-45986F93653D}"
EndProject
Project("{FAE04EC0-301F-11D3-BF4B-00C04F79EFBC}") = "03. Pokemon Don't Go", "02. Arrays, Lists, Array and List Algorithms\Exercises\03. Pokemon Don't Go\03. Pokemon Don't Go.csproj", "{08A30DAC-9153-4F14-B29F-86A99A5EE6EC}"
EndProject
Project("{FAE04EC0-301F-11D3-BF4B-00C04F79EFBC}") = "04. Hornet Assault", "02. Arrays, Lists, Array and List Algorithms\Exercises\04. Hornet Assault\04. Hornet Assault.csproj", "{74639CF1-CD0F-44A9-9D04-8B793101A80E}"
EndProject
Project("{FAE04EC0-301F-11D3-BF4B-00C04F79EFBC}") = "01. Integer Types", "01. Data Types, Variables and Methods\Lab\01. Integer Types\01. Integer Types.csproj", "{16DB0691-C0C0-480A-9C49-3C9269377607}"
EndProject
Project("{FAE04EC0-301F-11D3-BF4B-00C04F79EFBC}") = "02. Real Number Types", "01. Data Types, Variables and Methods\Lab\02. Real Number Types\02. Real Number Types.csproj", "{935D8AE4-0BB9-4872-80C5-CA9328A58FB6}"
EndProject
Project("{FAE04EC0-301F-11D3-BF4B-00C04F79EFBC}") = "03. Big Power", "01. Data Types, Variables and Methods\Lab\03. Big Power\03. Big Power.csproj", "{3DEAB0C4-849B-4720-B740-7BC5390B28C1}"
EndProject
Global
	GlobalSection(SolutionConfigurationPlatforms) = preSolution
		Debug|Any CPU = Debug|Any CPU
		Release|Any CPU = Release|Any CPU
	EndGlobalSection
	GlobalSection(ProjectConfigurationPlatforms) = postSolution
		{6C0FFB6C-8FD0-4DBC-AFD1-971CD6DBD31F}.Debug|Any CPU.ActiveCfg = Debug|Any CPU
		{6C0FFB6C-8FD0-4DBC-AFD1-971CD6DBD31F}.Debug|Any CPU.Build.0 = Debug|Any CPU
		{6C0FFB6C-8FD0-4DBC-AFD1-971CD6DBD31F}.Release|Any CPU.ActiveCfg = Release|Any CPU
		{6C0FFB6C-8FD0-4DBC-AFD1-971CD6DBD31F}.Release|Any CPU.Build.0 = Release|Any CPU
		{D6F98C38-8F66-4247-83E3-9E75F6F771F6}.Debug|Any CPU.ActiveCfg = Debug|Any CPU
		{D6F98C38-8F66-4247-83E3-9E75F6F771F6}.Debug|Any CPU.Build.0 = Debug|Any CPU
		{D6F98C38-8F66-4247-83E3-9E75F6F771F6}.Release|Any CPU.ActiveCfg = Release|Any CPU
		{D6F98C38-8F66-4247-83E3-9E75F6F771F6}.Release|Any CPU.Build.0 = Release|Any CPU
		{9E8C1D12-DABF-408B-B7D5-45986F93653D}.Debug|Any CPU.ActiveCfg = Debug|Any CPU
		{9E8C1D12-DABF-408B-B7D5-45986F93653D}.Debug|Any CPU.Build.0 = Debug|Any CPU
		{9E8C1D12-DABF-408B-B7D5-45986F93653D}.Release|Any CPU.ActiveCfg = Release|Any CPU
		{9E8C1D12-DABF-408B-B7D5-45986F93653D}.Release|Any CPU.Build.0 = Release|Any CPU
		{08A30DAC-9153-4F14-B29F-86A99A5EE6EC}.Debug|Any CPU.ActiveCfg = Debug|Any CPU
		{08A30DAC-9153-4F14-B29F-86A99A5EE6EC}.Debug|Any CPU.Build.0 = Debug|Any CPU
		{08A30DAC-9153-4F14-B29F-86A99A5EE6EC}.Release|Any CPU.ActiveCfg = Release|Any CPU
		{08A30DAC-9153-4F14-B29F-86A99A5EE6EC}.Release|Any CPU.Build.0 = Release|Any CPU
		{74639CF1-CD0F-44A9-9D04-8B793101A80E}.Debug|Any CPU.ActiveCfg = Debug|Any CPU
		{74639CF1-CD0F-44A9-9D04-8B793101A80E}.Debug|Any CPU.Build.0 = Debug|Any CPU
		{74639CF1-CD0F-44A9-9D04-8B793101A80E}.Release|Any CPU.ActiveCfg = Release|Any CPU
		{74639CF1-CD0F-44A9-9D04-8B793101A80E}.Release|Any CPU.Build.0 = Release|Any CPU
		{16DB0691-C0C0-480A-9C49-3C9269377607}.Debug|Any CPU.ActiveCfg = Debug|Any CPU
		{16DB0691-C0C0-480A-9C49-3C9269377607}.Debug|Any CPU.Build.0 = Debug|Any CPU
		{16DB0691-C0C0-480A-9C49-3C9269377607}.Release|Any CPU.ActiveCfg = Release|Any CPU
		{16DB0691-C0C0-480A-9C49-3C9269377607}.Release|Any CPU.Build.0 = Release|Any CPU
		{935D8AE4-0BB9-4872-80C5-CA9328A58FB6}.Debug|Any CPU.ActiveCfg = Debug|Any CPU
		{935D8AE4-0BB9-4872-80C5-CA9328A58FB6}.Debug|Any CPU.Build.0 = Debug|Any CPU
		{935D8AE4-0BB9-4872-80C5-CA9328A58FB6}.Release|Any CPU.ActiveCfg = Release|Any CPU
		{935D8AE4-0BB9-4872-80C5-CA9328A58FB6}.Release|Any CPU.Build.0 = Release|Any CPU
		{3DEAB0C4-849B-4720-B740-7BC5390B28C1}.Debug|Any CPU.ActiveCfg = Debug|Any CPU
		{3DEAB0C4-849B-4720-B740-7BC5390B28C1}.Debug|Any CPU.Build.0 = Debug|Any CPU
		{3DEAB0C4-849B-4720-B740-7BC5390B28C1}.Release|Any CPU.ActiveCfg = Release|Any CPU
		{3DEAB0C4-849B-4720-B740-7BC5390B28C1}.Release|Any CPU.Build.0 = Release|Any CPU
	EndGlobalSection
	GlobalSection(SolutionProperties) = preSolution
		HideSolutionNode = FALSE
	EndGlobalSection
	GlobalSection(NestedProjects) = preSolution
		{D6F98C38-8F66-4247-83E3-9E75F6F771F6} = {83B91F5D-1AC0-4DBB-A0DF-5A72DFE41203}
		{9E8C1D12-DABF-408B-B7D5-45986F93653D} = {83B91F5D-1AC0-4DBB-A0DF-5A72DFE41203}
		{08A30DAC-9153-4F14-B29F-86A99A5EE6EC} = {83B91F5D-1AC0-4DBB-A0DF-5A72DFE41203}
		{74639CF1-CD0F-44A9-9D04-8B793101A80E} = {83B91F5D-1AC0-4DBB-A0DF-5A72DFE41203}
		{16DB0691-C0C0-480A-9C49-3C9269377607} = {A021DD29-9BD2-4129-96F8-C3F42914F5CB}
		{935D8AE4-0BB9-4872-80C5-CA9328A58FB6} = {A021DD29-9BD2-4129-96F8-C3F42914F5CB}
		{3DEAB0C4-849B-4720-B740-7BC5390B28C1} = {A021DD29-9BD2-4129-96F8-C3F42914F5CB}
	EndGlobalSection
	GlobalSection(ExtensibilityGlobals) = postSolution
		SolutionGuid = {AF5833CB-80F8-46B9-80BE-DFA66121F7B4}
	EndGlobalSection
EndGlobal
