
Microsoft Visual Studio Solution File, Format Version 12.00
# Visual Studio 15
VisualStudioVersion = 15.0.27004.2010
MinimumVisualStudioVersion = 10.0.40219.1
Project("{2150E333-8FDC-42A3-9474-1A3956D46DE8}") = "01.1 Data Types, Variables and Methods - Lab", "01.1 Data Types, Variables and Methods - Lab", "{A021DD29-9BD2-4129-96F8-C3F42914F5CB}"
EndProject
Project("{2150E333-8FDC-42A3-9474-1A3956D46DE8}") = "01.2 Data Types, Variables and Methods - Exercises", "01.2 Data Types, Variables and Methods - Exercises", "{EAFA211F-2576-4635-A897-9A45A2371578}"
EndProject
Project("{2150E333-8FDC-42A3-9474-1A3956D46DE8}") = "02.1 Arrays, Lists, Array and List Algorithms - Lab", "02.1 Arrays, Lists, Array and List Algorithms - Lab", "{D0F9B806-3C1F-4A4D-93D3-D90A47EA72DA}"
EndProject
Project("{2150E333-8FDC-42A3-9474-1A3956D46DE8}") = "02.2 Arrays, Lists, Array and List Algorithms - Exercises", "02.2 Arrays, Lists, Array and List Algorithms - Exercises", "{83B91F5D-1AC0-4DBB-A0DF-5A72DFE41203}"
EndProject
Project("{2150E333-8FDC-42A3-9474-1A3956D46DE8}") = "03.1 Strings, Regular Expressions and Text Processing - Lab", "03.1 Strings, Regular Expressions and Text Processing - Lab", "{5BFFD0BB-BB4C-4B1D-AAB4-5644DEF508E1}"
EndProject
Project("{2150E333-8FDC-42A3-9474-1A3956D46DE8}") = "03.2 Strings, Regular Expressions and Text Processing - Exercises", "03.2 Strings, Regular Expressions and Text Processing - Exercises", "{D93401E7-5B8D-4DA9-AD13-9BC4963C6680}"
EndProject
Project("{2150E333-8FDC-42A3-9474-1A3956D46DE8}") = "04.1 Dictionaries, Nested Collections, LINQ and Lambda Expressions - Lab", "04.1 Dictionaries, Nested Collections, LINQ and Lambda Expressions - Lab", "{28F2E365-8F89-4A96-90DE-5D97EFE64132}"
EndProject
Project("{2150E333-8FDC-42A3-9474-1A3956D46DE8}") = "04.2 Dictionaries, Nested Collections, LINQ and Lambda Expressions - Exercises", "04.2 Dictionaries, Nested Collections, LINQ and Lambda Expressions - Exercises", "{110D34BB-6D1E-4613-ADB6-1750003033C0}"
EndProject
Project("{FAE04EC0-301F-11D3-BF4B-00C04F79EFBC}") = "Test", "Test\Test.csproj", "{6C0FFB6C-8FD0-4DBC-AFD1-971CD6DBD31F}"
EndProject
Project("{FAE04EC0-301F-11D3-BF4B-00C04F79EFBC}") = "01. Anonymous Threat", "02. Arrays, Lists, Array and List Algorithms\Exercises\01. Anonymous Threat\01. Anonymous Threat.csproj", "{D6F98C38-8F66-4247-83E3-9E75F6F771F6}"
EndProject
Project("{FAE04EC0-301F-11D3-BF4B-00C04F79EFBC}") = "02. Icarus", "02. Arrays, Lists, Array and List Algorithms\Exercises\02. Icarus\02. Icarus.csproj", "{9E8C1D12-DABF-408B-B7D5-45986F93653D}"
EndProject
Project("{FAE04EC0-301F-11D3-BF4B-00C04F79EFBC}") = "03. Pokemon Don't Go", "02. Arrays, Lists, Array and List Algorithms\Exercises\03. Pokemon Don't Go\03. Pokemon Don't Go.csproj", "{08A30DAC-9153-4F14-B29F-86A99A5EE6EC}"
EndProject
Project("{FAE04EC0-301F-11D3-BF4B-00C04F79EFBC}") = "04. Hornet Assault", "02. Arrays, Lists, Array and List Algorithms\Exercises\04. Hornet Assault\04. Hornet Assault.csproj", "{74639CF1-CD0F-44A9-9D04-8B793101A80E}"
EndProject
Project("{FAE04EC0-301F-11D3-BF4B-00C04F79EFBC}") = "01. Integer Types", "01. Data Types, Variables and Methods\Lab\01. Integer Types\01. Integer Types.csproj", "{16DB0691-C0C0-480A-9C49-3C9269377607}"
EndProject
Project("{FAE04EC0-301F-11D3-BF4B-00C04F79EFBC}") = "02. Real Number Types", "01. Data Types, Variables and Methods\Lab\02. Real Number Types\02. Real Number Types.csproj", "{935D8AE4-0BB9-4872-80C5-CA9328A58FB6}"
EndProject
Project("{FAE04EC0-301F-11D3-BF4B-00C04F79EFBC}") = "03. Big Power", "01. Data Types, Variables and Methods\Lab\03. Big Power\03. Big Power.csproj", "{3DEAB0C4-849B-4720-B740-7BC5390B28C1}"
EndProject
Project("{FAE04EC0-301F-11D3-BF4B-00C04F79EFBC}") = "01. Anonymous Downsite", "01. Data Types, Variables and Methods\Exericses\01. Anonymous Downsite\01. Anonymous Downsite.csproj", "{EF83D651-FD2D-41A0-ABE8-46FEA83E9A2A}"
EndProject
Project("{FAE04EC0-301F-11D3-BF4B-00C04F79EFBC}") = "02. Hornet Wings", "01. Data Types, Variables and Methods\Exericses\02. Hornet Wings\02. Hornet Wings.csproj", "{98286963-02AB-46DC-90D9-EAC6B8B87C23}"
EndProject
Project("{FAE04EC0-301F-11D3-BF4B-00C04F79EFBC}") = "03. Poke Mon", "01. Data Types, Variables and Methods\Exericses\03. Poke Mon\03. Poke Mon.csproj", "{8D4F3ED0-722B-46FA-9DAF-D022A91AF117}"
EndProject
Project("{FAE04EC0-301F-11D3-BF4B-00C04F79EFBC}") = "04. Resurrection", "01. Data Types, Variables and Methods\Exericses\04. Resurrection\04. Resurrection.csproj", "{9A18C50C-0E5D-4B10-9FA2-FA04B1782448}"
EndProject
Project("{FAE04EC0-301F-11D3-BF4B-00C04F79EFBC}") = "05. Wormtest", "01. Data Types, Variables and Methods\Exericses\05. Wormtest\05. Wormtest.csproj", "{3C9B9AB3-0B3F-4E61-B739-EA733AAA91E4}"
EndProject
Project("{FAE04EC0-301F-11D3-BF4B-00C04F79EFBC}") = "01.RotateArrayOfStrings", "02. Arrays, Lists, Array and List Algorithms\Lab\01.RotateArrayOfStrings\01.RotateArrayOfStrings.csproj", "{E9958BEC-7FA3-47A4-B9D7-7E360722B1F6}"
EndProject
Project("{FAE04EC0-301F-11D3-BF4B-00C04F79EFBC}") = "02. Odd Numbers", "02. Arrays, Lists, Array and List Algorithms\Lab\02. Odd Numbers\02. Odd Numbers.csproj", "{337877A2-23EB-481C-86B4-EF2DE215A65C}"
EndProject
Project("{FAE04EC0-301F-11D3-BF4B-00C04F79EFBC}") = "03. Array Contains Element", "02. Arrays, Lists, Array and List Algorithms\Lab\03. Array Contains Element\03. Array Contains Element.csproj", "{7D534871-9AF4-4AE6-B067-BEBDB696AACB}"
EndProject
Project("{FAE04EC0-301F-11D3-BF4B-00C04F79EFBC}") = "04. Sort Numbers", "02. Arrays, Lists, Array and List Algorithms\Lab\04. Sort Numbers\04. Sort Numbers.csproj", "{1E3FD86C-C68A-4F81-B1D5-8B414189C3BD}"
EndProject
Project("{FAE04EC0-301F-11D3-BF4B-00C04F79EFBC}") = "05. Largest N Numbers", "02. Arrays, Lists, Array and List Algorithms\Lab\05. Largest N Numbers\05. Largest N Numbers.csproj", "{9BAD79D7-9AD9-426C-9D16-E50F0EE84F6A}"
EndProject
Project("{FAE04EC0-301F-11D3-BF4B-00C04F79EFBC}") = "01.2.RotateArrayOfStrings", "02. Arrays, Lists, Array and List Algorithms\Lab\01.2.RotateArrayOfStrings\01.2.RotateArrayOfStrings.csproj", "{DA8BCA16-FB70-4972-85F6-23F0B271D35C}"
EndProject
Project("{FAE04EC0-301F-11D3-BF4B-00C04F79EFBC}") = "01.5.Rotate N TimesToRight", "02. Arrays, Lists, Array and List Algorithms\Lab\01.5.Rotate N TimesToRight\01.5.Rotate N TimesToRight.csproj", "{3F978CCD-D336-4605-92D2-AAAD6924E7F4}"
EndProject
Project("{FAE04EC0-301F-11D3-BF4B-00C04F79EFBC}") = "03.2. Pokemon Don't Go", "02. Arrays, Lists, Array and List Algorithms\Exercises\03.2. Pokemon Don't Go\03.2. Pokemon Don't Go.csproj", "{E8C68D13-445C-4C86-9673-2CEF05E4EB23}"
EndProject
Global
	GlobalSection(SolutionConfigurationPlatforms) = preSolution
		Debug|Any CPU = Debug|Any CPU
		Release|Any CPU = Release|Any CPU
	EndGlobalSection
	GlobalSection(ProjectConfigurationPlatforms) = postSolution
		{6C0FFB6C-8FD0-4DBC-AFD1-971CD6DBD31F}.Debug|Any CPU.ActiveCfg = Debug|Any CPU
		{6C0FFB6C-8FD0-4DBC-AFD1-971CD6DBD31F}.Debug|Any CPU.Build.0 = Debug|Any CPU
		{6C0FFB6C-8FD0-4DBC-AFD1-971CD6DBD31F}.Release|Any CPU.ActiveCfg = Release|Any CPU
		{6C0FFB6C-8FD0-4DBC-AFD1-971CD6DBD31F}.Release|Any CPU.Build.0 = Release|Any CPU
		{D6F98C38-8F66-4247-83E3-9E75F6F771F6}.Debug|Any CPU.ActiveCfg = Debug|Any CPU
		{D6F98C38-8F66-4247-83E3-9E75F6F771F6}.Debug|Any CPU.Build.0 = Debug|Any CPU
		{D6F98C38-8F66-4247-83E3-9E75F6F771F6}.Release|Any CPU.ActiveCfg = Release|Any CPU
		{D6F98C38-8F66-4247-83E3-9E75F6F771F6}.Release|Any CPU.Build.0 = Release|Any CPU
		{9E8C1D12-DABF-408B-B7D5-45986F93653D}.Debug|Any CPU.ActiveCfg = Debug|Any CPU
		{9E8C1D12-DABF-408B-B7D5-45986F93653D}.Debug|Any CPU.Build.0 = Debug|Any CPU
		{9E8C1D12-DABF-408B-B7D5-45986F93653D}.Release|Any CPU.ActiveCfg = Release|Any CPU
		{9E8C1D12-DABF-408B-B7D5-45986F93653D}.Release|Any CPU.Build.0 = Release|Any CPU
		{08A30DAC-9153-4F14-B29F-86A99A5EE6EC}.Debug|Any CPU.ActiveCfg = Debug|Any CPU
		{08A30DAC-9153-4F14-B29F-86A99A5EE6EC}.Debug|Any CPU.Build.0 = Debug|Any CPU
		{08A30DAC-9153-4F14-B29F-86A99A5EE6EC}.Release|Any CPU.ActiveCfg = Release|Any CPU
		{08A30DAC-9153-4F14-B29F-86A99A5EE6EC}.Release|Any CPU.Build.0 = Release|Any CPU
		{74639CF1-CD0F-44A9-9D04-8B793101A80E}.Debug|Any CPU.ActiveCfg = Debug|Any CPU
		{74639CF1-CD0F-44A9-9D04-8B793101A80E}.Debug|Any CPU.Build.0 = Debug|Any CPU
		{74639CF1-CD0F-44A9-9D04-8B793101A80E}.Release|Any CPU.ActiveCfg = Release|Any CPU
		{74639CF1-CD0F-44A9-9D04-8B793101A80E}.Release|Any CPU.Build.0 = Release|Any CPU
		{16DB0691-C0C0-480A-9C49-3C9269377607}.Debug|Any CPU.ActiveCfg = Debug|Any CPU
		{16DB0691-C0C0-480A-9C49-3C9269377607}.Debug|Any CPU.Build.0 = Debug|Any CPU
		{16DB0691-C0C0-480A-9C49-3C9269377607}.Release|Any CPU.ActiveCfg = Release|Any CPU
		{16DB0691-C0C0-480A-9C49-3C9269377607}.Release|Any CPU.Build.0 = Release|Any CPU
		{935D8AE4-0BB9-4872-80C5-CA9328A58FB6}.Debug|Any CPU.ActiveCfg = Debug|Any CPU
		{935D8AE4-0BB9-4872-80C5-CA9328A58FB6}.Debug|Any CPU.Build.0 = Debug|Any CPU
		{935D8AE4-0BB9-4872-80C5-CA9328A58FB6}.Release|Any CPU.ActiveCfg = Release|Any CPU
		{935D8AE4-0BB9-4872-80C5-CA9328A58FB6}.Release|Any CPU.Build.0 = Release|Any CPU
		{3DEAB0C4-849B-4720-B740-7BC5390B28C1}.Debug|Any CPU.ActiveCfg = Debug|Any CPU
		{3DEAB0C4-849B-4720-B740-7BC5390B28C1}.Debug|Any CPU.Build.0 = Debug|Any CPU
		{3DEAB0C4-849B-4720-B740-7BC5390B28C1}.Release|Any CPU.ActiveCfg = Release|Any CPU
		{3DEAB0C4-849B-4720-B740-7BC5390B28C1}.Release|Any CPU.Build.0 = Release|Any CPU
		{EF83D651-FD2D-41A0-ABE8-46FEA83E9A2A}.Debug|Any CPU.ActiveCfg = Debug|Any CPU
		{EF83D651-FD2D-41A0-ABE8-46FEA83E9A2A}.Debug|Any CPU.Build.0 = Debug|Any CPU
		{EF83D651-FD2D-41A0-ABE8-46FEA83E9A2A}.Release|Any CPU.ActiveCfg = Release|Any CPU
		{EF83D651-FD2D-41A0-ABE8-46FEA83E9A2A}.Release|Any CPU.Build.0 = Release|Any CPU
		{98286963-02AB-46DC-90D9-EAC6B8B87C23}.Debug|Any CPU.ActiveCfg = Debug|Any CPU
		{98286963-02AB-46DC-90D9-EAC6B8B87C23}.Debug|Any CPU.Build.0 = Debug|Any CPU
		{98286963-02AB-46DC-90D9-EAC6B8B87C23}.Release|Any CPU.ActiveCfg = Release|Any CPU
		{98286963-02AB-46DC-90D9-EAC6B8B87C23}.Release|Any CPU.Build.0 = Release|Any CPU
		{8D4F3ED0-722B-46FA-9DAF-D022A91AF117}.Debug|Any CPU.ActiveCfg = Debug|Any CPU
		{8D4F3ED0-722B-46FA-9DAF-D022A91AF117}.Debug|Any CPU.Build.0 = Debug|Any CPU
		{8D4F3ED0-722B-46FA-9DAF-D022A91AF117}.Release|Any CPU.ActiveCfg = Release|Any CPU
		{8D4F3ED0-722B-46FA-9DAF-D022A91AF117}.Release|Any CPU.Build.0 = Release|Any CPU
		{9A18C50C-0E5D-4B10-9FA2-FA04B1782448}.Debug|Any CPU.ActiveCfg = Debug|Any CPU
		{9A18C50C-0E5D-4B10-9FA2-FA04B1782448}.Debug|Any CPU.Build.0 = Debug|Any CPU
		{9A18C50C-0E5D-4B10-9FA2-FA04B1782448}.Release|Any CPU.ActiveCfg = Release|Any CPU
		{9A18C50C-0E5D-4B10-9FA2-FA04B1782448}.Release|Any CPU.Build.0 = Release|Any CPU
		{3C9B9AB3-0B3F-4E61-B739-EA733AAA91E4}.Debug|Any CPU.ActiveCfg = Debug|Any CPU
		{3C9B9AB3-0B3F-4E61-B739-EA733AAA91E4}.Debug|Any CPU.Build.0 = Debug|Any CPU
		{3C9B9AB3-0B3F-4E61-B739-EA733AAA91E4}.Release|Any CPU.ActiveCfg = Release|Any CPU
		{3C9B9AB3-0B3F-4E61-B739-EA733AAA91E4}.Release|Any CPU.Build.0 = Release|Any CPU
		{E9958BEC-7FA3-47A4-B9D7-7E360722B1F6}.Debug|Any CPU.ActiveCfg = Debug|Any CPU
		{E9958BEC-7FA3-47A4-B9D7-7E360722B1F6}.Debug|Any CPU.Build.0 = Debug|Any CPU
		{E9958BEC-7FA3-47A4-B9D7-7E360722B1F6}.Release|Any CPU.ActiveCfg = Release|Any CPU
		{E9958BEC-7FA3-47A4-B9D7-7E360722B1F6}.Release|Any CPU.Build.0 = Release|Any CPU
		{337877A2-23EB-481C-86B4-EF2DE215A65C}.Debug|Any CPU.ActiveCfg = Debug|Any CPU
		{337877A2-23EB-481C-86B4-EF2DE215A65C}.Debug|Any CPU.Build.0 = Debug|Any CPU
		{337877A2-23EB-481C-86B4-EF2DE215A65C}.Release|Any CPU.ActiveCfg = Release|Any CPU
		{337877A2-23EB-481C-86B4-EF2DE215A65C}.Release|Any CPU.Build.0 = Release|Any CPU
		{7D534871-9AF4-4AE6-B067-BEBDB696AACB}.Debug|Any CPU.ActiveCfg = Debug|Any CPU
		{7D534871-9AF4-4AE6-B067-BEBDB696AACB}.Debug|Any CPU.Build.0 = Debug|Any CPU
		{7D534871-9AF4-4AE6-B067-BEBDB696AACB}.Release|Any CPU.ActiveCfg = Release|Any CPU
		{7D534871-9AF4-4AE6-B067-BEBDB696AACB}.Release|Any CPU.Build.0 = Release|Any CPU
		{1E3FD86C-C68A-4F81-B1D5-8B414189C3BD}.Debug|Any CPU.ActiveCfg = Debug|Any CPU
		{1E3FD86C-C68A-4F81-B1D5-8B414189C3BD}.Debug|Any CPU.Build.0 = Debug|Any CPU
		{1E3FD86C-C68A-4F81-B1D5-8B414189C3BD}.Release|Any CPU.ActiveCfg = Release|Any CPU
		{1E3FD86C-C68A-4F81-B1D5-8B414189C3BD}.Release|Any CPU.Build.0 = Release|Any CPU
		{9BAD79D7-9AD9-426C-9D16-E50F0EE84F6A}.Debug|Any CPU.ActiveCfg = Debug|Any CPU
		{9BAD79D7-9AD9-426C-9D16-E50F0EE84F6A}.Debug|Any CPU.Build.0 = Debug|Any CPU
		{9BAD79D7-9AD9-426C-9D16-E50F0EE84F6A}.Release|Any CPU.ActiveCfg = Release|Any CPU
		{9BAD79D7-9AD9-426C-9D16-E50F0EE84F6A}.Release|Any CPU.Build.0 = Release|Any CPU
		{DA8BCA16-FB70-4972-85F6-23F0B271D35C}.Debug|Any CPU.ActiveCfg = Debug|Any CPU
		{DA8BCA16-FB70-4972-85F6-23F0B271D35C}.Debug|Any CPU.Build.0 = Debug|Any CPU
		{DA8BCA16-FB70-4972-85F6-23F0B271D35C}.Release|Any CPU.ActiveCfg = Release|Any CPU
		{DA8BCA16-FB70-4972-85F6-23F0B271D35C}.Release|Any CPU.Build.0 = Release|Any CPU
		{3F978CCD-D336-4605-92D2-AAAD6924E7F4}.Debug|Any CPU.ActiveCfg = Debug|Any CPU
		{3F978CCD-D336-4605-92D2-AAAD6924E7F4}.Debug|Any CPU.Build.0 = Debug|Any CPU
		{3F978CCD-D336-4605-92D2-AAAD6924E7F4}.Release|Any CPU.ActiveCfg = Release|Any CPU
		{3F978CCD-D336-4605-92D2-AAAD6924E7F4}.Release|Any CPU.Build.0 = Release|Any CPU
		{E8C68D13-445C-4C86-9673-2CEF05E4EB23}.Debug|Any CPU.ActiveCfg = Debug|Any CPU
		{E8C68D13-445C-4C86-9673-2CEF05E4EB23}.Debug|Any CPU.Build.0 = Debug|Any CPU
		{E8C68D13-445C-4C86-9673-2CEF05E4EB23}.Release|Any CPU.ActiveCfg = Release|Any CPU
		{E8C68D13-445C-4C86-9673-2CEF05E4EB23}.Release|Any CPU.Build.0 = Release|Any CPU
	EndGlobalSection
	GlobalSection(SolutionProperties) = preSolution
		HideSolutionNode = FALSE
	EndGlobalSection
	GlobalSection(NestedProjects) = preSolution
		{D6F98C38-8F66-4247-83E3-9E75F6F771F6} = {83B91F5D-1AC0-4DBB-A0DF-5A72DFE41203}
		{9E8C1D12-DABF-408B-B7D5-45986F93653D} = {83B91F5D-1AC0-4DBB-A0DF-5A72DFE41203}
		{08A30DAC-9153-4F14-B29F-86A99A5EE6EC} = {83B91F5D-1AC0-4DBB-A0DF-5A72DFE41203}
		{74639CF1-CD0F-44A9-9D04-8B793101A80E} = {83B91F5D-1AC0-4DBB-A0DF-5A72DFE41203}
		{16DB0691-C0C0-480A-9C49-3C9269377607} = {A021DD29-9BD2-4129-96F8-C3F42914F5CB}
		{935D8AE4-0BB9-4872-80C5-CA9328A58FB6} = {A021DD29-9BD2-4129-96F8-C3F42914F5CB}
		{3DEAB0C4-849B-4720-B740-7BC5390B28C1} = {A021DD29-9BD2-4129-96F8-C3F42914F5CB}
		{EF83D651-FD2D-41A0-ABE8-46FEA83E9A2A} = {EAFA211F-2576-4635-A897-9A45A2371578}
		{98286963-02AB-46DC-90D9-EAC6B8B87C23} = {EAFA211F-2576-4635-A897-9A45A2371578}
		{8D4F3ED0-722B-46FA-9DAF-D022A91AF117} = {EAFA211F-2576-4635-A897-9A45A2371578}
		{9A18C50C-0E5D-4B10-9FA2-FA04B1782448} = {EAFA211F-2576-4635-A897-9A45A2371578}
		{3C9B9AB3-0B3F-4E61-B739-EA733AAA91E4} = {EAFA211F-2576-4635-A897-9A45A2371578}
		{E9958BEC-7FA3-47A4-B9D7-7E360722B1F6} = {D0F9B806-3C1F-4A4D-93D3-D90A47EA72DA}
		{337877A2-23EB-481C-86B4-EF2DE215A65C} = {D0F9B806-3C1F-4A4D-93D3-D90A47EA72DA}
		{7D534871-9AF4-4AE6-B067-BEBDB696AACB} = {D0F9B806-3C1F-4A4D-93D3-D90A47EA72DA}
		{1E3FD86C-C68A-4F81-B1D5-8B414189C3BD} = {D0F9B806-3C1F-4A4D-93D3-D90A47EA72DA}
		{9BAD79D7-9AD9-426C-9D16-E50F0EE84F6A} = {D0F9B806-3C1F-4A4D-93D3-D90A47EA72DA}
		{DA8BCA16-FB70-4972-85F6-23F0B271D35C} = {D0F9B806-3C1F-4A4D-93D3-D90A47EA72DA}
		{3F978CCD-D336-4605-92D2-AAAD6924E7F4} = {D0F9B806-3C1F-4A4D-93D3-D90A47EA72DA}
		{E8C68D13-445C-4C86-9673-2CEF05E4EB23} = {83B91F5D-1AC0-4DBB-A0DF-5A72DFE41203}
	EndGlobalSection
	GlobalSection(ExtensibilityGlobals) = postSolution
		SolutionGuid = {AF5833CB-80F8-46B9-80BE-DFA66121F7B4}
	EndGlobalSection
EndGlobal
